{
  "version": 4,
  "terraform_version": "1.4.6",
  "serial": 162,
  "lineage": "920d8952-24b0-5c50-28fe-6c7381705df0",
  "outputs": {
    "nfs-server-private-ip": {
      "value": "10.0.4.49",
      "type": "string"
    },
    "nfs-server-public-ip": {
      "value": "",
      "type": "string"
    },
    "rds_endpoint": {
      "value": "atlassian-rds-atlassian-cluster-2.cmlkd6hzxk08.ap-south-1.rds.amazonaws.com:5432",
      "type": "string"
    },
    "rds_engine": {
      "value": "postgres",
      "type": "string"
    },
    "secret_manager_arn": {
      "value": "arn:aws:secretsmanager:ap-south-1:998516096174:secret:SecretStore-atlassian-cluster-2-JpF0ej",
      "type": "string"
    }
  },
  "resources": [
    {
      "mode": "data",
      "type": "aws_ami",
      "name": "debian11",
      "provider": "provider[\"registry.terraform.io/hashicorp/aws\"]",
      "instances": [
        {
          "schema_version": 0,
          "attributes": {
            "architecture": "x86_64",
            "arn": "arn:aws:ec2:ap-south-1::image/ami-04e81c5c7a4851ebf",
            "block_device_mappings": [
              {
                "device_name": "/dev/xvda",
                "ebs": {
                  "delete_on_termination": "true",
                  "encrypted": "false",
                  "iops": "0",
                  "snapshot_id": "snap-00acf0d19d59f8764",
                  "throughput": "0",
                  "volume_size": "8",
                  "volume_type": "gp2"
                },
                "no_device": "",
                "virtual_name": ""
              }
            ],
            "boot_mode": "",
            "creation_date": "2023-05-15T20:11:41.000Z",
            "deprecation_time": "2025-05-15T20:11:41.000Z",
            "description": "Debian 11 (20230515-1381)",
            "ena_support": true,
            "executable_users": null,
            "filter": [
              {
                "name": "name",
                "values": [
                  "debian-11-amd64-20230515-1381"
                ]
              }
            ],
            "hypervisor": "xen",
            "id": "ami-04e81c5c7a4851ebf",
            "image_id": "ami-04e81c5c7a4851ebf",
            "image_location": "amazon/debian-11-amd64-20230515-1381",
            "image_owner_alias": "amazon",
            "image_type": "machine",
            "imds_support": "",
            "include_deprecated": false,
            "kernel_id": "",
            "most_recent": false,
            "name": "debian-11-amd64-20230515-1381",
            "name_regex": null,
            "owner_id": "136693071363",
            "owners": null,
            "platform": "",
            "platform_details": "Linux/UNIX",
            "product_codes": [],
            "public": true,
            "ramdisk_id": "",
            "root_device_name": "/dev/xvda",
            "root_device_type": "ebs",
            "root_snapshot_id": "snap-00acf0d19d59f8764",
            "sriov_net_support": "simple",
            "state": "available",
            "state_reason": {
              "code": "UNSET",
              "message": "UNSET"
            },
            "tags": {},
            "timeouts": null,
            "tpm_support": "",
            "usage_operation": "RunInstances",
            "virtualization_type": "hvm"
          },
          "sensitive_attributes": []
        }
      ]
    },
    {
      "mode": "data",
      "type": "aws_availability_zones",
      "name": "available",
      "provider": "provider[\"registry.terraform.io/hashicorp/aws\"]",
      "instances": [
        {
          "schema_version": 0,
          "attributes": {
            "all_availability_zones": null,
            "exclude_names": null,
            "exclude_zone_ids": null,
            "filter": null,
            "group_names": [
              "ap-south-1"
            ],
            "id": "ap-south-1",
            "names": [
              "ap-south-1a",
              "ap-south-1b",
              "ap-south-1c"
            ],
            "state": null,
            "timeouts": null,
            "zone_ids": [
              "aps1-az1",
              "aps1-az3",
              "aps1-az2"
            ]
          },
          "sensitive_attributes": []
        }
      ]
    },
    {
      "mode": "data",
      "type": "aws_subnets",
      "name": "private_subnets",
      "provider": "provider[\"registry.terraform.io/hashicorp/aws\"]",
      "instances": [
        {
          "schema_version": 0,
          "attributes": {
            "filter": [
              {
                "name": "tag:Name",
                "values": [
                  "*private*"
                ]
              },
              {
                "name": "vpc-id",
                "values": [
                  "vpc-0f851beb2ba287c51"
                ]
              }
            ],
            "id": "ap-south-1",
            "ids": [
              "subnet-073a5d0b35e22e05d",
              "subnet-03ce94c2a2af0a2aa",
              "subnet-072b3186da6c8e27d"
            ],
            "tags": null,
            "timeouts": null
          },
          "sensitive_attributes": []
        }
      ]
    },
    {
      "mode": "managed",
      "type": "aws_db_instance",
      "name": "default",
      "provider": "provider[\"registry.terraform.io/hashicorp/aws\"]",
      "instances": [
        {
          "schema_version": 2,
          "attributes": {
            "address": "atlassian-rds-atlassian-cluster-2.cmlkd6hzxk08.ap-south-1.rds.amazonaws.com",
            "allocated_storage": 10,
            "allow_major_version_upgrade": null,
            "apply_immediately": false,
            "arn": "arn:aws:rds:ap-south-1:998516096174:db:atlassian-rds-atlassian-cluster-2",
            "auto_minor_version_upgrade": true,
            "availability_zone": "ap-south-1a",
            "backup_retention_period": 0,
            "backup_target": "region",
            "backup_window": "18:11-18:41",
            "blue_green_update": [],
            "ca_cert_identifier": "rds-ca-2019",
            "character_set_name": "",
            "copy_tags_to_snapshot": false,
            "custom_iam_instance_profile": "",
            "customer_owned_ip_enabled": false,
            "db_name": "bitbucket",
            "db_subnet_group_name": "rds-subnet-group-atlassian-cluster-2",
            "delete_automated_backups": true,
            "deletion_protection": false,
            "domain": "",
            "domain_iam_role_name": "",
            "enabled_cloudwatch_logs_exports": null,
            "endpoint": "atlassian-rds-atlassian-cluster-2.cmlkd6hzxk08.ap-south-1.rds.amazonaws.com:5432",
            "engine": "postgres",
            "engine_version": "14",
            "engine_version_actual": "14.8",
            "final_snapshot_identifier": "atlassian-db",
            "hosted_zone_id": "Z2VFMSZA74J7XZ",
            "iam_database_authentication_enabled": false,
            "id": "db-N5KOQBXZJMV5REKMJQGQHJLVNA",
            "identifier": "atlassian-rds-atlassian-cluster-2",
            "identifier_prefix": "",
            "instance_class": "db.t3.micro",
            "iops": 0,
            "kms_key_id": "arn:aws:kms:ap-south-1:998516096174:key/e1e1332f-ac4b-49d8-a2bd-ab5177359ad9",
            "latest_restorable_time": "",
            "license_model": "postgresql-license",
            "listener_endpoint": [],
            "maintenance_window": "thu:09:36-thu:10:06",
            "manage_master_user_password": null,
            "master_user_secret": [],
            "master_user_secret_kms_key_id": null,
            "max_allocated_storage": 0,
            "monitoring_interval": 0,
            "monitoring_role_arn": "",
            "multi_az": true,
            "nchar_character_set_name": "",
            "network_type": "IPV4",
            "option_group_name": "default:postgres-14",
            "parameter_group_name": "default.postgres14",
            "password": "9%(7\u0026od_aj",
            "performance_insights_enabled": false,
            "performance_insights_kms_key_id": "",
            "performance_insights_retention_period": 0,
            "port": 5432,
            "publicly_accessible": false,
            "replica_mode": "",
            "replicas": [],
            "replicate_source_db": "",
            "resource_id": "db-N5KOQBXZJMV5REKMJQGQHJLVNA",
            "restore_to_point_in_time": [],
            "s3_import": [],
            "skip_final_snapshot": true,
            "snapshot_identifier": null,
            "status": "available",
            "storage_encrypted": true,
            "storage_throughput": 0,
            "storage_type": "gp2",
            "tags": {
              "cluster_name": "atlassian-cluster-2",
              "terraform_workspace": "apsouth1"
            },
            "tags_all": {
              "cluster_name": "atlassian-cluster-2",
              "terraform_workspace": "apsouth1"
            },
            "timeouts": null,
            "timezone": "",
            "username": "postgres",
            "vpc_security_group_ids": [
              "sg-09999322e2fb048a6"
            ]
          },
          "sensitive_attributes": [],
          "private": "eyJlMmJmYjczMC1lY2FhLTExZTYtOGY4OC0zNDM2M2JjN2M0YzAiOnsiY3JlYXRlIjoyNDAwMDAwMDAwMDAwLCJkZWxldGUiOjM2MDAwMDAwMDAwMDAsInVwZGF0ZSI6NDgwMDAwMDAwMDAwMH0sInNjaGVtYV92ZXJzaW9uIjoiMiJ9",
          "dependencies": [
            "aws_db_subnet_group.default",
            "aws_security_group.rds-sg",
            "random_string.db_password"
          ]
        }
      ]
    },
    {
      "mode": "managed",
      "type": "aws_db_subnet_group",
      "name": "default",
      "provider": "provider[\"registry.terraform.io/hashicorp/aws\"]",
      "instances": [
        {
          "schema_version": 0,
          "attributes": {
            "arn": "arn:aws:rds:ap-south-1:998516096174:subgrp:rds-subnet-group-atlassian-cluster-2",
            "description": "Managed by Terraform",
            "id": "rds-subnet-group-atlassian-cluster-2",
            "name": "rds-subnet-group-atlassian-cluster-2",
            "name_prefix": "",
            "subnet_ids": [
              "subnet-03ce94c2a2af0a2aa",
              "subnet-072b3186da6c8e27d",
              "subnet-073a5d0b35e22e05d"
            ],
            "supported_network_types": [
              "IPV4"
            ],
            "tags": {},
            "tags_all": {},
            "vpc_id": "vpc-0f851beb2ba287c51"
          },
          "sensitive_attributes": [],
          "private": "bnVsbA==",
          "dependencies": [
            "data.aws_subnets.private_subnets"
          ]
        }
      ]
    },
    {
      "mode": "managed",
      "type": "aws_instance",
      "name": "nfs-server",
      "provider": "provider[\"registry.terraform.io/hashicorp/aws\"]",
      "instances": [
        {
          "schema_version": 1,
          "attributes": {
            "ami": "ami-04e81c5c7a4851ebf",
            "arn": "arn:aws:ec2:ap-south-1:998516096174:instance/i-02da743c60689c15e",
            "associate_public_ip_address": false,
            "availability_zone": "ap-south-1a",
            "capacity_reservation_specification": [
              {
                "capacity_reservation_preference": "open",
                "capacity_reservation_target": []
              }
            ],
            "cpu_core_count": 2,
            "cpu_options": [
              {
                "amd_sev_snp": "",
                "core_count": 2,
                "threads_per_core": 2
              }
            ],
            "cpu_threads_per_core": 2,
            "credit_specification": [
              {
                "cpu_credits": "unlimited"
              }
            ],
            "disable_api_stop": false,
            "disable_api_termination": false,
            "ebs_block_device": [],
            "ebs_optimized": false,
            "enclave_options": [
              {
                "enabled": false
              }
            ],
            "ephemeral_block_device": [],
            "get_password_data": false,
            "hibernation": false,
            "host_id": "",
            "host_resource_group_arn": null,
            "iam_instance_profile": "",
            "id": "i-02da743c60689c15e",
            "instance_initiated_shutdown_behavior": "stop",
            "instance_lifecycle": "",
            "instance_market_options": [],
            "instance_state": "running",
            "instance_type": "t3.xlarge",
            "ipv6_address_count": 0,
            "ipv6_addresses": [],
            "key_name": "nfs-server-ap-south-1",
            "launch_template": [],
            "maintenance_options": [
              {
                "auto_recovery": "default"
              }
            ],
            "metadata_options": [
              {
                "http_endpoint": "enabled",
                "http_put_response_hop_limit": 1,
                "http_tokens": "required",
                "instance_metadata_tags": "disabled"
              }
            ],
            "monitoring": false,
            "network_interface": [],
            "outpost_arn": "",
            "password_data": "",
            "placement_group": "",
            "placement_partition_number": 0,
            "primary_network_interface_id": "eni-04bcf9edfc38dbf45",
            "private_dns": "ip-10-0-4-49.ap-south-1.compute.internal",
            "private_dns_name_options": [
              {
                "enable_resource_name_dns_a_record": false,
                "enable_resource_name_dns_aaaa_record": false,
                "hostname_type": "ip-name"
              }
            ],
            "private_ip": "10.0.4.49",
            "public_dns": "",
            "public_ip": "",
            "root_block_device": [
              {
                "delete_on_termination": true,
                "device_name": "/dev/xvda",
                "encrypted": true,
                "iops": 150,
                "kms_key_id": "arn:aws:kms:ap-south-1:998516096174:key/b9ffc48c-1cd3-4558-8512-a760307eeeee",
                "tags": null,
                "throughput": 0,
                "volume_id": "vol-099c91e7e3974f67d",
                "volume_size": 50,
                "volume_type": "gp2"
              }
            ],
            "secondary_private_ips": [],
            "security_groups": [],
            "source_dest_check": true,
            "spot_instance_request_id": "",
            "subnet_id": "subnet-03b362bbc29eedb1d",
            "tags": {
              "Name": "nfs-server",
              "cluster_name": "atlassian-cluster-2",
              "name": "nfs-server",
              "terraform_workspace": "apsouth1"
            },
            "tags_all": {
              "Name": "nfs-server",
              "cluster_name": "atlassian-cluster-2",
              "name": "nfs-server",
              "terraform_workspace": "apsouth1"
            },
            "tenancy": "default",
            "timeouts": null,
            "user_data": "d15f6fac84c77f68168696340329ec75d1623f15",
            "user_data_base64": null,
            "user_data_replace_on_change": false,
            "volume_tags": null,
            "vpc_security_group_ids": [
              "sg-0883178330d5aa6f0"
            ]
          },
          "sensitive_attributes": [],
          "private": "eyJlMmJmYjczMC1lY2FhLTExZTYtOGY4OC0zNDM2M2JjN2M0YzAiOnsiY3JlYXRlIjo2MDAwMDAwMDAwMDAsImRlbGV0ZSI6MTIwMDAwMDAwMDAwMCwidXBkYXRlIjo2MDAwMDAwMDAwMDB9LCJzY2hlbWFfdmVyc2lvbiI6IjEifQ==",
          "dependencies": [
            "aws_key_pair.pem",
            "aws_security_group.nfs-sg",
            "data.aws_ami.debian11",
            "data.aws_availability_zones.available"
          ]
        }
      ]
    },
    {
      "mode": "managed",
      "type": "aws_key_pair",
      "name": "pem",
      "provider": "provider[\"registry.terraform.io/hashicorp/aws\"]",
      "instances": [
        {
          "schema_version": 1,
          "attributes": {
            "arn": "arn:aws:ec2:ap-south-1:998516096174:key-pair/nfs-server-ap-south-1",
            "fingerprint": "a5:c1:1b:3d:b2:b1:80:0f:c9:b6:f6:d6:2a:bb:29:5c",
            "id": "nfs-server-ap-south-1",
            "key_name": "nfs-server-ap-south-1",
            "key_name_prefix": "",
            "key_pair_id": "key-00dbdc49f0d82f1d2",
            "key_type": "rsa",
            "public_key": "ssh-rsa AAAAB3NzaC1yc2EAAAADAQABAAACAQCtMx0G7H3DVdRwGwtRBQoYrpNFa3RdjFtetPQnuUrss8So52PmfPLZw4sdNVi1GnSIbC027gMj/JXoRi3Hmj1x51E+EqYXICu2vqg+zALH6whPPFLC6tABxY2SJRykkOTyoJF1J3lniIh7QsOEInbTkVBXbELdwbMP8CX0iMlQq9HKzS/nEiPgA/6Kw1mTz2PP3YUkiiUFqZ4d8ssQjX0u2ydaOKuwF7nzAgABsmYtyq3SEKkJHKaHF6rkTt4SkPEvxgouaLJ09MAeL5iokWTai6G90mKrP6KVC3uqEs152ak6iaY1RZjcUYH379vDs35Uha/1iF6QSQIEBUdvnPByN6Aw88IZqW/xVUVL4z+BqzP5/lv4r2OGfPjJBwoAAYJMI6fIqqWpJRIlOeeI/CfNIHGc66SPCaXYeh1hkfZO6XgwsYh2lRVe9sUBsMASojdSn5diDrmRuMhHIQlDcKUzIMhJUVACSpuBqd+gl4aqlF6FARBHsCc8ljpLDS+SXblrw22ylI0px/c8UmvsSAD2YAe70FV0IXeY5orEvT+dDA/u5PnQM6xba4DsIOx9JR2Nkmgemdso+qV8WVy41q7nv796jqwZlE0CxfWQMVKGrcALJ82qJgzpoNp4APass3Jmf+azdMS6HMj8aRLX4nAv6rwP5hFrEKsUsJJqEPcvBQ==",
            "tags": {},
            "tags_all": {}
          },
          "sensitive_attributes": [],
          "private": "eyJzY2hlbWFfdmVyc2lvbiI6IjEifQ==",
          "dependencies": [
            "tls_private_key.pk"
          ]
        }
      ]
    },
    {
      "mode": "managed",
      "type": "aws_secretsmanager_secret",
      "name": "store",
      "provider": "provider[\"registry.terraform.io/hashicorp/aws\"]",
      "instances": [
        {
          "schema_version": 0,
          "attributes": {
            "arn": "arn:aws:secretsmanager:ap-south-1:998516096174:secret:SecretStore-atlassian-cluster-2-JpF0ej",
            "description": "",
            "force_overwrite_replica_secret": false,
            "id": "arn:aws:secretsmanager:ap-south-1:998516096174:secret:SecretStore-atlassian-cluster-2-JpF0ej",
            "kms_key_id": "",
            "name": "SecretStore-atlassian-cluster-2",
            "name_prefix": "",
            "policy": "",
            "recovery_window_in_days": 30,
            "replica": [],
            "tags": {},
            "tags_all": {}
          },
          "sensitive_attributes": [],
          "private": "bnVsbA=="
        }
      ]
    },
    {
      "mode": "managed",
      "type": "aws_secretsmanager_secret_version",
      "name": "store_values",
      "provider": "provider[\"registry.terraform.io/hashicorp/aws\"]",
      "instances": [
        {
          "schema_version": 0,
          "attributes": {
            "arn": "arn:aws:secretsmanager:ap-south-1:998516096174:secret:SecretStore-atlassian-cluster-2-JpF0ej",
            "id": "arn:aws:secretsmanager:ap-south-1:998516096174:secret:SecretStore-atlassian-cluster-2-JpF0ej|5FD4BCCC-2DA0-4A99-A804-F21E3F6CAAA5",
            "secret_binary": "",
            "secret_id": "arn:aws:secretsmanager:ap-south-1:998516096174:secret:SecretStore-atlassian-cluster-2-JpF0ej",
            "secret_string": "   {\n    \"db_username\": \"postgres\",\n    \"db_password\": \"9%(7\u0026od_aj\",\n    \"es_username\": \"elastic\",\n    \"es_password\": \"7:9v-is)x9\"\n    \"bitbucket_username\": \"admin\",\n    \"bitbucket_password\" : \"o4\u003e$@dwt+p\"\n    \"bitbucket_displayName\": \"Admin\",\n    \"bitbucket_emailAddress\": \"test@gmail.com\"\n   }\n",
            "version_id": "5FD4BCCC-2DA0-4A99-A804-F21E3F6CAAA5",
            "version_stages": [
              "AWSCURRENT"
            ]
          },
          "sensitive_attributes": [],
          "private": "bnVsbA==",
          "dependencies": [
            "aws_secretsmanager_secret.store",
            "random_string.bitbucket_password",
            "random_string.db_password",
            "random_string.es_password"
          ]
        }
      ]
    },
    {
      "mode": "managed",
      "type": "aws_security_group",
      "name": "nfs-sg",
      "provider": "provider[\"registry.terraform.io/hashicorp/aws\"]",
      "instances": [
        {
          "schema_version": 1,
          "attributes": {
            "arn": "arn:aws:ec2:ap-south-1:998516096174:security-group/sg-0883178330d5aa6f0",
            "description": "Managed by Terraform",
            "egress": [
              {
                "cidr_blocks": [
                  "0.0.0.0/0"
                ],
                "description": "",
                "from_port": 0,
                "ipv6_cidr_blocks": [],
                "prefix_list_ids": [],
                "protocol": "-1",
                "security_groups": [],
                "self": false,
                "to_port": 0
              }
            ],
            "id": "sg-0883178330d5aa6f0",
            "ingress": [
              {
                "cidr_blocks": [
                  "0.0.0.0/0"
                ],
                "description": "",
                "from_port": 22,
                "ipv6_cidr_blocks": [],
                "prefix_list_ids": [],
                "protocol": "tcp",
                "security_groups": [],
                "self": false,
                "to_port": 22
              },
              {
                "cidr_blocks": [
                  "10.0.0.0/8"
                ],
                "description": "",
                "from_port": 0,
                "ipv6_cidr_blocks": [],
                "prefix_list_ids": [],
                "protocol": "-1",
                "security_groups": [],
                "self": false,
                "to_port": 0
              }
            ],
            "name": "sg1-nfs-atlassian-cluster-2",
            "name_prefix": "",
            "owner_id": "998516096174",
            "revoke_rules_on_delete": false,
            "tags": {},
            "tags_all": {},
            "timeouts": null,
            "vpc_id": "vpc-0f851beb2ba287c51"
          },
          "sensitive_attributes": [],
          "private": "eyJlMmJmYjczMC1lY2FhLTExZTYtOGY4OC0zNDM2M2JjN2M0YzAiOnsiY3JlYXRlIjo2MDAwMDAwMDAwMDAsImRlbGV0ZSI6OTAwMDAwMDAwMDAwfSwic2NoZW1hX3ZlcnNpb24iOiIxIn0="
        }
      ]
    },
    {
      "mode": "managed",
      "type": "aws_security_group",
      "name": "rds-sg",
      "provider": "provider[\"registry.terraform.io/hashicorp/aws\"]",
      "instances": [
        {
          "schema_version": 1,
          "attributes": {
            "arn": "arn:aws:ec2:ap-south-1:998516096174:security-group/sg-09999322e2fb048a6",
            "description": "Managed by Terraform",
            "egress": [
              {
                "cidr_blocks": [
                  "0.0.0.0/0"
                ],
                "description": "",
                "from_port": 0,
                "ipv6_cidr_blocks": [],
                "prefix_list_ids": [],
                "protocol": "-1",
                "security_groups": [],
                "self": false,
                "to_port": 0
              }
            ],
            "id": "sg-09999322e2fb048a6",
            "ingress": [
              {
                "cidr_blocks": [
                  "10.0.0.0/8"
                ],
                "description": "",
                "from_port": 5432,
                "ipv6_cidr_blocks": [],
                "prefix_list_ids": [],
                "protocol": "tcp",
                "security_groups": [],
                "self": false,
                "to_port": 5432
              }
            ],
            "name": "sg1-rds-bitbucket-atlassian-cluster-2",
            "name_prefix": "",
            "owner_id": "998516096174",
            "revoke_rules_on_delete": false,
            "tags": {},
            "tags_all": {},
            "timeouts": null,
            "vpc_id": "vpc-0f851beb2ba287c51"
          },
          "sensitive_attributes": [],
          "private": "eyJlMmJmYjczMC1lY2FhLTExZTYtOGY4OC0zNDM2M2JjN2M0YzAiOnsiY3JlYXRlIjo2MDAwMDAwMDAwMDAsImRlbGV0ZSI6OTAwMDAwMDAwMDAwfSwic2NoZW1hX3ZlcnNpb24iOiIxIn0="
        }
      ]
    },
    {
      "mode": "managed",
      "type": "local_file",
      "name": "local_key_pair",
      "provider": "provider[\"registry.terraform.io/hashicorp/local\"]",
      "instances": [
        {
          "schema_version": 0,
          "attributes": {
            "content": "-----BEGIN RSA PRIVATE KEY-----\nMIIJKAIBAAKCAgEArTMdBux9w1XUcBsLUQUKGK6TRWt0XYxbXrT0J7lK7LPEqOdj\n5nzy2cOLHTVYtRp0iGwtNu4DI/yV6EYtx5o9cedRPhKmFyArtr6oPswCx+sITzxS\nwurQAcWNkiUcpJDk8qCRdSd5Z4iIe0LDhCJ205FQV2xC3cGzD/Al9IjJUKvRys0v\n5xIj4AP+isNZk89jz92FJIolBameHfLLEI19LtsnWjirsBe58wIAAbJmLcqt0hCp\nCRymhxeq5E7eEpDxL8YKLmiydPTAHi+YqJFk2ouhvdJiqz+ilQt7qhLNedmpOomm\nNUWY3FGB9+/bw7N+VIWv9YhekEkCBAVHb5zwcjegMPPCGalv8VVFS+M/gasz+f5b\n+K9jhnz4yQcKAAGCTCOnyKqlqSUSJTnniPwnzSBxnOukjwml2HodYZH2Tul4MLGI\ndpUVXvbFAbDAEqI3Up+XYg65kbjIRyEJQ3ClMyDISVFQAkqbganfoJeGqpRehQEQ\nR7AnPJY6Sw0vkl25a8NtspSNKcf3PFJr7EgA9mAHu9BVdCF3mOaKxL0/nQwP7uT5\n0DOsW2uA7CDsfSUdjZJoHpnbKPqlfFlcuNau57+/eo6sGZRNAsX1kDFShq3ACyfN\nqiYM6aDaeAD2rLNyZn/ms3TEuhzI/GkS1+JwL+q8D+YRaxCrFLCSahD3LwUCAwEA\nAQKCAgAifld9lYPGb0WLvhcW36YPHFWAMdJO/zEDP46Qirp9QaAc81hWAvRqoiMG\ngiVUjBxBPyoSEnzVoexJAhED+5fZI3RupFAnsuSB1J61QvQa1JgnD6B76T/b2nhD\nbtixfZnbKFdPubjYAb0Mr1M48ZQwtnQFtS3r9DOxLOaiOMu/ITj65rpvjpFOf/0l\nrZodceQy9a8ag9iztAAlfsEqXsNbnZHMyhSHUXJbDz7pF5p57C+J8n93rRkNNo12\nQq6/i9Y86XgFnhxMZqIMYPZKPAqV69EeeNPlvxqmDE9oo64AYnTtj5Rmb6Ht3t2/\nfymJZCn4s1dD0xDiM2gPXO3JMLxB7yqb+vxGYoY8SI9eqDM0VOeaVfzkKs7N56XC\nQGvUWyPnZ/5VYCNq7rkRkPSwxWNMNC8A18DTFa+Os0YyueoN3vzNsnQvhcLPefrI\n2+d6p/mm6dObyy/6Dre3BxvWLc8NSyDLrYIHKwko5WrQU69qlvHmlYzByoWW1Ii2\ncx20UScxTILJfK4oKk6IMSjBfkPXQLGhNHZgn/72gKtt7iqCTqDWGpYKUpRfF4YH\ngCDLXdJspa6NspGoMiCqyBqsOByP2KEAcwEhcTzTMXIDrOD6dvc8P3A0kuockzVn\n23dYc+O3btVk43jUYaiOP+SlfvTr9RfRmsDfmmmprO2uNulY0QKCAQEA0fbCTJ5Z\nl7FQP4kXbL0p42iibtt+ljE4XoVLOfTwi0oCmfh1GCfY1Q8mU4IVw13PqLYN4eeQ\nVVnuJRQrL2IU2wjviT2i5WVnKfV8rc5y37vvLQBPY5c+nkjC0w5naORCQsqwWgVN\ni6K9EdoDe9xllOxVXj2gTUUPIQ3GX8EG4rvCOQ2+f/zw2wvJBYYY688/+jC4lVQL\n7NjQTkactG57bUmb8R8kBr+k6FFx0g1VaCv04OriQb3NsmXxNv5ddpzzvXgWwLtQ\nW9BLjdx8hWtFZsBmk5O/B1h0AJMO9qSikzXOOfAhSTzGgr+itYY3WHtGup5Otawu\nXDWXDC1LBHDb7wKCAQEA0yzIiBD4+Rj0bZyuZB00FMKl/BlsN7xfaNVd07XM35SU\nTs8nCh7Si7db6Ix8rJZ9/OMUg9xSSdvzsPfVpbi2d1r/5aWPoJQDeXJWWzMViC7+\npIRKUSZ1Ve67e1lzkujQWAa4xhEbRC6/IT8CRDtJ+QDJu7TGeAAK5UuvXE5PkBrg\nx2lUMtqo82DtdiWOzy8D5rmN+iGNbOGAB97Rx9jjnj4IWlBqkxlmVURdtUAOvOia\npxH/1UOCl7TlG4OyA45OSagarxOciHebjuymK2FsRaGrMf2+Lqg6/ncNEs8tciQN\nM0ZJgNtaQEPhQ3VMcUY2RSWMGk0G0e7wIuC0ksVASwKCAQAW4MFZIeP3QG3TDngL\n9CytR8hzNd18Ng7DVdjVjtfrBXx1FHqF0EmzJXxymvkOGZm382Zd2CKE+lCVn7X4\n6sIE/9tB5AJs5niwPLyCH72qnUq5Z5A+9Mrw6lK4NpiT+FMz/evrUyqY7XmWiV/Z\nzjEPYhUHOMXPxZeZbWvRITJD4FuQZev8/C2uYIFd5bevchyxgT+LneXSv+kqrk0C\n6Arw5JVmV5NQXO92FPHHBobo2+lJ3K4cpbbVGoCHEn5Sn1V7rqskAwUFjBO/eGfl\nDcQ5JvvGVtH41e2F5oA55cSFL9axv3WRCltDAeiTyPUc4gnZ6cf/yawfhgNYY1MK\nP9XnAoIBAB5GqWl4pXlxLnoYoJgR58miLpH6Qx2qkDNDg/Q6eGkFsE2sPXih+qW1\nYCPzIFzOJrn/BI3zJIkaU9HndmYQGXj7Pvz5w6HOFsFutxrUNB4WPsPvg4gm72Om\nmpKQvJUvc89rB0q+YR5hZV2q3vRRW8Wra0DSJjJGL0m4lCezwoxyjg+I9l1kJBzg\npKrvr43cu750k/psnQ4jNmvqckEow1mIo0HvjZgRaC6JYrX9vR8wahvR5M/6odqG\nQOK0+uyvlmHRDCJVuXeHTnIrU5ecnB1PlG/SZVXjILIi92je8zEOIiZbyWYEDOhx\n0vYM9yy2WEmJnJCYwoWOsDcP6FOynAkCggEBAJxrgRdd9oUSEeGJuw0rKUE1nvjE\njlSVDIJMsTXwqBuEABRbuT29n+q29QHCDGNJjyGmIKfix+ST5mjyBTrSPvolbsBI\n6b+QR5zmlc2yIns0+5rYU9a3wKDD9xBF6Zqz9Yisa5iITHN4rYSsL/D3W0BbVRp0\nyvOjF2jPRt2D3mNcx2zAzAoeslHS9xtaslUuqAY8LjxNNMmTMqKFgmPxwTQOSz4N\n4FWkPDCBmhVRoKEenXnPcyi6jVqUGXoiGu2rrwfiWiXThandoCyi5Ip6iojSVFjm\nk1xX5c223kcBbe13iakD+9QVF1wRD3+Vi3O8+I90kVuSAJvIGUOHjHv39ys=\n-----END RSA PRIVATE KEY-----\n",
            "content_base64": null,
            "content_base64sha256": "eatdq/uYPT1EhCqhMX3oUXx4SLBHx0A5X48lWU9ocSo=",
            "content_base64sha512": "QuNp8+Vzm7vXd1UsCpYzefetm9yCk4u3dfsvrj0qlsA0deuPChwzHOoiHnAvIBf9+85KxbUW/PSxpMOhqzFXPA==",
            "content_md5": "3983f391c58136f7c51d45ab098aa30d",
            "content_sha1": "64e9393fad051101a63ef6e18d4ed8df97d81c90",
            "content_sha256": "79ab5dabfb983d3d44842aa1317de8517c7848b047c740395f8f25594f68712a",
            "content_sha512": "42e369f3e5739bbbd777552c0a963379f7ad9bdc82938bb775fb2fae3d2a96c03475eb8f0a1c331cea221e702f2017fdfbce4ac5b516fcf4b1a4c3a1ab31573c",
            "directory_permission": "0777",
            "file_permission": "0400",
            "filename": "../pem/nfs-server-ap-south-1.pem",
            "id": "64e9393fad051101a63ef6e18d4ed8df97d81c90",
            "sensitive_content": null,
            "source": null
          },
          "sensitive_attributes": [
            [
              {
                "type": "get_attr",
                "value": "content"
              }
            ]
          ],
          "dependencies": [
            "aws_key_pair.pem",
            "tls_private_key.pk"
          ]
        }
      ]
    },
    {
      "mode": "managed",
      "type": "random_string",
      "name": "bitbucket_password",
      "provider": "provider[\"registry.terraform.io/hashicorp/random\"]",
      "instances": [
        {
          "schema_version": 2,
          "attributes": {
            "id": "o4\u003e$@dwt+p",
            "keepers": null,
            "length": 10,
            "lower": true,
            "min_lower": 0,
            "min_numeric": 0,
            "min_special": 0,
            "min_upper": 0,
            "number": true,
            "numeric": true,
            "override_special": null,
            "result": "o4\u003e$@dwt+p",
            "special": true,
            "upper": false
          },
          "sensitive_attributes": []
        }
      ]
    },
    {
      "mode": "managed",
      "type": "random_string",
      "name": "db_password",
      "provider": "provider[\"registry.terraform.io/hashicorp/random\"]",
      "instances": [
        {
          "schema_version": 2,
          "attributes": {
            "id": "9%(7\u0026od_aj",
            "keepers": null,
            "length": 10,
            "lower": true,
            "min_lower": 0,
            "min_numeric": 0,
            "min_special": 0,
            "min_upper": 0,
            "number": true,
            "numeric": true,
            "override_special": null,
            "result": "9%(7\u0026od_aj",
            "special": true,
            "upper": false
          },
          "sensitive_attributes": []
        }
      ]
    },
    {
      "mode": "managed",
      "type": "random_string",
      "name": "es_password",
      "provider": "provider[\"registry.terraform.io/hashicorp/random\"]",
      "instances": [
        {
          "schema_version": 2,
          "attributes": {
            "id": "7:9v-is)x9",
            "keepers": null,
            "length": 10,
            "lower": true,
            "min_lower": 0,
            "min_numeric": 0,
            "min_special": 0,
            "min_upper": 0,
            "number": true,
            "numeric": true,
            "override_special": null,
            "result": "7:9v-is)x9",
            "special": true,
            "upper": false
          },
          "sensitive_attributes": []
        }
      ]
    },
    {
      "mode": "managed",
      "type": "tls_private_key",
      "name": "pk",
      "provider": "provider[\"registry.terraform.io/hashicorp/tls\"]",
      "instances": [
        {
          "schema_version": 1,
          "attributes": {
            "algorithm": "RSA",
            "ecdsa_curve": "P224",
            "id": "79ae9594680e4fc0e7bd92db4207ca9dbd76b05c",
            "private_key_openssh": "-----BEGIN OPENSSH PRIVATE KEY-----\nb3BlbnNzaC1rZXktdjEAAAAABG5vbmUAAAAEbm9uZQAAAAAAAAABAAACFwAAAAdz\nc2gtcnNhAAAAAwEAAQAAAgEArTMdBux9w1XUcBsLUQUKGK6TRWt0XYxbXrT0J7lK\n7LPEqOdj5nzy2cOLHTVYtRp0iGwtNu4DI/yV6EYtx5o9cedRPhKmFyArtr6oPswC\nx+sITzxSwurQAcWNkiUcpJDk8qCRdSd5Z4iIe0LDhCJ205FQV2xC3cGzD/Al9IjJ\nUKvRys0v5xIj4AP+isNZk89jz92FJIolBameHfLLEI19LtsnWjirsBe58wIAAbJm\nLcqt0hCpCRymhxeq5E7eEpDxL8YKLmiydPTAHi+YqJFk2ouhvdJiqz+ilQt7qhLN\nedmpOommNUWY3FGB9+/bw7N+VIWv9YhekEkCBAVHb5zwcjegMPPCGalv8VVFS+M/\ngasz+f5b+K9jhnz4yQcKAAGCTCOnyKqlqSUSJTnniPwnzSBxnOukjwml2HodYZH2\nTul4MLGIdpUVXvbFAbDAEqI3Up+XYg65kbjIRyEJQ3ClMyDISVFQAkqbganfoJeG\nqpRehQEQR7AnPJY6Sw0vkl25a8NtspSNKcf3PFJr7EgA9mAHu9BVdCF3mOaKxL0/\nnQwP7uT50DOsW2uA7CDsfSUdjZJoHpnbKPqlfFlcuNau57+/eo6sGZRNAsX1kDFS\nhq3ACyfNqiYM6aDaeAD2rLNyZn/ms3TEuhzI/GkS1+JwL+q8D+YRaxCrFLCSahD3\nLwUAAAc4PkdZvz5HWb8AAAAHc3NoLXJzYQAAAgEArTMdBux9w1XUcBsLUQUKGK6T\nRWt0XYxbXrT0J7lK7LPEqOdj5nzy2cOLHTVYtRp0iGwtNu4DI/yV6EYtx5o9cedR\nPhKmFyArtr6oPswCx+sITzxSwurQAcWNkiUcpJDk8qCRdSd5Z4iIe0LDhCJ205FQ\nV2xC3cGzD/Al9IjJUKvRys0v5xIj4AP+isNZk89jz92FJIolBameHfLLEI19Ltsn\nWjirsBe58wIAAbJmLcqt0hCpCRymhxeq5E7eEpDxL8YKLmiydPTAHi+YqJFk2ouh\nvdJiqz+ilQt7qhLNedmpOommNUWY3FGB9+/bw7N+VIWv9YhekEkCBAVHb5zwcjeg\nMPPCGalv8VVFS+M/gasz+f5b+K9jhnz4yQcKAAGCTCOnyKqlqSUSJTnniPwnzSBx\nnOukjwml2HodYZH2Tul4MLGIdpUVXvbFAbDAEqI3Up+XYg65kbjIRyEJQ3ClMyDI\nSVFQAkqbganfoJeGqpRehQEQR7AnPJY6Sw0vkl25a8NtspSNKcf3PFJr7EgA9mAH\nu9BVdCF3mOaKxL0/nQwP7uT50DOsW2uA7CDsfSUdjZJoHpnbKPqlfFlcuNau57+/\neo6sGZRNAsX1kDFShq3ACyfNqiYM6aDaeAD2rLNyZn/ms3TEuhzI/GkS1+JwL+q8\nD+YRaxCrFLCSahD3LwUAAAADAQABAAACACJ+V32Vg8ZvRYu+Fxbfpg8cVYAx0k7/\nMQM/jpCKun1BoBzzWFYC9GqiIwaCJVSMHEE/KhISfNWh7EkCEQP7l9kjdG6kUCey\n5IHUnrVC9BrUmCcPoHvpP9vaeENu2LF9mdsoV0+5uNgBvQyvUzjxlDC2dAW1Lev0\nM7Es5qI4y78hOPrmum+OkU5//SWtmh1x5DL1rxqD2LO0ACV+wSpew1udkczKFIdR\nclsPPukXmnnsL4nyf3etGQ02jXZCrr+L1jzpeAWeHExmogxg9ko8CpXr0R540+W/\nGqYMT2ijrgBidO2PlGZvoe3e3b9/KYlkKfizV0PTEOIzaA9c7ckwvEHvKpv6/EZi\nhjxIj16oMzRU55pV/OQqzs3npcJAa9RbI+dn/lVgI2ruuRGQ9LDFY0w0LwDXwNMV\nr46zRjK56g3e/M2ydC+Fws95+sjb53qn+abp05vLL/oOt7cHG9Ytzw1LIMutggcr\nCSjlatBTr2qW8eaVjMHKhZbUiLZzHbRRJzFMgsl8rigqTogxKMF+Q9dAsaE0dmCf\n/vaAq23uKoJOoNYalgpSlF8XhgeAIMtd0mylro2ykagyIKrIGqw4HI/YoQBzASFx\nPNMxcgOs4Pp29zw/cDSS6hyTNWfbd1hz47du1WTjeNRhqI4/5KV+9Ov1F9GawN+a\naams7a426VjRAAABAQCca4EXXfaFEhHhibsNKylBNZ74xI5UlQyCTLE18KgbhAAU\nW7k9vZ/qtvUBwgxjSY8hpiCn4sfkk+Zo8gU60j76JW7ASOm/kEec5pXNsiJ7NPua\n2FPWt8Cgw/cQRemas/WIrGuYiExzeK2ErC/w91tAW1UadMrzoxdoz0bdg95jXMds\nwMwKHrJR0vcbWrJVLqgGPC48TTTJkzKihYJj8cE0Dks+DeBVpDwwgZoVUaChHp15\nz3Mouo1alBl6Ihrtq68H4lol04Wp3aAsouSKeoqI0lRY5pNcV+XNtt5HAW3td4mp\nA/vUFRdcEQ9/lYtzvPiPdJFbkgCbyBlDh4x79/crAAABAQDR9sJMnlmXsVA/iRds\nvSnjaKJu236WMThehUs59PCLSgKZ+HUYJ9jVDyZTghXDXc+otg3h55BVWe4lFCsv\nYhTbCO+JPaLlZWcp9XytznLfu+8tAE9jlz6eSMLTDmdo5EJCyrBaBU2Lor0R2gN7\n3GWU7FVePaBNRQ8hDcZfwQbiu8I5Db5//PDbC8kFhhjrzz/6MLiVVAvs2NBORpy0\nbnttSZvxHyQGv6ToUXHSDVVoK/Tg6uJBvc2yZfE2/l12nPO9eBbAu1Bb0EuN3HyF\na0VmwGaTk78HWHQAkw72pKKTNc458CFJPMaCv6K1hjdYe0a6nk61rC5cNZcMLUsE\ncNvvAAABAQDTLMiIEPj5GPRtnK5kHTQUwqX8GWw3vF9o1V3TtczflJROzycKHtKL\nt1vojHysln384xSD3FJJ2/Ow99WluLZ3Wv/lpY+glAN5clZbMxWILv6khEpRJnVV\n7rt7WXOS6NBYBrjGERtELr8hPwJEO0n5AMm7tMZ4AArlS69cTk+QGuDHaVQy2qjz\nYO12JY7PLwPmuY36IY1s4YAH3tHH2OOePghaUGqTGWZVRF21QA686JqnEf/VQ4KX\ntOUbg7IDjk5JqBqvE5yId5uO7KYrYWxFoasx/b4uqDr+dw0Szy1yJA0zRkmA21pA\nQ+FDdUxxRjZFJYwaTQbR7vAi4LSSxUBLAAAAAAEC\n-----END OPENSSH PRIVATE KEY-----\n",
            "private_key_pem": "-----BEGIN RSA PRIVATE KEY-----\nMIIJKAIBAAKCAgEArTMdBux9w1XUcBsLUQUKGK6TRWt0XYxbXrT0J7lK7LPEqOdj\n5nzy2cOLHTVYtRp0iGwtNu4DI/yV6EYtx5o9cedRPhKmFyArtr6oPswCx+sITzxS\nwurQAcWNkiUcpJDk8qCRdSd5Z4iIe0LDhCJ205FQV2xC3cGzD/Al9IjJUKvRys0v\n5xIj4AP+isNZk89jz92FJIolBameHfLLEI19LtsnWjirsBe58wIAAbJmLcqt0hCp\nCRymhxeq5E7eEpDxL8YKLmiydPTAHi+YqJFk2ouhvdJiqz+ilQt7qhLNedmpOomm\nNUWY3FGB9+/bw7N+VIWv9YhekEkCBAVHb5zwcjegMPPCGalv8VVFS+M/gasz+f5b\n+K9jhnz4yQcKAAGCTCOnyKqlqSUSJTnniPwnzSBxnOukjwml2HodYZH2Tul4MLGI\ndpUVXvbFAbDAEqI3Up+XYg65kbjIRyEJQ3ClMyDISVFQAkqbganfoJeGqpRehQEQ\nR7AnPJY6Sw0vkl25a8NtspSNKcf3PFJr7EgA9mAHu9BVdCF3mOaKxL0/nQwP7uT5\n0DOsW2uA7CDsfSUdjZJoHpnbKPqlfFlcuNau57+/eo6sGZRNAsX1kDFShq3ACyfN\nqiYM6aDaeAD2rLNyZn/ms3TEuhzI/GkS1+JwL+q8D+YRaxCrFLCSahD3LwUCAwEA\nAQKCAgAifld9lYPGb0WLvhcW36YPHFWAMdJO/zEDP46Qirp9QaAc81hWAvRqoiMG\ngiVUjBxBPyoSEnzVoexJAhED+5fZI3RupFAnsuSB1J61QvQa1JgnD6B76T/b2nhD\nbtixfZnbKFdPubjYAb0Mr1M48ZQwtnQFtS3r9DOxLOaiOMu/ITj65rpvjpFOf/0l\nrZodceQy9a8ag9iztAAlfsEqXsNbnZHMyhSHUXJbDz7pF5p57C+J8n93rRkNNo12\nQq6/i9Y86XgFnhxMZqIMYPZKPAqV69EeeNPlvxqmDE9oo64AYnTtj5Rmb6Ht3t2/\nfymJZCn4s1dD0xDiM2gPXO3JMLxB7yqb+vxGYoY8SI9eqDM0VOeaVfzkKs7N56XC\nQGvUWyPnZ/5VYCNq7rkRkPSwxWNMNC8A18DTFa+Os0YyueoN3vzNsnQvhcLPefrI\n2+d6p/mm6dObyy/6Dre3BxvWLc8NSyDLrYIHKwko5WrQU69qlvHmlYzByoWW1Ii2\ncx20UScxTILJfK4oKk6IMSjBfkPXQLGhNHZgn/72gKtt7iqCTqDWGpYKUpRfF4YH\ngCDLXdJspa6NspGoMiCqyBqsOByP2KEAcwEhcTzTMXIDrOD6dvc8P3A0kuockzVn\n23dYc+O3btVk43jUYaiOP+SlfvTr9RfRmsDfmmmprO2uNulY0QKCAQEA0fbCTJ5Z\nl7FQP4kXbL0p42iibtt+ljE4XoVLOfTwi0oCmfh1GCfY1Q8mU4IVw13PqLYN4eeQ\nVVnuJRQrL2IU2wjviT2i5WVnKfV8rc5y37vvLQBPY5c+nkjC0w5naORCQsqwWgVN\ni6K9EdoDe9xllOxVXj2gTUUPIQ3GX8EG4rvCOQ2+f/zw2wvJBYYY688/+jC4lVQL\n7NjQTkactG57bUmb8R8kBr+k6FFx0g1VaCv04OriQb3NsmXxNv5ddpzzvXgWwLtQ\nW9BLjdx8hWtFZsBmk5O/B1h0AJMO9qSikzXOOfAhSTzGgr+itYY3WHtGup5Otawu\nXDWXDC1LBHDb7wKCAQEA0yzIiBD4+Rj0bZyuZB00FMKl/BlsN7xfaNVd07XM35SU\nTs8nCh7Si7db6Ix8rJZ9/OMUg9xSSdvzsPfVpbi2d1r/5aWPoJQDeXJWWzMViC7+\npIRKUSZ1Ve67e1lzkujQWAa4xhEbRC6/IT8CRDtJ+QDJu7TGeAAK5UuvXE5PkBrg\nx2lUMtqo82DtdiWOzy8D5rmN+iGNbOGAB97Rx9jjnj4IWlBqkxlmVURdtUAOvOia\npxH/1UOCl7TlG4OyA45OSagarxOciHebjuymK2FsRaGrMf2+Lqg6/ncNEs8tciQN\nM0ZJgNtaQEPhQ3VMcUY2RSWMGk0G0e7wIuC0ksVASwKCAQAW4MFZIeP3QG3TDngL\n9CytR8hzNd18Ng7DVdjVjtfrBXx1FHqF0EmzJXxymvkOGZm382Zd2CKE+lCVn7X4\n6sIE/9tB5AJs5niwPLyCH72qnUq5Z5A+9Mrw6lK4NpiT+FMz/evrUyqY7XmWiV/Z\nzjEPYhUHOMXPxZeZbWvRITJD4FuQZev8/C2uYIFd5bevchyxgT+LneXSv+kqrk0C\n6Arw5JVmV5NQXO92FPHHBobo2+lJ3K4cpbbVGoCHEn5Sn1V7rqskAwUFjBO/eGfl\nDcQ5JvvGVtH41e2F5oA55cSFL9axv3WRCltDAeiTyPUc4gnZ6cf/yawfhgNYY1MK\nP9XnAoIBAB5GqWl4pXlxLnoYoJgR58miLpH6Qx2qkDNDg/Q6eGkFsE2sPXih+qW1\nYCPzIFzOJrn/BI3zJIkaU9HndmYQGXj7Pvz5w6HOFsFutxrUNB4WPsPvg4gm72Om\nmpKQvJUvc89rB0q+YR5hZV2q3vRRW8Wra0DSJjJGL0m4lCezwoxyjg+I9l1kJBzg\npKrvr43cu750k/psnQ4jNmvqckEow1mIo0HvjZgRaC6JYrX9vR8wahvR5M/6odqG\nQOK0+uyvlmHRDCJVuXeHTnIrU5ecnB1PlG/SZVXjILIi92je8zEOIiZbyWYEDOhx\n0vYM9yy2WEmJnJCYwoWOsDcP6FOynAkCggEBAJxrgRdd9oUSEeGJuw0rKUE1nvjE\njlSVDIJMsTXwqBuEABRbuT29n+q29QHCDGNJjyGmIKfix+ST5mjyBTrSPvolbsBI\n6b+QR5zmlc2yIns0+5rYU9a3wKDD9xBF6Zqz9Yisa5iITHN4rYSsL/D3W0BbVRp0\nyvOjF2jPRt2D3mNcx2zAzAoeslHS9xtaslUuqAY8LjxNNMmTMqKFgmPxwTQOSz4N\n4FWkPDCBmhVRoKEenXnPcyi6jVqUGXoiGu2rrwfiWiXThandoCyi5Ip6iojSVFjm\nk1xX5c223kcBbe13iakD+9QVF1wRD3+Vi3O8+I90kVuSAJvIGUOHjHv39ys=\n-----END RSA PRIVATE KEY-----\n",
            "private_key_pem_pkcs8": "-----BEGIN PRIVATE KEY-----\nMIIJQgIBADANBgkqhkiG9w0BAQEFAASCCSwwggkoAgEAAoICAQCtMx0G7H3DVdRw\nGwtRBQoYrpNFa3RdjFtetPQnuUrss8So52PmfPLZw4sdNVi1GnSIbC027gMj/JXo\nRi3Hmj1x51E+EqYXICu2vqg+zALH6whPPFLC6tABxY2SJRykkOTyoJF1J3lniIh7\nQsOEInbTkVBXbELdwbMP8CX0iMlQq9HKzS/nEiPgA/6Kw1mTz2PP3YUkiiUFqZ4d\n8ssQjX0u2ydaOKuwF7nzAgABsmYtyq3SEKkJHKaHF6rkTt4SkPEvxgouaLJ09MAe\nL5iokWTai6G90mKrP6KVC3uqEs152ak6iaY1RZjcUYH379vDs35Uha/1iF6QSQIE\nBUdvnPByN6Aw88IZqW/xVUVL4z+BqzP5/lv4r2OGfPjJBwoAAYJMI6fIqqWpJRIl\nOeeI/CfNIHGc66SPCaXYeh1hkfZO6XgwsYh2lRVe9sUBsMASojdSn5diDrmRuMhH\nIQlDcKUzIMhJUVACSpuBqd+gl4aqlF6FARBHsCc8ljpLDS+SXblrw22ylI0px/c8\nUmvsSAD2YAe70FV0IXeY5orEvT+dDA/u5PnQM6xba4DsIOx9JR2Nkmgemdso+qV8\nWVy41q7nv796jqwZlE0CxfWQMVKGrcALJ82qJgzpoNp4APass3Jmf+azdMS6HMj8\naRLX4nAv6rwP5hFrEKsUsJJqEPcvBQIDAQABAoICACJ+V32Vg8ZvRYu+Fxbfpg8c\nVYAx0k7/MQM/jpCKun1BoBzzWFYC9GqiIwaCJVSMHEE/KhISfNWh7EkCEQP7l9kj\ndG6kUCey5IHUnrVC9BrUmCcPoHvpP9vaeENu2LF9mdsoV0+5uNgBvQyvUzjxlDC2\ndAW1Lev0M7Es5qI4y78hOPrmum+OkU5//SWtmh1x5DL1rxqD2LO0ACV+wSpew1ud\nkczKFIdRclsPPukXmnnsL4nyf3etGQ02jXZCrr+L1jzpeAWeHExmogxg9ko8CpXr\n0R540+W/GqYMT2ijrgBidO2PlGZvoe3e3b9/KYlkKfizV0PTEOIzaA9c7ckwvEHv\nKpv6/EZihjxIj16oMzRU55pV/OQqzs3npcJAa9RbI+dn/lVgI2ruuRGQ9LDFY0w0\nLwDXwNMVr46zRjK56g3e/M2ydC+Fws95+sjb53qn+abp05vLL/oOt7cHG9Ytzw1L\nIMutggcrCSjlatBTr2qW8eaVjMHKhZbUiLZzHbRRJzFMgsl8rigqTogxKMF+Q9dA\nsaE0dmCf/vaAq23uKoJOoNYalgpSlF8XhgeAIMtd0mylro2ykagyIKrIGqw4HI/Y\noQBzASFxPNMxcgOs4Pp29zw/cDSS6hyTNWfbd1hz47du1WTjeNRhqI4/5KV+9Ov1\nF9GawN+aaams7a426VjRAoIBAQDR9sJMnlmXsVA/iRdsvSnjaKJu236WMThehUs5\n9PCLSgKZ+HUYJ9jVDyZTghXDXc+otg3h55BVWe4lFCsvYhTbCO+JPaLlZWcp9Xyt\nznLfu+8tAE9jlz6eSMLTDmdo5EJCyrBaBU2Lor0R2gN73GWU7FVePaBNRQ8hDcZf\nwQbiu8I5Db5//PDbC8kFhhjrzz/6MLiVVAvs2NBORpy0bnttSZvxHyQGv6ToUXHS\nDVVoK/Tg6uJBvc2yZfE2/l12nPO9eBbAu1Bb0EuN3HyFa0VmwGaTk78HWHQAkw72\npKKTNc458CFJPMaCv6K1hjdYe0a6nk61rC5cNZcMLUsEcNvvAoIBAQDTLMiIEPj5\nGPRtnK5kHTQUwqX8GWw3vF9o1V3TtczflJROzycKHtKLt1vojHysln384xSD3FJJ\n2/Ow99WluLZ3Wv/lpY+glAN5clZbMxWILv6khEpRJnVV7rt7WXOS6NBYBrjGERtE\nLr8hPwJEO0n5AMm7tMZ4AArlS69cTk+QGuDHaVQy2qjzYO12JY7PLwPmuY36IY1s\n4YAH3tHH2OOePghaUGqTGWZVRF21QA686JqnEf/VQ4KXtOUbg7IDjk5JqBqvE5yI\nd5uO7KYrYWxFoasx/b4uqDr+dw0Szy1yJA0zRkmA21pAQ+FDdUxxRjZFJYwaTQbR\n7vAi4LSSxUBLAoIBABbgwVkh4/dAbdMOeAv0LK1HyHM13Xw2DsNV2NWO1+sFfHUU\neoXQSbMlfHKa+Q4ZmbfzZl3YIoT6UJWftfjqwgT/20HkAmzmeLA8vIIfvaqdSrln\nkD70yvDqUrg2mJP4UzP96+tTKpjteZaJX9nOMQ9iFQc4xc/Fl5lta9EhMkPgW5Bl\n6/z8La5ggV3lt69yHLGBP4ud5dK/6SquTQLoCvDklWZXk1Bc73YU8ccGhujb6Unc\nrhylttUagIcSflKfVXuuqyQDBQWME794Z+UNxDkm+8ZW0fjV7YXmgDnlxIUv1rG/\ndZEKW0MB6JPI9RziCdnpx//JrB+GA1hjUwo/1ecCggEAHkapaXileXEuehigmBHn\nyaIukfpDHaqQM0OD9Dp4aQWwTaw9eKH6pbVgI/MgXM4muf8EjfMkiRpT0ed2ZhAZ\nePs+/PnDoc4WwW63GtQ0HhY+w++DiCbvY6aakpC8lS9zz2sHSr5hHmFlXare9FFb\nxatrQNImMkYvSbiUJ7PCjHKOD4j2XWQkHOCkqu+vjdy7vnST+mydDiM2a+pyQSjD\nWYijQe+NmBFoLolitf29HzBqG9Hkz/qh2oZA4rT67K+WYdEMIlW5d4dOcitTl5yc\nHU+Ub9JlVeMgsiL3aN7zMQ4iJlvJZgQM6HHS9gz3LLZYSYmckJjChY6wNw/oU7Kc\nCQKCAQEAnGuBF132hRIR4Ym7DSspQTWe+MSOVJUMgkyxNfCoG4QAFFu5Pb2f6rb1\nAcIMY0mPIaYgp+LH5JPmaPIFOtI++iVuwEjpv5BHnOaVzbIiezT7mthT1rfAoMP3\nEEXpmrP1iKxrmIhMc3ithKwv8PdbQFtVGnTK86MXaM9G3YPeY1zHbMDMCh6yUdL3\nG1qyVS6oBjwuPE00yZMyooWCY/HBNA5LPg3gVaQ8MIGaFVGgoR6dec9zKLqNWpQZ\neiIa7auvB+JaJdOFqd2gLKLkinqKiNJUWOaTXFflzbbeRwFt7XeJqQP71BUXXBEP\nf5WLc7z4j3SRW5IAm8gZQ4eMe/f3Kw==\n-----END PRIVATE KEY-----\n",
            "public_key_fingerprint_md5": "ef:50:92:99:7d:16:5b:3e:9f:eb:4e:e6:84:40:25:13",
            "public_key_fingerprint_sha256": "SHA256:soxJtxz9aqDqdIKerWQP+mlvIwh9Xx2XoZ8EIAi6rxM",
            "public_key_openssh": "ssh-rsa AAAAB3NzaC1yc2EAAAADAQABAAACAQCtMx0G7H3DVdRwGwtRBQoYrpNFa3RdjFtetPQnuUrss8So52PmfPLZw4sdNVi1GnSIbC027gMj/JXoRi3Hmj1x51E+EqYXICu2vqg+zALH6whPPFLC6tABxY2SJRykkOTyoJF1J3lniIh7QsOEInbTkVBXbELdwbMP8CX0iMlQq9HKzS/nEiPgA/6Kw1mTz2PP3YUkiiUFqZ4d8ssQjX0u2ydaOKuwF7nzAgABsmYtyq3SEKkJHKaHF6rkTt4SkPEvxgouaLJ09MAeL5iokWTai6G90mKrP6KVC3uqEs152ak6iaY1RZjcUYH379vDs35Uha/1iF6QSQIEBUdvnPByN6Aw88IZqW/xVUVL4z+BqzP5/lv4r2OGfPjJBwoAAYJMI6fIqqWpJRIlOeeI/CfNIHGc66SPCaXYeh1hkfZO6XgwsYh2lRVe9sUBsMASojdSn5diDrmRuMhHIQlDcKUzIMhJUVACSpuBqd+gl4aqlF6FARBHsCc8ljpLDS+SXblrw22ylI0px/c8UmvsSAD2YAe70FV0IXeY5orEvT+dDA/u5PnQM6xba4DsIOx9JR2Nkmgemdso+qV8WVy41q7nv796jqwZlE0CxfWQMVKGrcALJ82qJgzpoNp4APass3Jmf+azdMS6HMj8aRLX4nAv6rwP5hFrEKsUsJJqEPcvBQ==\n",
            "public_key_pem": "-----BEGIN PUBLIC KEY-----\nMIICIjANBgkqhkiG9w0BAQEFAAOCAg8AMIICCgKCAgEArTMdBux9w1XUcBsLUQUK\nGK6TRWt0XYxbXrT0J7lK7LPEqOdj5nzy2cOLHTVYtRp0iGwtNu4DI/yV6EYtx5o9\ncedRPhKmFyArtr6oPswCx+sITzxSwurQAcWNkiUcpJDk8qCRdSd5Z4iIe0LDhCJ2\n05FQV2xC3cGzD/Al9IjJUKvRys0v5xIj4AP+isNZk89jz92FJIolBameHfLLEI19\nLtsnWjirsBe58wIAAbJmLcqt0hCpCRymhxeq5E7eEpDxL8YKLmiydPTAHi+YqJFk\n2ouhvdJiqz+ilQt7qhLNedmpOommNUWY3FGB9+/bw7N+VIWv9YhekEkCBAVHb5zw\ncjegMPPCGalv8VVFS+M/gasz+f5b+K9jhnz4yQcKAAGCTCOnyKqlqSUSJTnniPwn\nzSBxnOukjwml2HodYZH2Tul4MLGIdpUVXvbFAbDAEqI3Up+XYg65kbjIRyEJQ3Cl\nMyDISVFQAkqbganfoJeGqpRehQEQR7AnPJY6Sw0vkl25a8NtspSNKcf3PFJr7EgA\n9mAHu9BVdCF3mOaKxL0/nQwP7uT50DOsW2uA7CDsfSUdjZJoHpnbKPqlfFlcuNau\n57+/eo6sGZRNAsX1kDFShq3ACyfNqiYM6aDaeAD2rLNyZn/ms3TEuhzI/GkS1+Jw\nL+q8D+YRaxCrFLCSahD3LwUCAwEAAQ==\n-----END PUBLIC KEY-----\n",
            "rsa_bits": 4096
          },
          "sensitive_attributes": []
        }
      ]
    }
  ],
  "check_results": [
    {
      "object_kind": "resource",
      "config_addr": "aws_instance.nfs-server",
      "status": "pass",
      "objects": [
        {
          "object_addr": "aws_instance.nfs-server",
          "status": "pass"
        }
      ]
    }
  ]
}
