{
  "version": 4,
  "terraform_version": "1.4.6",
  "serial": 63,
  "lineage": "920d8952-24b0-5c50-28fe-6c7381705df0",
  "outputs": {
    "nfs-server-private-ip": {
      "value": "10.0.4.84",
      "type": "string"
    },
    "nfs-server-public-ip": {
      "value": "13.233.16.59",
      "type": "string"
    },
    "rds_endpoint": {
      "value": "bitbucket-rds-bitbucket-cluster.cmlkd6hzxk08.ap-south-1.rds.amazonaws.com:5432",
      "type": "string"
    },
    "rds_engine": {
      "value": "postgres",
      "type": "string"
    },
    "secret_manager_arn": {
      "value": "arn:aws:secretsmanager:ap-south-1:998516096174:secret:SecretStore-bitbucket-cluster-6NJu5x",
      "type": "string"
    }
  },
  "resources": [
    {
      "mode": "data",
      "type": "aws_ami",
      "name": "debian11",
      "provider": "provider[\"registry.terraform.io/hashicorp/aws\"]",
      "instances": [
        {
          "schema_version": 0,
          "attributes": {
            "architecture": "x86_64",
            "arn": "arn:aws:ec2:ap-south-1::image/ami-04e81c5c7a4851ebf",
            "block_device_mappings": [
              {
                "device_name": "/dev/xvda",
                "ebs": {
                  "delete_on_termination": "true",
                  "encrypted": "false",
                  "iops": "0",
                  "snapshot_id": "snap-00acf0d19d59f8764",
                  "throughput": "0",
                  "volume_size": "8",
                  "volume_type": "gp2"
                },
                "no_device": "",
                "virtual_name": ""
              }
            ],
            "boot_mode": "",
            "creation_date": "2023-05-15T20:11:41.000Z",
            "deprecation_time": "2025-05-15T20:11:41.000Z",
            "description": "Debian 11 (20230515-1381)",
            "ena_support": true,
            "executable_users": null,
            "filter": [
              {
                "name": "name",
                "values": [
                  "debian-11-amd64-20230515-1381"
                ]
              }
            ],
            "hypervisor": "xen",
            "id": "ami-04e81c5c7a4851ebf",
            "image_id": "ami-04e81c5c7a4851ebf",
            "image_location": "amazon/debian-11-amd64-20230515-1381",
            "image_owner_alias": "amazon",
            "image_type": "machine",
            "imds_support": "",
            "include_deprecated": false,
            "kernel_id": "",
            "most_recent": false,
            "name": "debian-11-amd64-20230515-1381",
            "name_regex": null,
            "owner_id": "136693071363",
            "owners": null,
            "platform": "",
            "platform_details": "Linux/UNIX",
            "product_codes": [],
            "public": true,
            "ramdisk_id": "",
            "root_device_name": "/dev/xvda",
            "root_device_type": "ebs",
            "root_snapshot_id": "snap-00acf0d19d59f8764",
            "sriov_net_support": "simple",
            "state": "available",
            "state_reason": {
              "code": "UNSET",
              "message": "UNSET"
            },
            "tags": {},
            "timeouts": null,
            "tpm_support": "",
            "usage_operation": "RunInstances",
            "virtualization_type": "hvm"
          },
          "sensitive_attributes": []
        }
      ]
    },
    {
      "mode": "data",
      "type": "aws_availability_zones",
      "name": "available",
      "provider": "provider[\"registry.terraform.io/hashicorp/aws\"]",
      "instances": [
        {
          "schema_version": 0,
          "attributes": {
            "all_availability_zones": null,
            "exclude_names": null,
            "exclude_zone_ids": null,
            "filter": null,
            "group_names": [
              "ap-south-1"
            ],
            "id": "ap-south-1",
            "names": [
              "ap-south-1a",
              "ap-south-1b",
              "ap-south-1c"
            ],
            "state": null,
            "timeouts": null,
            "zone_ids": [
              "aps1-az1",
              "aps1-az3",
              "aps1-az2"
            ]
          },
          "sensitive_attributes": []
        }
      ]
    },
    {
      "mode": "data",
      "type": "aws_subnets",
      "name": "private_subnets",
      "provider": "provider[\"registry.terraform.io/hashicorp/aws\"]",
      "instances": [
        {
          "schema_version": 0,
          "attributes": {
            "filter": [
              {
                "name": "tag:Name",
                "values": [
                  "*private*"
                ]
              },
              {
                "name": "vpc-id",
                "values": [
                  "vpc-0f851beb2ba287c51"
                ]
              }
            ],
            "id": "ap-south-1",
            "ids": [
              "subnet-073a5d0b35e22e05d",
              "subnet-03ce94c2a2af0a2aa",
              "subnet-072b3186da6c8e27d"
            ],
            "tags": null,
            "timeouts": null
          },
          "sensitive_attributes": []
        }
      ]
    },
    {
      "mode": "managed",
      "type": "aws_db_instance",
      "name": "default",
      "provider": "provider[\"registry.terraform.io/hashicorp/aws\"]",
      "instances": [
        {
          "schema_version": 2,
          "attributes": {
            "address": "bitbucket-rds-bitbucket-cluster.cmlkd6hzxk08.ap-south-1.rds.amazonaws.com",
            "allocated_storage": 10,
            "allow_major_version_upgrade": null,
            "apply_immediately": false,
            "arn": "arn:aws:rds:ap-south-1:998516096174:db:bitbucket-rds-bitbucket-cluster",
            "auto_minor_version_upgrade": true,
            "availability_zone": "ap-south-1c",
            "backup_retention_period": 0,
            "backup_window": "22:15-22:45",
            "blue_green_update": [],
            "ca_cert_identifier": "rds-ca-2019",
            "character_set_name": "",
            "copy_tags_to_snapshot": false,
            "custom_iam_instance_profile": "",
            "customer_owned_ip_enabled": false,
            "db_name": "bitbucket",
            "db_subnet_group_name": "rds-subnet-group-bitbucket-cluster",
            "delete_automated_backups": true,
            "deletion_protection": false,
            "domain": "",
            "domain_iam_role_name": "",
            "enabled_cloudwatch_logs_exports": [],
            "endpoint": "bitbucket-rds-bitbucket-cluster.cmlkd6hzxk08.ap-south-1.rds.amazonaws.com:5432",
            "engine": "postgres",
            "engine_version": "14",
            "engine_version_actual": "14.7",
            "final_snapshot_identifier": "bitbucket-db",
            "hosted_zone_id": "Z2VFMSZA74J7XZ",
            "iam_database_authentication_enabled": false,
            "id": "db-53QZWXVLEQDC423BXV627G6TBA",
            "identifier": "bitbucket-rds-bitbucket-cluster",
            "identifier_prefix": "",
            "instance_class": "db.t3.micro",
            "iops": 0,
            "kms_key_id": "",
            "latest_restorable_time": "",
            "license_model": "postgresql-license",
            "listener_endpoint": [],
            "maintenance_window": "sat:08:26-sat:08:56",
            "manage_master_user_password": null,
            "master_user_secret": [],
            "master_user_secret_kms_key_id": null,
            "max_allocated_storage": 0,
            "monitoring_interval": 0,
            "monitoring_role_arn": "",
            "multi_az": false,
            "nchar_character_set_name": "",
            "network_type": "IPV4",
            "option_group_name": "default:postgres-14",
            "parameter_group_name": "default.postgres14",
            "password": "?c2f5)v=cl",
            "performance_insights_enabled": false,
            "performance_insights_kms_key_id": "",
            "performance_insights_retention_period": 0,
            "port": 5432,
            "publicly_accessible": false,
            "replica_mode": "",
            "replicas": [],
            "replicate_source_db": "",
            "resource_id": "db-53QZWXVLEQDC423BXV627G6TBA",
            "restore_to_point_in_time": [],
            "s3_import": [],
            "skip_final_snapshot": true,
            "snapshot_identifier": null,
            "status": "available",
            "storage_encrypted": false,
            "storage_throughput": 0,
            "storage_type": "gp2",
            "tags": {},
            "tags_all": {},
            "timeouts": null,
            "timezone": "",
            "username": "foo",
            "vpc_security_group_ids": [
              "sg-0d1f7f792ae95de10"
            ]
          },
          "sensitive_attributes": [],
          "private": "eyJlMmJmYjczMC1lY2FhLTExZTYtOGY4OC0zNDM2M2JjN2M0YzAiOnsiY3JlYXRlIjoyNDAwMDAwMDAwMDAwLCJkZWxldGUiOjM2MDAwMDAwMDAwMDAsInVwZGF0ZSI6NDgwMDAwMDAwMDAwMH0sInNjaGVtYV92ZXJzaW9uIjoiMiJ9",
          "dependencies": [
            "aws_db_subnet_group.default",
            "aws_security_group.rds-sg",
            "data.aws_subnets.private_subnets",
            "random_string.db_password"
          ]
        }
      ]
    },
    {
      "mode": "managed",
      "type": "aws_db_subnet_group",
      "name": "default",
      "provider": "provider[\"registry.terraform.io/hashicorp/aws\"]",
      "instances": [
        {
          "schema_version": 0,
          "attributes": {
            "arn": "arn:aws:rds:ap-south-1:998516096174:subgrp:rds-subnet-group-bitbucket-cluster",
            "description": "Managed by Terraform",
            "id": "rds-subnet-group-bitbucket-cluster",
            "name": "rds-subnet-group-bitbucket-cluster",
            "name_prefix": "",
            "subnet_ids": [
              "subnet-03ce94c2a2af0a2aa",
              "subnet-072b3186da6c8e27d",
              "subnet-073a5d0b35e22e05d"
            ],
            "supported_network_types": [
              "IPV4"
            ],
            "tags": {},
            "tags_all": {},
            "vpc_id": "vpc-0f851beb2ba287c51"
          },
          "sensitive_attributes": [],
          "private": "bnVsbA==",
          "dependencies": [
            "data.aws_subnets.private_subnets"
          ]
        }
      ]
    },
    {
      "mode": "managed",
      "type": "aws_instance",
      "name": "nfs-server",
      "provider": "provider[\"registry.terraform.io/hashicorp/aws\"]",
      "instances": [
        {
          "schema_version": 1,
          "attributes": {
            "ami": "ami-04e81c5c7a4851ebf",
            "arn": "arn:aws:ec2:ap-south-1:998516096174:instance/i-0167cca07f1582dde",
            "associate_public_ip_address": true,
            "availability_zone": "ap-south-1a",
            "capacity_reservation_specification": [
              {
                "capacity_reservation_preference": "open",
                "capacity_reservation_target": []
              }
            ],
            "cpu_core_count": 2,
            "cpu_options": [
              {
                "amd_sev_snp": "",
                "core_count": 2,
                "threads_per_core": 2
              }
            ],
            "cpu_threads_per_core": 2,
            "credit_specification": [
              {
                "cpu_credits": "unlimited"
              }
            ],
            "disable_api_stop": false,
            "disable_api_termination": false,
            "ebs_block_device": [],
            "ebs_optimized": false,
            "enclave_options": [
              {
                "enabled": false
              }
            ],
            "ephemeral_block_device": [],
            "get_password_data": false,
            "hibernation": false,
            "host_id": "",
            "host_resource_group_arn": null,
            "iam_instance_profile": "",
            "id": "i-0167cca07f1582dde",
            "instance_initiated_shutdown_behavior": "stop",
            "instance_lifecycle": "",
            "instance_market_options": [],
            "instance_state": "running",
            "instance_type": "t3.xlarge",
            "ipv6_address_count": 0,
            "ipv6_addresses": [],
            "key_name": "nfs-server-ap-south-1",
            "launch_template": [],
            "maintenance_options": [
              {
                "auto_recovery": "default"
              }
            ],
            "metadata_options": [
              {
                "http_endpoint": "enabled",
                "http_put_response_hop_limit": 1,
                "http_tokens": "optional",
                "instance_metadata_tags": "disabled"
              }
            ],
            "monitoring": false,
            "network_interface": [],
            "outpost_arn": "",
            "password_data": "",
            "placement_group": "",
            "placement_partition_number": 0,
            "primary_network_interface_id": "eni-07238df1514861f77",
            "private_dns": "ip-10-0-4-84.ap-south-1.compute.internal",
            "private_dns_name_options": [
              {
                "enable_resource_name_dns_a_record": false,
                "enable_resource_name_dns_aaaa_record": false,
                "hostname_type": "ip-name"
              }
            ],
            "private_ip": "10.0.4.84",
            "public_dns": "ec2-13-233-16-59.ap-south-1.compute.amazonaws.com",
            "public_ip": "13.233.16.59",
            "root_block_device": [
              {
                "delete_on_termination": true,
                "device_name": "/dev/xvda",
                "encrypted": false,
                "iops": 150,
                "kms_key_id": "",
                "tags": {},
                "throughput": 0,
                "volume_id": "vol-02ee80518d67d659f",
                "volume_size": 50,
                "volume_type": "gp2"
              }
            ],
            "secondary_private_ips": [],
            "security_groups": [],
            "source_dest_check": true,
            "spot_instance_request_id": "",
            "subnet_id": "subnet-03b362bbc29eedb1d",
            "tags": {
              "name": "nfs-server"
            },
            "tags_all": {
              "name": "nfs-server"
            },
            "tenancy": "default",
            "timeouts": null,
            "user_data": "46693e0e5bce9272365f096475f7cf1ef7a73235",
            "user_data_base64": null,
            "user_data_replace_on_change": false,
            "volume_tags": null,
            "vpc_security_group_ids": [
              "sg-0c15785ed0d2dbc56"
            ]
          },
          "sensitive_attributes": [],
          "private": "eyJlMmJmYjczMC1lY2FhLTExZTYtOGY4OC0zNDM2M2JjN2M0YzAiOnsiY3JlYXRlIjo2MDAwMDAwMDAwMDAsImRlbGV0ZSI6MTIwMDAwMDAwMDAwMCwidXBkYXRlIjo2MDAwMDAwMDAwMDB9LCJzY2hlbWFfdmVyc2lvbiI6IjEifQ==",
          "dependencies": [
            "aws_key_pair.pem",
            "aws_security_group.nfs-sg",
            "data.aws_ami.debian11",
            "data.aws_availability_zones.available",
            "tls_private_key.pk"
          ]
        }
      ]
    },
    {
      "mode": "managed",
      "type": "aws_key_pair",
      "name": "pem",
      "provider": "provider[\"registry.terraform.io/hashicorp/aws\"]",
      "instances": [
        {
          "schema_version": 1,
          "attributes": {
            "arn": "arn:aws:ec2:ap-south-1:998516096174:key-pair/nfs-server-ap-south-1",
            "fingerprint": "07:c7:89:4f:2c:d5:26:ae:88:a0:dd:4f:59:47:0b:82",
            "id": "nfs-server-ap-south-1",
            "key_name": "nfs-server-ap-south-1",
            "key_name_prefix": "",
            "key_pair_id": "key-0e03ceb59078aa017",
            "key_type": "rsa",
            "public_key": "ssh-rsa AAAAB3NzaC1yc2EAAAADAQABAAACAQC0UrEJ/6MLukCocRVU2037Rd8xWS9fzQ/ND1DfOIiVS4F/tMSLa3u8fRmk/XLWBnNbtxjNXu/YzitdQnFd6VVHZwgpMdcy4DYozyY3pFNQk9U7xoKJtSZ4PYQDKHkXftNbn+okqx2VIDN0Opuuvz/VZ/XEYQ0JDD+XAeD1Zwe07SR5rujUoIOwe4KixMFHDVifNfN/OAXrTGszVOkMncsR/MROVK0Zl8URjNbet8+CQM2OlwV/F05AJqbeSt1OfI2fIlW41KiFeINEt9rb7q2Z2cHL2ukzIKZ4lABD/yKzpEhC1HXQLSs1xoXaG6ioCMnWM1X+Kuo68JzEZQ8WxqYtfgtF3AvlMKhc6a/sI7zdlIba9k920FiaTnrO8AgDtc5W0MRQ2R0wh8bSx6rXDBUYxIwTWHsqRYRT/4UhyL5FTljDpajYuuEgq/gTbFZJeTs8zGpdNhIkX+l8ZLg9NU9G5sueN2aEr0dsmuurFRSB6SE814VKEVu/voxezFKCXBEguZlFmUyTEGyjbI1/ibvn1ql2M8PstumqPbAPBwO5SpK5hXFLUcXjjd196YEOSkUrgPDhfZQrnCOYk768JMj8xTHH9m3Bd4POfJ4dHrVfu5aRFqbjOn7gIENNw429mArZawx0hb5/SQDJ29TX/Tez8Z511953Al9X9sFgqr5+IQ==",
            "tags": {},
            "tags_all": {}
          },
          "sensitive_attributes": [],
          "private": "eyJzY2hlbWFfdmVyc2lvbiI6IjEifQ==",
          "dependencies": [
            "tls_private_key.pk"
          ]
        }
      ]
    },
    {
      "mode": "managed",
      "type": "aws_secretsmanager_secret",
      "name": "store",
      "provider": "provider[\"registry.terraform.io/hashicorp/aws\"]",
      "instances": [
        {
          "schema_version": 0,
          "attributes": {
            "arn": "arn:aws:secretsmanager:ap-south-1:998516096174:secret:SecretStore-bitbucket-cluster-6NJu5x",
            "description": "",
            "force_overwrite_replica_secret": false,
            "id": "arn:aws:secretsmanager:ap-south-1:998516096174:secret:SecretStore-bitbucket-cluster-6NJu5x",
            "kms_key_id": "",
            "name": "SecretStore-bitbucket-cluster",
            "name_prefix": "",
            "policy": "",
            "recovery_window_in_days": 30,
            "replica": [],
            "tags": {},
            "tags_all": {}
          },
          "sensitive_attributes": [],
          "private": "bnVsbA=="
        }
      ]
    },
    {
      "mode": "managed",
      "type": "aws_secretsmanager_secret_version",
      "name": "store_values",
      "provider": "provider[\"registry.terraform.io/hashicorp/aws\"]",
      "instances": [
        {
          "schema_version": 0,
          "attributes": {
            "arn": "arn:aws:secretsmanager:ap-south-1:998516096174:secret:SecretStore-bitbucket-cluster-6NJu5x",
            "id": "arn:aws:secretsmanager:ap-south-1:998516096174:secret:SecretStore-bitbucket-cluster-6NJu5x|6C5EEA57-38E8-4E50-BE02-A00C9B37C46D",
            "secret_binary": "",
            "secret_id": "arn:aws:secretsmanager:ap-south-1:998516096174:secret:SecretStore-bitbucket-cluster-6NJu5x",
            "secret_string": "   {\n    \"db_username\": \"foo\",\n    \"db_password\": \"?c2f5)v=cl\",\n    \"es_username\": \"elastic\",\n    \"es_password\": \"dn[bs@q:0\u0026\"\n    \"bitbucket_username\": \"admin\",\n    \"bitbucket_password\" : \"_(\u003c\u003c+mjpa-\"\n    \"bitbucket_displayName\": \"Admin\",\n    \"bitbucket_emailAddress\": \"test@gmail.com\"\n   }\n",
            "version_id": "6C5EEA57-38E8-4E50-BE02-A00C9B37C46D",
            "version_stages": [
              "AWSCURRENT"
            ]
          },
          "sensitive_attributes": [],
          "private": "bnVsbA==",
          "dependencies": [
            "aws_secretsmanager_secret.store",
            "random_string.bitbucket_password",
            "random_string.db_password",
            "random_string.es_password"
          ]
        }
      ]
    },
    {
      "mode": "managed",
      "type": "aws_security_group",
      "name": "nfs-sg",
      "provider": "provider[\"registry.terraform.io/hashicorp/aws\"]",
      "instances": [
        {
          "schema_version": 1,
          "attributes": {
            "arn": "arn:aws:ec2:ap-south-1:998516096174:security-group/sg-0c15785ed0d2dbc56",
            "description": "Managed by Terraform",
            "egress": [
              {
                "cidr_blocks": [
                  "0.0.0.0/0"
                ],
                "description": "",
                "from_port": 0,
                "ipv6_cidr_blocks": [],
                "prefix_list_ids": [],
                "protocol": "-1",
                "security_groups": [],
                "self": false,
                "to_port": 0
              }
            ],
            "id": "sg-0c15785ed0d2dbc56",
            "ingress": [
              {
                "cidr_blocks": [
                  "0.0.0.0/0"
                ],
                "description": "",
                "from_port": 22,
                "ipv6_cidr_blocks": [],
                "prefix_list_ids": [],
                "protocol": "tcp",
                "security_groups": [],
                "self": false,
                "to_port": 22
              },
              {
                "cidr_blocks": [
                  "10.0.0.0/8"
                ],
                "description": "",
                "from_port": 0,
                "ipv6_cidr_blocks": [],
                "prefix_list_ids": [],
                "protocol": "-1",
                "security_groups": [],
                "self": false,
                "to_port": 0
              }
            ],
            "name": "sg1-nfs-bitbucket-cluster",
            "name_prefix": "",
            "owner_id": "998516096174",
            "revoke_rules_on_delete": false,
            "tags": {},
            "tags_all": {},
            "timeouts": null,
            "vpc_id": "vpc-0f851beb2ba287c51"
          },
          "sensitive_attributes": [],
          "private": "eyJlMmJmYjczMC1lY2FhLTExZTYtOGY4OC0zNDM2M2JjN2M0YzAiOnsiY3JlYXRlIjo2MDAwMDAwMDAwMDAsImRlbGV0ZSI6OTAwMDAwMDAwMDAwfSwic2NoZW1hX3ZlcnNpb24iOiIxIn0="
        }
      ]
    },
    {
      "mode": "managed",
      "type": "aws_security_group",
      "name": "rds-sg",
      "provider": "provider[\"registry.terraform.io/hashicorp/aws\"]",
      "instances": [
        {
          "schema_version": 1,
          "attributes": {
            "arn": "arn:aws:ec2:ap-south-1:998516096174:security-group/sg-0d1f7f792ae95de10",
            "description": "Managed by Terraform",
            "egress": [
              {
                "cidr_blocks": [
                  "0.0.0.0/0"
                ],
                "description": "",
                "from_port": 0,
                "ipv6_cidr_blocks": [],
                "prefix_list_ids": [],
                "protocol": "-1",
                "security_groups": [],
                "self": false,
                "to_port": 0
              }
            ],
            "id": "sg-0d1f7f792ae95de10",
            "ingress": [
              {
                "cidr_blocks": [
                  "10.0.0.0/8"
                ],
                "description": "",
                "from_port": 5432,
                "ipv6_cidr_blocks": [],
                "prefix_list_ids": [],
                "protocol": "tcp",
                "security_groups": [],
                "self": false,
                "to_port": 5432
              }
            ],
            "name": "sg1-rds-bitbucket-bitbucket-cluster",
            "name_prefix": "",
            "owner_id": "998516096174",
            "revoke_rules_on_delete": false,
            "tags": {},
            "tags_all": {},
            "timeouts": null,
            "vpc_id": "vpc-0f851beb2ba287c51"
          },
          "sensitive_attributes": [],
          "private": "eyJlMmJmYjczMC1lY2FhLTExZTYtOGY4OC0zNDM2M2JjN2M0YzAiOnsiY3JlYXRlIjo2MDAwMDAwMDAwMDAsImRlbGV0ZSI6OTAwMDAwMDAwMDAwfSwic2NoZW1hX3ZlcnNpb24iOiIxIn0="
        }
      ]
    },
    {
      "mode": "managed",
      "type": "local_file",
      "name": "local_key_pair",
      "provider": "provider[\"registry.terraform.io/hashicorp/local\"]",
      "instances": [
        {
          "schema_version": 0,
          "attributes": {
            "content": "-----BEGIN RSA PRIVATE KEY-----\nMIIJKQIBAAKCAgEAtFKxCf+jC7pAqHEVVNtN+0XfMVkvX80PzQ9Q3ziIlUuBf7TE\ni2t7vH0ZpP1y1gZzW7cYzV7v2M4rXUJxXelVR2cIKTHXMuA2KM8mN6RTUJPVO8aC\nibUmeD2EAyh5F37TW5/qJKsdlSAzdDqbrr8/1Wf1xGENCQw/lwHg9WcHtO0kea7o\n1KCDsHuCosTBRw1YnzXzfzgF60xrM1TpDJ3LEfzETlStGZfFEYzW3rfPgkDNjpcF\nfxdOQCam3krdTnyNnyJVuNSohXiDRLfa2+6tmdnBy9rpMyCmeJQAQ/8is6RIQtR1\n0C0rNcaF2huoqAjJ1jNV/irqOvCcxGUPFsamLX4LRdwL5TCoXOmv7CO83ZSG2vZP\ndtBYmk56zvAIA7XOVtDEUNkdMIfG0seq1wwVGMSME1h7KkWEU/+FIci+RU5Yw6Wo\n2LrhIKv4E2xWSXk7PMxqXTYSJF/pfGS4PTVPRubLnjdmhK9HbJrrqxUUgekhPNeF\nShFbv76MXsxSglwRILmZRZlMkxBso2yNf4m759apdjPD7Lbpqj2wDwcDuUqSuYVx\nS1HF443dfemBDkpFK4Dw4X2UK5wjmJO+vCTI/MUxx/ZtwXeDznyeHR61X7uWkRam\n4zp+4CBDTcONvZgK2WsMdIW+f0kAydvU1/03s/GeddfedwJfV/bBYKq+fiECAwEA\nAQKCAgArtQNeZg0SEaIMceR2vfVH22a+4lweP2j+DiFPCbfpX/TSjHE7TeEfDb+C\ng0ArakLZzyZ+2O0PwuE16J3r4lueQ/Xxbjg4B6p498TOpdDf7gU4SORpFnRtnpN5\n5Hx9WmtGgRtSqfswoy51lKMZlxeU1W73m4J6V/Kt2nG5abCvhO9bYy7iIsnoo/dF\nFqW2YCDD7mLHyj99CffN6F3YhgKrqHW4esO+OVA18co/D5SHgMeSMT7O0EpSOEwo\nA0Ni+8Oj98GJXFpAh7ZhmKK+vjpr2SElFTmC//35qf3qfVPe8Qnm0PKBdAFONoFJ\nHX0ixYaOmcDVK3e8s4d7/vbKUXoDkmiL0crXFHmf9UYKT8NQab57ZRKC6OBGCmYX\n8e/Bw/vaw+LwSCgtLtcdWxYXjwQ85YdwMDtYDznd3L0Xz/1Lk3yBD0NjLB3g2lB8\nbuE44eJPS9B5LqOgRRAzGs91HVcGn8hPLDPUe2wkFE9mHHBOskHIDr6Qbn+KHyIA\nP6uRsWpu/3jQKRP12jK8MdYjy6eScYoid1/4QGabJ+dN0t+hNXwxqDPiXDTaldWh\nkySJIeyWoDdrExl7SvimsgSWUpFYW1Tf9AV+dUvzPKURi7BJaw/1EIfQvY9KnTs1\nXMjZyAoEBpAZk3yVWqhKcA433LYbOe4IZdoas50s9xUQppGJAQKCAQEAyD4fu6uX\nay+BWL0Y1WrdF6tqE1aen8T90IKXwF9gnDJWmRLFVurqX64fnIKHMsZewN05uhYa\nwvre1WXB0L3FslwYrAFAPITo/+bAZd6oROapY1rs5IxSf/+1HE4e5NzbTWzUNeeY\nEJOG8eZzmI0eLqb45ELZ+GJSrtp9+4MjXa+N3wIdPRenukKyR7wteKsv7sfXr7BF\nxRS2D8UE3wpiza+0/zqVkWuInxbQPjiVIqr61YYoBIhfmUf234i//qLxUc8Z37Z/\nVZWr6bamR8W1NQKqcBqmd5gWSQvwrEaHacNty2D0FHE9MZV18K3m3d7yyTh1Iifw\nJVohHTuxehoXMQKCAQEA5oijCOrByL+VRUTD1oFQrd38KrSDfqvFMJhmwnZw62Ux\n6CaLDkiviaxNN3JWcEBu6xnY/tsGFs3FcaEVE8BtzgqdidHYKLxp0k4Z56StYuLL\njlLmURc35JRH//b89S5EXDIVoRMhbW00ebqT2VEseWkIVEyOSBC0EqyeR1hNK3ig\n9O1BHajC0Z4lm5YBDkFWmLomxF81jDUsKFWqmj55MxHdNhv7GKoNJYjBOKIfBw2F\nsyr7UFQaMqiMwjojKbcvZO0DhTskf7fAazjYmiZkzY/alov1gddlH9pp//SDHpn/\nNAOe8L5D0/8PY3I8g3FQ6RM+IQ1uOg8dvLDEKaD58QKCAQBK/fkkb77lhYULlsYW\nJ09l7exsEaSWcVAdJstuYEnuNWv5J+5//rqH2s477yZy/Ze+4xsbdevP2eRaRyGu\n62N+yL70rANCpwQb0m97t0eNhlUpwIO3lFXRWhKZ5yfqzkvTU06mYXWxv45qScRA\n/ZiwIBhWZDL9stUEZw+HgjVcgMLBIimRF6rZNuFNvEvLRVFOO8mrInj+tiL5BPAu\nF9Wo8oT2kRoyu/MOoZybsNUphp8qGHQkPm6PGUR7sts0ohF+cfFetxo5EzSu8piT\niJe0oqryEQkHAQ5XjQE1g7RzB5227Th772zbhP4GhRpRPY3vjhVQFWT6mCaOrCxr\nbhoBAoIBAQDZIMxds649A6T2DuRc/oMcnz3IgyhugB5DvObcNW35Z+BvhQ3nsDIU\n+0Hm/TvIkgdmS3wD3gqII9rZQRx29AD31Su4CPsMsxkASStA7+uWfYG3VQE0UygD\nlF2UCe8Khj9AjrOseDY9uGN6W26xejDnUTPVIh3IZmMUS5zwGYzlasI+rc9svexw\nPgGx3sCzynpjcsDcp8fpfJNQkg8TI9BHd4XgVs5S1qd3OKy0SI3suKG6tLrrV6st\nF28r6FICElUDO/Da5W9lE46Z7nqkBZFfwyPgM4ZSeqr2K2M2/fcZNXYWaWqj2LBN\n1aeKxKeWLX5FaChWPS4aZO5fMCYyBzohAoIBAQCIzX7rtRI+EyhAK4k3HZuIueBw\neQZ4NHN2DhOMi9/vknJb9CMxJ9A1Y8EgH8kA1MPGtYJO7aoSuUzDjx0KsIbuPuO6\nmDDIj//yaPdjpnGNBKTRHD5EIt3EB+xl46VU3T8w2BqqfjPIjpyUys0FqTr1KmQ+\nyQwHDO49MdyBdcFJuigBElN7YbHYxbxUWkyQO3Aw6advB+gtNRJsJeQuqc8+NcDv\nVXnb2X93cufaTe29q17N0IvyNjGFkq4G3yaA76J3EBOtGK6MyrKEEy0+NGEGTUZT\n8+BiiqX79n0nobluqWcPT8ZTC4qYkMYb00HEf+9Hko6lx3y8GHGqrhj7uk5K\n-----END RSA PRIVATE KEY-----\n",
            "content_base64": null,
            "content_base64sha256": "6XvqLKzNmkTL3UFphMlMDWKNzu/5WHnRU2oTETFMQss=",
            "content_base64sha512": "yr+RLQy8aRUyNmjnJgKd4YmuIBsMDMaBDNFR1cJRzrPha+/mSO4zd12DQ+j6L4jXOwQ/ZQJfDpnCBXsE2yuIOg==",
            "content_md5": "8e7f535b130130b60c05e48dd47ab645",
            "content_sha1": "0938b102863b8b076ce0ca51ecfbf003d614767d",
            "content_sha256": "e97bea2caccd9a44cbdd416984c94c0d628dceeff95879d1536a1311314c42cb",
            "content_sha512": "cabf912d0cbc6915323668e726029de189ae201b0c0cc6810cd151d5c251ceb3e16befe648ee33775d8343e8fa2f88d73b043f65025f0e99c2057b04db2b883a",
            "directory_permission": "0777",
            "file_permission": "0400",
            "filename": "../pem/nfs-server-ap-south-1.pem",
            "id": "0938b102863b8b076ce0ca51ecfbf003d614767d",
            "sensitive_content": null,
            "source": null
          },
          "sensitive_attributes": [
            [
              {
                "type": "get_attr",
                "value": "content"
              }
            ]
          ],
          "dependencies": [
            "aws_key_pair.pem",
            "tls_private_key.pk"
          ]
        }
      ]
    },
    {
      "mode": "managed",
      "type": "random_string",
      "name": "bitbucket_password",
      "provider": "provider[\"registry.terraform.io/hashicorp/random\"]",
      "instances": [
        {
          "schema_version": 2,
          "attributes": {
            "id": "_(\u003c\u003c+mjpa-",
            "keepers": null,
            "length": 10,
            "lower": true,
            "min_lower": 0,
            "min_numeric": 0,
            "min_special": 0,
            "min_upper": 0,
            "number": true,
            "numeric": true,
            "override_special": null,
            "result": "_(\u003c\u003c+mjpa-",
            "special": true,
            "upper": false
          },
          "sensitive_attributes": []
        }
      ]
    },
    {
      "mode": "managed",
      "type": "random_string",
      "name": "db_password",
      "provider": "provider[\"registry.terraform.io/hashicorp/random\"]",
      "instances": [
        {
          "schema_version": 2,
          "attributes": {
            "id": "?c2f5)v=cl",
            "keepers": null,
            "length": 10,
            "lower": true,
            "min_lower": 0,
            "min_numeric": 0,
            "min_special": 0,
            "min_upper": 0,
            "number": true,
            "numeric": true,
            "override_special": null,
            "result": "?c2f5)v=cl",
            "special": true,
            "upper": false
          },
          "sensitive_attributes": []
        }
      ]
    },
    {
      "mode": "managed",
      "type": "random_string",
      "name": "es_password",
      "provider": "provider[\"registry.terraform.io/hashicorp/random\"]",
      "instances": [
        {
          "schema_version": 2,
          "attributes": {
            "id": "dn[bs@q:0\u0026",
            "keepers": null,
            "length": 10,
            "lower": true,
            "min_lower": 0,
            "min_numeric": 0,
            "min_special": 0,
            "min_upper": 0,
            "number": true,
            "numeric": true,
            "override_special": null,
            "result": "dn[bs@q:0\u0026",
            "special": true,
            "upper": false
          },
          "sensitive_attributes": []
        }
      ]
    },
    {
      "mode": "managed",
      "type": "tls_private_key",
      "name": "pk",
      "provider": "provider[\"registry.terraform.io/hashicorp/tls\"]",
      "instances": [
        {
          "schema_version": 1,
          "attributes": {
            "algorithm": "RSA",
            "ecdsa_curve": "P224",
            "id": "b593e7f2db254ad2cf0acb38c23d2f102650cca1",
            "private_key_openssh": "-----BEGIN OPENSSH PRIVATE KEY-----\nb3BlbnNzaC1rZXktdjEAAAAABG5vbmUAAAAEbm9uZQAAAAAAAAABAAACFwAAAAdz\nc2gtcnNhAAAAAwEAAQAAAgEAtFKxCf+jC7pAqHEVVNtN+0XfMVkvX80PzQ9Q3ziI\nlUuBf7TEi2t7vH0ZpP1y1gZzW7cYzV7v2M4rXUJxXelVR2cIKTHXMuA2KM8mN6RT\nUJPVO8aCibUmeD2EAyh5F37TW5/qJKsdlSAzdDqbrr8/1Wf1xGENCQw/lwHg9WcH\ntO0kea7o1KCDsHuCosTBRw1YnzXzfzgF60xrM1TpDJ3LEfzETlStGZfFEYzW3rfP\ngkDNjpcFfxdOQCam3krdTnyNnyJVuNSohXiDRLfa2+6tmdnBy9rpMyCmeJQAQ/8i\ns6RIQtR10C0rNcaF2huoqAjJ1jNV/irqOvCcxGUPFsamLX4LRdwL5TCoXOmv7CO8\n3ZSG2vZPdtBYmk56zvAIA7XOVtDEUNkdMIfG0seq1wwVGMSME1h7KkWEU/+FIci+\nRU5Yw6Wo2LrhIKv4E2xWSXk7PMxqXTYSJF/pfGS4PTVPRubLnjdmhK9HbJrrqxUU\ngekhPNeFShFbv76MXsxSglwRILmZRZlMkxBso2yNf4m759apdjPD7Lbpqj2wDwcD\nuUqSuYVxS1HF443dfemBDkpFK4Dw4X2UK5wjmJO+vCTI/MUxx/ZtwXeDznyeHR61\nX7uWkRam4zp+4CBDTcONvZgK2WsMdIW+f0kAydvU1/03s/GeddfedwJfV/bBYKq+\nfiEAAAc4R1iL8EdYi/AAAAAHc3NoLXJzYQAAAgEAtFKxCf+jC7pAqHEVVNtN+0Xf\nMVkvX80PzQ9Q3ziIlUuBf7TEi2t7vH0ZpP1y1gZzW7cYzV7v2M4rXUJxXelVR2cI\nKTHXMuA2KM8mN6RTUJPVO8aCibUmeD2EAyh5F37TW5/qJKsdlSAzdDqbrr8/1Wf1\nxGENCQw/lwHg9WcHtO0kea7o1KCDsHuCosTBRw1YnzXzfzgF60xrM1TpDJ3LEfzE\nTlStGZfFEYzW3rfPgkDNjpcFfxdOQCam3krdTnyNnyJVuNSohXiDRLfa2+6tmdnB\ny9rpMyCmeJQAQ/8is6RIQtR10C0rNcaF2huoqAjJ1jNV/irqOvCcxGUPFsamLX4L\nRdwL5TCoXOmv7CO83ZSG2vZPdtBYmk56zvAIA7XOVtDEUNkdMIfG0seq1wwVGMSM\nE1h7KkWEU/+FIci+RU5Yw6Wo2LrhIKv4E2xWSXk7PMxqXTYSJF/pfGS4PTVPRubL\nnjdmhK9HbJrrqxUUgekhPNeFShFbv76MXsxSglwRILmZRZlMkxBso2yNf4m759ap\ndjPD7Lbpqj2wDwcDuUqSuYVxS1HF443dfemBDkpFK4Dw4X2UK5wjmJO+vCTI/MUx\nx/ZtwXeDznyeHR61X7uWkRam4zp+4CBDTcONvZgK2WsMdIW+f0kAydvU1/03s/Ge\nddfedwJfV/bBYKq+fiEAAAADAQABAAACACu1A15mDRIRogxx5Ha99UfbZr7iXB4/\naP4OIU8Jt+lf9NKMcTtN4R8Nv4KDQCtqQtnPJn7Y7Q/C4TXoneviW55D9fFuODgH\nqnj3xM6l0N/uBThI5GkWdG2ek3nkfH1aa0aBG1Kp+zCjLnWUoxmXF5TVbvebgnpX\n8q3acblpsK+E71tjLuIiyeij90UWpbZgIMPuYsfKP30J983oXdiGAquodbh6w745\nUDXxyj8PlIeAx5IxPs7QSlI4TCgDQ2L7w6P3wYlcWkCHtmGYor6+OmvZISUVOYL/\n/fmp/ep9U97xCebQ8oF0AU42gUkdfSLFho6ZwNUrd7yzh3v+9spRegOSaIvRytcU\neZ/1RgpPw1BpvntlEoLo4EYKZhfx78HD+9rD4vBIKC0u1x1bFhePBDzlh3AwO1gP\nOd3cvRfP/UuTfIEPQ2MsHeDaUHxu4Tjh4k9L0Hkuo6BFEDMaz3UdVwafyE8sM9R7\nbCQUT2YccE6yQcgOvpBuf4ofIgA/q5Gxam7/eNApE/XaMrwx1iPLp5JxiiJ3X/hA\nZpsn503S36E1fDGoM+JcNNqV1aGTJIkh7JagN2sTGXtK+KayBJZSkVhbVN/0BX51\nS/M8pRGLsElrD/UQh9C9j0qdOzVcyNnICgQGkBmTfJVaqEpwDjfcths57ghl2hqz\nnSz3FRCmkYkBAAABAQCIzX7rtRI+EyhAK4k3HZuIueBweQZ4NHN2DhOMi9/vknJb\n9CMxJ9A1Y8EgH8kA1MPGtYJO7aoSuUzDjx0KsIbuPuO6mDDIj//yaPdjpnGNBKTR\nHD5EIt3EB+xl46VU3T8w2BqqfjPIjpyUys0FqTr1KmQ+yQwHDO49MdyBdcFJuigB\nElN7YbHYxbxUWkyQO3Aw6advB+gtNRJsJeQuqc8+NcDvVXnb2X93cufaTe29q17N\n0IvyNjGFkq4G3yaA76J3EBOtGK6MyrKEEy0+NGEGTUZT8+BiiqX79n0nobluqWcP\nT8ZTC4qYkMYb00HEf+9Hko6lx3y8GHGqrhj7uk5KAAABAQDIPh+7q5drL4FYvRjV\nat0Xq2oTVp6fxP3QgpfAX2CcMlaZEsVW6upfrh+cgocyxl7A3Tm6FhrC+t7VZcHQ\nvcWyXBisAUA8hOj/5sBl3qhE5qljWuzkjFJ//7UcTh7k3NtNbNQ155gQk4bx5nOY\njR4upvjkQtn4YlKu2n37gyNdr43fAh09F6e6QrJHvC14qy/ux9evsEXFFLYPxQTf\nCmLNr7T/OpWRa4ifFtA+OJUiqvrVhigEiF+ZR/bfiL/+ovFRzxnftn9VlavptqZH\nxbU1AqpwGqZ3mBZJC/CsRodpw23LYPQUcT0xlXXwrebd3vLJOHUiJ/AlWiEdO7F6\nGhcxAAABAQDmiKMI6sHIv5VFRMPWgVCt3fwqtIN+q8UwmGbCdnDrZTHoJosOSK+J\nrE03clZwQG7rGdj+2wYWzcVxoRUTwG3OCp2J0dgovGnSThnnpK1i4suOUuZRFzfk\nlEf/9vz1LkRcMhWhEyFtbTR5upPZUSx5aQhUTI5IELQSrJ5HWE0reKD07UEdqMLR\nniWblgEOQVaYuibEXzWMNSwoVaqaPnkzEd02G/sYqg0liME4oh8HDYWzKvtQVBoy\nqIzCOiMpty9k7QOFOyR/t8BrONiaJmTNj9qWi/WB12Uf2mn/9IMemf80A57wvkPT\n/w9jcjyDcVDpEz4hDW46Dx28sMQpoPnxAAAAAAEC\n-----END OPENSSH PRIVATE KEY-----\n",
            "private_key_pem": "-----BEGIN RSA PRIVATE KEY-----\nMIIJKQIBAAKCAgEAtFKxCf+jC7pAqHEVVNtN+0XfMVkvX80PzQ9Q3ziIlUuBf7TE\ni2t7vH0ZpP1y1gZzW7cYzV7v2M4rXUJxXelVR2cIKTHXMuA2KM8mN6RTUJPVO8aC\nibUmeD2EAyh5F37TW5/qJKsdlSAzdDqbrr8/1Wf1xGENCQw/lwHg9WcHtO0kea7o\n1KCDsHuCosTBRw1YnzXzfzgF60xrM1TpDJ3LEfzETlStGZfFEYzW3rfPgkDNjpcF\nfxdOQCam3krdTnyNnyJVuNSohXiDRLfa2+6tmdnBy9rpMyCmeJQAQ/8is6RIQtR1\n0C0rNcaF2huoqAjJ1jNV/irqOvCcxGUPFsamLX4LRdwL5TCoXOmv7CO83ZSG2vZP\ndtBYmk56zvAIA7XOVtDEUNkdMIfG0seq1wwVGMSME1h7KkWEU/+FIci+RU5Yw6Wo\n2LrhIKv4E2xWSXk7PMxqXTYSJF/pfGS4PTVPRubLnjdmhK9HbJrrqxUUgekhPNeF\nShFbv76MXsxSglwRILmZRZlMkxBso2yNf4m759apdjPD7Lbpqj2wDwcDuUqSuYVx\nS1HF443dfemBDkpFK4Dw4X2UK5wjmJO+vCTI/MUxx/ZtwXeDznyeHR61X7uWkRam\n4zp+4CBDTcONvZgK2WsMdIW+f0kAydvU1/03s/GeddfedwJfV/bBYKq+fiECAwEA\nAQKCAgArtQNeZg0SEaIMceR2vfVH22a+4lweP2j+DiFPCbfpX/TSjHE7TeEfDb+C\ng0ArakLZzyZ+2O0PwuE16J3r4lueQ/Xxbjg4B6p498TOpdDf7gU4SORpFnRtnpN5\n5Hx9WmtGgRtSqfswoy51lKMZlxeU1W73m4J6V/Kt2nG5abCvhO9bYy7iIsnoo/dF\nFqW2YCDD7mLHyj99CffN6F3YhgKrqHW4esO+OVA18co/D5SHgMeSMT7O0EpSOEwo\nA0Ni+8Oj98GJXFpAh7ZhmKK+vjpr2SElFTmC//35qf3qfVPe8Qnm0PKBdAFONoFJ\nHX0ixYaOmcDVK3e8s4d7/vbKUXoDkmiL0crXFHmf9UYKT8NQab57ZRKC6OBGCmYX\n8e/Bw/vaw+LwSCgtLtcdWxYXjwQ85YdwMDtYDznd3L0Xz/1Lk3yBD0NjLB3g2lB8\nbuE44eJPS9B5LqOgRRAzGs91HVcGn8hPLDPUe2wkFE9mHHBOskHIDr6Qbn+KHyIA\nP6uRsWpu/3jQKRP12jK8MdYjy6eScYoid1/4QGabJ+dN0t+hNXwxqDPiXDTaldWh\nkySJIeyWoDdrExl7SvimsgSWUpFYW1Tf9AV+dUvzPKURi7BJaw/1EIfQvY9KnTs1\nXMjZyAoEBpAZk3yVWqhKcA433LYbOe4IZdoas50s9xUQppGJAQKCAQEAyD4fu6uX\nay+BWL0Y1WrdF6tqE1aen8T90IKXwF9gnDJWmRLFVurqX64fnIKHMsZewN05uhYa\nwvre1WXB0L3FslwYrAFAPITo/+bAZd6oROapY1rs5IxSf/+1HE4e5NzbTWzUNeeY\nEJOG8eZzmI0eLqb45ELZ+GJSrtp9+4MjXa+N3wIdPRenukKyR7wteKsv7sfXr7BF\nxRS2D8UE3wpiza+0/zqVkWuInxbQPjiVIqr61YYoBIhfmUf234i//qLxUc8Z37Z/\nVZWr6bamR8W1NQKqcBqmd5gWSQvwrEaHacNty2D0FHE9MZV18K3m3d7yyTh1Iifw\nJVohHTuxehoXMQKCAQEA5oijCOrByL+VRUTD1oFQrd38KrSDfqvFMJhmwnZw62Ux\n6CaLDkiviaxNN3JWcEBu6xnY/tsGFs3FcaEVE8BtzgqdidHYKLxp0k4Z56StYuLL\njlLmURc35JRH//b89S5EXDIVoRMhbW00ebqT2VEseWkIVEyOSBC0EqyeR1hNK3ig\n9O1BHajC0Z4lm5YBDkFWmLomxF81jDUsKFWqmj55MxHdNhv7GKoNJYjBOKIfBw2F\nsyr7UFQaMqiMwjojKbcvZO0DhTskf7fAazjYmiZkzY/alov1gddlH9pp//SDHpn/\nNAOe8L5D0/8PY3I8g3FQ6RM+IQ1uOg8dvLDEKaD58QKCAQBK/fkkb77lhYULlsYW\nJ09l7exsEaSWcVAdJstuYEnuNWv5J+5//rqH2s477yZy/Ze+4xsbdevP2eRaRyGu\n62N+yL70rANCpwQb0m97t0eNhlUpwIO3lFXRWhKZ5yfqzkvTU06mYXWxv45qScRA\n/ZiwIBhWZDL9stUEZw+HgjVcgMLBIimRF6rZNuFNvEvLRVFOO8mrInj+tiL5BPAu\nF9Wo8oT2kRoyu/MOoZybsNUphp8qGHQkPm6PGUR7sts0ohF+cfFetxo5EzSu8piT\niJe0oqryEQkHAQ5XjQE1g7RzB5227Th772zbhP4GhRpRPY3vjhVQFWT6mCaOrCxr\nbhoBAoIBAQDZIMxds649A6T2DuRc/oMcnz3IgyhugB5DvObcNW35Z+BvhQ3nsDIU\n+0Hm/TvIkgdmS3wD3gqII9rZQRx29AD31Su4CPsMsxkASStA7+uWfYG3VQE0UygD\nlF2UCe8Khj9AjrOseDY9uGN6W26xejDnUTPVIh3IZmMUS5zwGYzlasI+rc9svexw\nPgGx3sCzynpjcsDcp8fpfJNQkg8TI9BHd4XgVs5S1qd3OKy0SI3suKG6tLrrV6st\nF28r6FICElUDO/Da5W9lE46Z7nqkBZFfwyPgM4ZSeqr2K2M2/fcZNXYWaWqj2LBN\n1aeKxKeWLX5FaChWPS4aZO5fMCYyBzohAoIBAQCIzX7rtRI+EyhAK4k3HZuIueBw\neQZ4NHN2DhOMi9/vknJb9CMxJ9A1Y8EgH8kA1MPGtYJO7aoSuUzDjx0KsIbuPuO6\nmDDIj//yaPdjpnGNBKTRHD5EIt3EB+xl46VU3T8w2BqqfjPIjpyUys0FqTr1KmQ+\nyQwHDO49MdyBdcFJuigBElN7YbHYxbxUWkyQO3Aw6advB+gtNRJsJeQuqc8+NcDv\nVXnb2X93cufaTe29q17N0IvyNjGFkq4G3yaA76J3EBOtGK6MyrKEEy0+NGEGTUZT\n8+BiiqX79n0nobluqWcPT8ZTC4qYkMYb00HEf+9Hko6lx3y8GHGqrhj7uk5K\n-----END RSA PRIVATE KEY-----\n",
            "private_key_pem_pkcs8": "-----BEGIN PRIVATE KEY-----\nMIIJQwIBADANBgkqhkiG9w0BAQEFAASCCS0wggkpAgEAAoICAQC0UrEJ/6MLukCo\ncRVU2037Rd8xWS9fzQ/ND1DfOIiVS4F/tMSLa3u8fRmk/XLWBnNbtxjNXu/Yzitd\nQnFd6VVHZwgpMdcy4DYozyY3pFNQk9U7xoKJtSZ4PYQDKHkXftNbn+okqx2VIDN0\nOpuuvz/VZ/XEYQ0JDD+XAeD1Zwe07SR5rujUoIOwe4KixMFHDVifNfN/OAXrTGsz\nVOkMncsR/MROVK0Zl8URjNbet8+CQM2OlwV/F05AJqbeSt1OfI2fIlW41KiFeINE\nt9rb7q2Z2cHL2ukzIKZ4lABD/yKzpEhC1HXQLSs1xoXaG6ioCMnWM1X+Kuo68JzE\nZQ8WxqYtfgtF3AvlMKhc6a/sI7zdlIba9k920FiaTnrO8AgDtc5W0MRQ2R0wh8bS\nx6rXDBUYxIwTWHsqRYRT/4UhyL5FTljDpajYuuEgq/gTbFZJeTs8zGpdNhIkX+l8\nZLg9NU9G5sueN2aEr0dsmuurFRSB6SE814VKEVu/voxezFKCXBEguZlFmUyTEGyj\nbI1/ibvn1ql2M8PstumqPbAPBwO5SpK5hXFLUcXjjd196YEOSkUrgPDhfZQrnCOY\nk768JMj8xTHH9m3Bd4POfJ4dHrVfu5aRFqbjOn7gIENNw429mArZawx0hb5/SQDJ\n29TX/Tez8Z511953Al9X9sFgqr5+IQIDAQABAoICACu1A15mDRIRogxx5Ha99Ufb\nZr7iXB4/aP4OIU8Jt+lf9NKMcTtN4R8Nv4KDQCtqQtnPJn7Y7Q/C4TXoneviW55D\n9fFuODgHqnj3xM6l0N/uBThI5GkWdG2ek3nkfH1aa0aBG1Kp+zCjLnWUoxmXF5TV\nbvebgnpX8q3acblpsK+E71tjLuIiyeij90UWpbZgIMPuYsfKP30J983oXdiGAquo\ndbh6w745UDXxyj8PlIeAx5IxPs7QSlI4TCgDQ2L7w6P3wYlcWkCHtmGYor6+OmvZ\nISUVOYL//fmp/ep9U97xCebQ8oF0AU42gUkdfSLFho6ZwNUrd7yzh3v+9spRegOS\naIvRytcUeZ/1RgpPw1BpvntlEoLo4EYKZhfx78HD+9rD4vBIKC0u1x1bFhePBDzl\nh3AwO1gPOd3cvRfP/UuTfIEPQ2MsHeDaUHxu4Tjh4k9L0Hkuo6BFEDMaz3UdVwaf\nyE8sM9R7bCQUT2YccE6yQcgOvpBuf4ofIgA/q5Gxam7/eNApE/XaMrwx1iPLp5Jx\niiJ3X/hAZpsn503S36E1fDGoM+JcNNqV1aGTJIkh7JagN2sTGXtK+KayBJZSkVhb\nVN/0BX51S/M8pRGLsElrD/UQh9C9j0qdOzVcyNnICgQGkBmTfJVaqEpwDjfcths5\n7ghl2hqznSz3FRCmkYkBAoIBAQDIPh+7q5drL4FYvRjVat0Xq2oTVp6fxP3QgpfA\nX2CcMlaZEsVW6upfrh+cgocyxl7A3Tm6FhrC+t7VZcHQvcWyXBisAUA8hOj/5sBl\n3qhE5qljWuzkjFJ//7UcTh7k3NtNbNQ155gQk4bx5nOYjR4upvjkQtn4YlKu2n37\ngyNdr43fAh09F6e6QrJHvC14qy/ux9evsEXFFLYPxQTfCmLNr7T/OpWRa4ifFtA+\nOJUiqvrVhigEiF+ZR/bfiL/+ovFRzxnftn9VlavptqZHxbU1AqpwGqZ3mBZJC/Cs\nRodpw23LYPQUcT0xlXXwrebd3vLJOHUiJ/AlWiEdO7F6GhcxAoIBAQDmiKMI6sHI\nv5VFRMPWgVCt3fwqtIN+q8UwmGbCdnDrZTHoJosOSK+JrE03clZwQG7rGdj+2wYW\nzcVxoRUTwG3OCp2J0dgovGnSThnnpK1i4suOUuZRFzfklEf/9vz1LkRcMhWhEyFt\nbTR5upPZUSx5aQhUTI5IELQSrJ5HWE0reKD07UEdqMLRniWblgEOQVaYuibEXzWM\nNSwoVaqaPnkzEd02G/sYqg0liME4oh8HDYWzKvtQVBoyqIzCOiMpty9k7QOFOyR/\nt8BrONiaJmTNj9qWi/WB12Uf2mn/9IMemf80A57wvkPT/w9jcjyDcVDpEz4hDW46\nDx28sMQpoPnxAoIBAEr9+SRvvuWFhQuWxhYnT2Xt7GwRpJZxUB0my25gSe41a/kn\n7n/+uofazjvvJnL9l77jGxt168/Z5FpHIa7rY37IvvSsA0KnBBvSb3u3R42GVSnA\ng7eUVdFaEpnnJ+rOS9NTTqZhdbG/jmpJxED9mLAgGFZkMv2y1QRnD4eCNVyAwsEi\nKZEXqtk24U28S8tFUU47yasieP62IvkE8C4X1ajyhPaRGjK78w6hnJuw1SmGnyoY\ndCQ+bo8ZRHuy2zSiEX5x8V63GjkTNK7ymJOIl7SiqvIRCQcBDleNATWDtHMHnbbt\nOHvvbNuE/gaFGlE9je+OFVAVZPqYJo6sLGtuGgECggEBANkgzF2zrj0DpPYO5Fz+\ngxyfPciDKG6AHkO85tw1bfln4G+FDeewMhT7Qeb9O8iSB2ZLfAPeCogj2tlBHHb0\nAPfVK7gI+wyzGQBJK0Dv65Z9gbdVATRTKAOUXZQJ7wqGP0COs6x4Nj24Y3pbbrF6\nMOdRM9UiHchmYxRLnPAZjOVqwj6tz2y97HA+AbHewLPKemNywNynx+l8k1CSDxMj\n0Ed3heBWzlLWp3c4rLRIjey4obq0uutXqy0XbyvoUgISVQM78Nrlb2UTjpnueqQF\nkV/DI+AzhlJ6qvYrYzb99xk1dhZpaqPYsE3Vp4rEp5YtfkVoKFY9Lhpk7l8wJjIH\nOiECggEBAIjNfuu1Ej4TKEAriTcdm4i54HB5Bng0c3YOE4yL3++Sclv0IzEn0DVj\nwSAfyQDUw8a1gk7tqhK5TMOPHQqwhu4+47qYMMiP//Jo92OmcY0EpNEcPkQi3cQH\n7GXjpVTdPzDYGqp+M8iOnJTKzQWpOvUqZD7JDAcM7j0x3IF1wUm6KAESU3thsdjF\nvFRaTJA7cDDpp28H6C01Emwl5C6pzz41wO9VedvZf3dy59pN7b2rXs3Qi/I2MYWS\nrgbfJoDvoncQE60YrozKsoQTLT40YQZNRlPz4GKKpfv2fSehuW6pZw9PxlMLipiQ\nxhvTQcR/70eSjqXHfLwYcaquGPu6Tko=\n-----END PRIVATE KEY-----\n",
            "public_key_fingerprint_md5": "e5:73:a4:f1:df:11:24:16:f5:29:17:4a:89:75:6c:50",
            "public_key_fingerprint_sha256": "SHA256:YFfoc3Lgd+SsLMHzxE84+PhHDstmaXKIKflbUlhB3XA",
            "public_key_openssh": "ssh-rsa AAAAB3NzaC1yc2EAAAADAQABAAACAQC0UrEJ/6MLukCocRVU2037Rd8xWS9fzQ/ND1DfOIiVS4F/tMSLa3u8fRmk/XLWBnNbtxjNXu/YzitdQnFd6VVHZwgpMdcy4DYozyY3pFNQk9U7xoKJtSZ4PYQDKHkXftNbn+okqx2VIDN0Opuuvz/VZ/XEYQ0JDD+XAeD1Zwe07SR5rujUoIOwe4KixMFHDVifNfN/OAXrTGszVOkMncsR/MROVK0Zl8URjNbet8+CQM2OlwV/F05AJqbeSt1OfI2fIlW41KiFeINEt9rb7q2Z2cHL2ukzIKZ4lABD/yKzpEhC1HXQLSs1xoXaG6ioCMnWM1X+Kuo68JzEZQ8WxqYtfgtF3AvlMKhc6a/sI7zdlIba9k920FiaTnrO8AgDtc5W0MRQ2R0wh8bSx6rXDBUYxIwTWHsqRYRT/4UhyL5FTljDpajYuuEgq/gTbFZJeTs8zGpdNhIkX+l8ZLg9NU9G5sueN2aEr0dsmuurFRSB6SE814VKEVu/voxezFKCXBEguZlFmUyTEGyjbI1/ibvn1ql2M8PstumqPbAPBwO5SpK5hXFLUcXjjd196YEOSkUrgPDhfZQrnCOYk768JMj8xTHH9m3Bd4POfJ4dHrVfu5aRFqbjOn7gIENNw429mArZawx0hb5/SQDJ29TX/Tez8Z511953Al9X9sFgqr5+IQ==\n",
            "public_key_pem": "-----BEGIN PUBLIC KEY-----\nMIICIjANBgkqhkiG9w0BAQEFAAOCAg8AMIICCgKCAgEAtFKxCf+jC7pAqHEVVNtN\n+0XfMVkvX80PzQ9Q3ziIlUuBf7TEi2t7vH0ZpP1y1gZzW7cYzV7v2M4rXUJxXelV\nR2cIKTHXMuA2KM8mN6RTUJPVO8aCibUmeD2EAyh5F37TW5/qJKsdlSAzdDqbrr8/\n1Wf1xGENCQw/lwHg9WcHtO0kea7o1KCDsHuCosTBRw1YnzXzfzgF60xrM1TpDJ3L\nEfzETlStGZfFEYzW3rfPgkDNjpcFfxdOQCam3krdTnyNnyJVuNSohXiDRLfa2+6t\nmdnBy9rpMyCmeJQAQ/8is6RIQtR10C0rNcaF2huoqAjJ1jNV/irqOvCcxGUPFsam\nLX4LRdwL5TCoXOmv7CO83ZSG2vZPdtBYmk56zvAIA7XOVtDEUNkdMIfG0seq1wwV\nGMSME1h7KkWEU/+FIci+RU5Yw6Wo2LrhIKv4E2xWSXk7PMxqXTYSJF/pfGS4PTVP\nRubLnjdmhK9HbJrrqxUUgekhPNeFShFbv76MXsxSglwRILmZRZlMkxBso2yNf4m7\n59apdjPD7Lbpqj2wDwcDuUqSuYVxS1HF443dfemBDkpFK4Dw4X2UK5wjmJO+vCTI\n/MUxx/ZtwXeDznyeHR61X7uWkRam4zp+4CBDTcONvZgK2WsMdIW+f0kAydvU1/03\ns/GeddfedwJfV/bBYKq+fiECAwEAAQ==\n-----END PUBLIC KEY-----\n",
            "rsa_bits": 4096
          },
          "sensitive_attributes": []
        }
      ]
    }
  ],
  "check_results": [
    {
      "object_kind": "resource",
      "config_addr": "aws_instance.nfs-server",
      "status": "pass",
      "objects": [
        {
          "object_addr": "aws_instance.nfs-server",
          "status": "pass"
        }
      ]
    }
  ]
}
