{
  "version": 4,
  "terraform_version": "1.4.6",
  "serial": 7,
  "lineage": "9f335ad8-9f16-4b9f-1e01-a1643f175d5d",
  "outputs": {},
  "resources": [
    {
      "mode": "data",
      "type": "aws_caller_identity",
      "name": "current",
      "provider": "provider[\"registry.terraform.io/hashicorp/aws\"]",
      "instances": [
        {
          "schema_version": 0,
          "attributes": {
            "account_id": "998516096174",
            "arn": "arn:aws:iam::998516096174:user/svc-terraform",
            "id": "998516096174",
            "user_id": "AIDA6Q7BSPSXNVRO46LMO"
          },
          "sensitive_attributes": []
        }
      ]
    },
    {
      "mode": "data",
      "type": "aws_eks_cluster",
      "name": "example",
      "provider": "provider[\"registry.terraform.io/hashicorp/aws\"]",
      "instances": [
        {
          "schema_version": 0,
          "attributes": {
            "arn": "arn:aws:eks:ap-south-1:998516096174:cluster/bitbucket-cluster",
            "certificate_authority": [
              {
                "data": "LS0tLS1CRUdJTiBDRVJUSUZJQ0FURS0tLS0tCk1JSUMvakNDQWVhZ0F3SUJBZ0lCQURBTkJna3Foa2lHOXcwQkFRc0ZBREFWTVJNd0VRWURWUVFERXdwcmRXSmwKY201bGRHVnpNQjRYRFRJek1EWXlOekV5TVRFeU9Gb1hEVE16TURZeU5ERXlNVEV5T0Zvd0ZURVRNQkVHQTFVRQpBeE1LYTNWaVpYSnVaWFJsY3pDQ0FTSXdEUVlKS29aSWh2Y05BUUVCQlFBRGdnRVBBRENDQVFvQ2dnRUJBTEtWClNnMU43eER5QmFUU1d5MXVUN0d1LzJUaWdSbi9Ca2x0N1FxSjAvdVQzUWl3TjhTOWl1cWFkdVBhdGhuVllLMVIKaEdlbWx4eDhXQ3I0bTc1cWdzMGZqYmx1cUNkU0NZZVJHanFaa2gvbTdIanVvbG53M3poOHFwQVFxUFplZllDUgpSbVVra2tKSnZXK1d6Q0VxVFE3V25kY3cyeXg1dnZYWWFYWXRoK0FxaXVHalFCWGs4TWhnbnFwKzhJWU40dkZ0Clo0dTBoa2dyRUQzNGo1eDQ4VDB5NVVrTkFNRkdGdXJwYndIMVRRcmo4YmZGcHFFcHpCZ0VLVUJyNGdpU1k0ZzQKeWtUSWhWOVlueEtKQzZMNDI3WTFibGJ4SUtrdjhXR1FMaE15VnNnQW1nQ1UwSmsxQ2JoYlRrcnRKZ1NDUU10ZApmVHI0UHZNbEVqK3JudjE1UFJzQ0F3RUFBYU5aTUZjd0RnWURWUjBQQVFIL0JBUURBZ0trTUE4R0ExVWRFd0VCCi93UUZNQU1CQWY4d0hRWURWUjBPQkJZRUZGSjZWWjNyUFAyYUNkY1crRnJRNnpHS2F6K1FNQlVHQTFVZEVRUU8KTUF5Q0NtdDFZbVZ5Ym1WMFpYTXdEUVlKS29aSWh2Y05BUUVMQlFBRGdnRUJBSnd0aURTWGtuRFNHcUFocDJ1cwo4ekFKS3IxRUc5UU00QlE0c3R5NndTMCtOQldCYTJ4Q2Z1Ri9mdkJqV1Qxd2ZpMVN3aUhNM0VoQkFoamc4ZXVtCkloaWQvSVRMQ2UxRitaQlQ1ZU9wbDJ5aXloWVBBWFZtVC92R3VFNC9lclpWOUhxelE3YnYwWnNJend0dmxBOWcKVWpEdnAwQzBITmxnZ2V4R3ZyazJSNE9NVHZrWFR3bVA4d2dBNjNjNnZmb2FTUjFZTlQxS3dLTHprOTR4Z09tQwoyRjZKeHZxYnhMakdWcE5LMEVFV3BNdmg4VlY2M012UmU0dVlQZnNmc3pZekIrRFgwMDNzNWdCQnI5VkNpWGVlClhXOC9kY0xnTU9YL2Fvbnk1SC9TWHdxaHphTktTYlA5WXNRV3BrNERkUXNrOElSanZ0K2VhV1JPNENOWjdXUlQKMVY4PQotLS0tLUVORCBDRVJUSUZJQ0FURS0tLS0tCg=="
              }
            ],
            "cluster_id": null,
            "created_at": "2023-06-27 12:06:06.869 +0000 UTC",
            "enabled_cluster_log_types": [
              "api",
              "audit",
              "authenticator"
            ],
            "endpoint": "https://93AC147034A6C64381B5A8BFDCDA07B9.gr7.ap-south-1.eks.amazonaws.com",
            "id": "bitbucket-cluster",
            "identity": [
              {
                "oidc": [
                  {
                    "issuer": "https://oidc.eks.ap-south-1.amazonaws.com/id/93AC147034A6C64381B5A8BFDCDA07B9"
                  }
                ]
              }
            ],
            "kubernetes_network_config": [
              {
                "ip_family": "ipv4",
                "service_ipv4_cidr": "172.20.0.0/16",
                "service_ipv6_cidr": ""
              }
            ],
            "name": "bitbucket-cluster",
            "outpost_config": [],
            "platform_version": "eks.2",
            "role_arn": "arn:aws:iam::998516096174:role/bitbucket-cluster-cluster-20230627120541868000000002",
            "status": "ACTIVE",
            "tags": {},
            "version": "1.27",
            "vpc_config": [
              {
                "cluster_security_group_id": "sg-008dac46322d7f0c2",
                "endpoint_private_access": true,
                "endpoint_public_access": true,
                "public_access_cidrs": [
                  "0.0.0.0/0"
                ],
                "security_group_ids": [
                  "sg-0c7e55860c21e39bb"
                ],
                "subnet_ids": [
                  "subnet-03ce94c2a2af0a2aa",
                  "subnet-072b3186da6c8e27d",
                  "subnet-073a5d0b35e22e05d"
                ],
                "vpc_id": "vpc-0f851beb2ba287c51"
              }
            ]
          },
          "sensitive_attributes": []
        }
      ]
    },
    {
      "mode": "data",
      "type": "aws_eks_cluster_auth",
      "name": "cluster",
      "provider": "provider[\"registry.terraform.io/hashicorp/aws\"]",
      "instances": [
        {
          "schema_version": 0,
          "attributes": {
            "id": "bitbucket-cluster",
            "name": "bitbucket-cluster",
            "token": "k8s-aws-v1.aHR0cHM6Ly9zdHMuYW1hem9uYXdzLmNvbS8_QWN0aW9uPUdldENhbGxlcklkZW50aXR5JlZlcnNpb249MjAxMS0wNi0xNSZYLUFtei1BbGdvcml0aG09QVdTNC1ITUFDLVNIQTI1NiZYLUFtei1DcmVkZW50aWFsPUFLSUE2UTdCU1BTWEhUVktGR0Y2JTJGMjAyMzA2MjglMkZ1cy1lYXN0LTElMkZzdHMlMkZhd3M0X3JlcXVlc3QmWC1BbXotRGF0ZT0yMDIzMDYyOFQxMTI3NTdaJlgtQW16LUV4cGlyZXM9MCZYLUFtei1TaWduZWRIZWFkZXJzPWhvc3QlM0J4LWs4cy1hd3MtaWQmWC1BbXotU2lnbmF0dXJlPTRhZjhlYTQzMTI1NjM2ZjFhYzU0NGRmZTkwNTdjNGRkM2ZiY2Q3ZjlkMzhmZjMxNzZjYWI2YzQ4ZTYwMmVmZGM"
          },
          "sensitive_attributes": []
        }
      ]
    },
    {
      "mode": "managed",
      "type": "helm_release",
      "name": "bitbucket-data-center",
      "provider": "provider[\"registry.terraform.io/hashicorp/helm\"]",
      "instances": [
        {
          "schema_version": 1,
          "attributes": {
            "atomic": false,
            "chart": "bitbucket",
            "cleanup_on_fail": false,
            "create_namespace": true,
            "dependency_update": false,
            "description": null,
            "devel": null,
            "disable_crd_hooks": false,
            "disable_openapi_validation": false,
            "disable_webhooks": false,
            "force_update": false,
            "id": "bitbucket",
            "keyring": null,
            "lint": false,
            "manifest": null,
            "max_history": 0,
            "metadata": [
              {
                "app_version": "8.9.0",
                "chart": "bitbucket",
                "name": "bitbucket",
                "namespace": "bitbucket",
                "revision": 1,
                "values": "{\"bitbucket\":{\"clustering\":{\"enabled\":true},\"elasticSearch\":{\"baseUrl\":\"elasticsearch-es-http.elastic.svc:9200\",\"credentials\":{\"secretName\":\"elk-auth-secret\"}},\"service\":{\"type\":\"NodePort\"},\"sysadminCredentials\":{\"secretName\":\"bitbucket-auth\"}},\"database\":{\"credentials\":{\"secretName\":\"mysql-auth\"},\"driver\":\"org.postgresql.Driver\",\"url\":\"jdbc:postgresql://bitbucket-rds-bitbucket-cluster.cmlkd6hzxk08.ap-south-1.rds.amazonaws.com:5432/bitbucket\"},\"ingress\":{\"annotations\":{\"alb.ingress.kubernetes.io/backend-protocol\":\"HTTP\",\"alb.ingress.kubernetes.io/listen-ports\":\"[{\\\"HTTP\\\": 80}]\",\"alb.ingress.kubernetes.io/scheme\":\"internet-facing\",\"kubernetes.io/ingress.class\":\"alb\"},\"className\":\"alb\",\"create\":true,\"nginx\":false,\"path\":\"/\"},\"replicaCount\":1,\"secretStoreName\":\"SecretsStore\",\"volumes\":{\"localHome\":{\"persistentVolume\":{\"storageClassName\":\"gp2\"},\"persistentVolumeClaim\":{\"create\":true,\"resources\":{\"requests\":{\"storage\":\"1Gi\"}},\"storageClassName\":\"gp2\"}},\"sharedHome\":{\"nfsPermissionFixer\":{\"enabled\":true},\"persistentVolume\":{\"create\":true,\"nfs\":{\"path\":\"/nfsshare\",\"server\":\"10.0.4.49\"}},\"persistentVolumeClaim\":{\"create\":true,\"storageClassName\":\"\"}}}}",
                "version": "1.12.0"
              }
            ],
            "name": "bitbucket",
            "namespace": "bitbucket",
            "pass_credentials": false,
            "postrender": [],
            "recreate_pods": false,
            "render_subchart_notes": true,
            "replace": false,
            "repository": null,
            "repository_ca_file": null,
            "repository_cert_file": null,
            "repository_key_file": null,
            "repository_password": null,
            "repository_username": null,
            "reset_values": false,
            "reuse_values": false,
            "set": [
              {
                "name": "bitbucket.clustering.enabled",
                "type": "",
                "value": "true"
              },
              {
                "name": "bitbucket.elasticSearch.baseUrl",
                "type": "",
                "value": "elasticsearch-es-http.elastic.svc:9200"
              },
              {
                "name": "bitbucket.elasticSearch.credentials.secretName",
                "type": "",
                "value": "elk-auth-secret"
              },
              {
                "name": "bitbucket.service.type",
                "type": "",
                "value": "ClusterIP"
              },
              {
                "name": "bitbucket.service.type",
                "type": "",
                "value": "NodePort"
              },
              {
                "name": "bitbucket.sysadminCredentials.secretName",
                "type": "string",
                "value": "bitbucket-auth"
              },
              {
                "name": "database.credentials.secretName",
                "type": "string",
                "value": "mysql-auth"
              },
              {
                "name": "database.driver",
                "type": "string",
                "value": "org.postgresql.Driver"
              },
              {
                "name": "database.url",
                "type": "string",
                "value": "jdbc:postgresql://bitbucket-rds-bitbucket-cluster.cmlkd6hzxk08.ap-south-1.rds.amazonaws.com:5432/bitbucket"
              },
              {
                "name": "ingress.annotations.alb\\.ingress\\.kubernetes\\.io/backend-protocol",
                "type": "string",
                "value": "HTTP"
              },
              {
                "name": "ingress.annotations.alb\\.ingress\\.kubernetes\\.io/listen-ports",
                "type": "string",
                "value": "[{\"HTTP\": 80}]"
              },
              {
                "name": "ingress.annotations.alb\\.ingress\\.kubernetes\\.io/scheme",
                "type": "string",
                "value": "internet-facing"
              },
              {
                "name": "ingress.annotations.kubernetes\\.io/ingress\\.class",
                "type": "string",
                "value": "alb"
              },
              {
                "name": "ingress.className",
                "type": "",
                "value": "alb"
              },
              {
                "name": "ingress.create",
                "type": "",
                "value": "true"
              },
              {
                "name": "ingress.nginx",
                "type": "",
                "value": "false"
              },
              {
                "name": "ingress.path",
                "type": "",
                "value": "/"
              },
              {
                "name": "replicaCount",
                "type": "",
                "value": "1"
              },
              {
                "name": "secretStoreName",
                "type": "",
                "value": "SecretsStore"
              },
              {
                "name": "volumes.localHome.persistentVolume.storageClassName",
                "type": "string",
                "value": "gp2"
              },
              {
                "name": "volumes.localHome.persistentVolumeClaim.create",
                "type": "",
                "value": "true"
              },
              {
                "name": "volumes.localHome.persistentVolumeClaim.resources.requests.storage",
                "type": "string",
                "value": "1Gi"
              },
              {
                "name": "volumes.localHome.persistentVolumeClaim.storageClassName",
                "type": "string",
                "value": "gp2"
              },
              {
                "name": "volumes.sharedHome.nfsPermissionFixer.enabled",
                "type": "",
                "value": "true"
              },
              {
                "name": "volumes.sharedHome.persistentVolume.create",
                "type": "",
                "value": "true"
              },
              {
                "name": "volumes.sharedHome.persistentVolume.nfs.path",
                "type": "string",
                "value": "/nfsshare"
              },
              {
                "name": "volumes.sharedHome.persistentVolume.nfs.server",
                "type": "",
                "value": "10.0.4.49"
              },
              {
                "name": "volumes.sharedHome.persistentVolumeClaim.create",
                "type": "",
                "value": "true"
              },
              {
                "name": "volumes.sharedHome.persistentVolumeClaim.storageClassName",
                "type": "",
                "value": ""
              }
            ],
            "set_sensitive": [],
            "skip_crds": false,
            "status": "deployed",
            "timeout": 300,
            "values": null,
            "verify": false,
            "version": "1.12.0",
            "wait": true,
            "wait_for_jobs": false
          },
          "sensitive_attributes": [],
          "private": "eyJzY2hlbWFfdmVyc2lvbiI6IjEifQ==",
          "dependencies": [
            "data.aws_eks_cluster.example",
            "data.aws_eks_cluster_auth.cluster",
            "helm_release.eck-operators"
          ]
        }
      ]
    },
    {
      "mode": "managed",
      "type": "helm_release",
      "name": "eck-elasticsearch",
      "provider": "provider[\"registry.terraform.io/hashicorp/helm\"]",
      "instances": [
        {
          "schema_version": 1,
          "attributes": {
            "atomic": false,
            "chart": "eck-elasticsearch",
            "cleanup_on_fail": false,
            "create_namespace": false,
            "dependency_update": false,
            "description": null,
            "devel": null,
            "disable_crd_hooks": false,
            "disable_openapi_validation": false,
            "disable_webhooks": false,
            "force_update": false,
            "id": "eck-elasticsearch",
            "keyring": null,
            "lint": false,
            "manifest": null,
            "max_history": 0,
            "metadata": [
              {
                "app_version": "",
                "chart": "eck-elasticsearch",
                "name": "eck-elasticsearch",
                "namespace": "elastic",
                "revision": 1,
                "values": "{\"auth\":{\"fileRealm\":[{\"secretName\":\"elk-auth-secret\"}]},\"http\":{\"service\":{\"spec\":{\"type\":\"ClusterIP\"}}},\"nodeSets\":[{\"podTemplate\":{\"spec\":{\"containers\":[{\"resources\":{\"limits\":{\"memory\":\"2Gi\"},\"requests\":{\"memory\":\"2Gi\"}}}]}}}],\"storage\":\"1Gi\",\"storageClassName\":\"gp2\"}",
                "version": "0.4.0"
              }
            ],
            "name": "eck-elasticsearch",
            "namespace": "elastic",
            "pass_credentials": false,
            "postrender": [],
            "recreate_pods": false,
            "render_subchart_notes": true,
            "replace": false,
            "repository": null,
            "repository_ca_file": null,
            "repository_cert_file": null,
            "repository_key_file": null,
            "repository_password": null,
            "repository_username": null,
            "reset_values": false,
            "reuse_values": false,
            "set": [
              {
                "name": "auth.fileRealm[0].secretName",
                "type": "",
                "value": "elk-auth-secret"
              },
              {
                "name": "http.service.spec.type",
                "type": "",
                "value": "ClusterIP"
              },
              {
                "name": "nodeSets[0].podTemplate.spec.containers[0].resources.limits.memory",
                "type": "",
                "value": "2Gi"
              },
              {
                "name": "nodeSets[0].podTemplate.spec.containers[0].resources.requests.memory",
                "type": "",
                "value": "2Gi"
              },
              {
                "name": "storage",
                "type": "",
                "value": "1Gi"
              },
              {
                "name": "storageClassName",
                "type": "",
                "value": "gp2"
              }
            ],
            "set_sensitive": [],
            "skip_crds": false,
            "status": "deployed",
            "timeout": 300,
            "values": null,
            "verify": false,
            "version": "0.4.0",
            "wait": true,
            "wait_for_jobs": false
          },
          "sensitive_attributes": [],
          "private": "eyJzY2hlbWFfdmVyc2lvbiI6IjEifQ==",
          "dependencies": [
            "data.aws_eks_cluster.example",
            "data.aws_eks_cluster_auth.cluster",
            "helm_release.eck-operators",
            "time_sleep.wait_30_seconds"
          ]
        }
      ]
    },
    {
      "mode": "managed",
      "type": "helm_release",
      "name": "eck-operators",
      "provider": "provider[\"registry.terraform.io/hashicorp/helm\"]",
      "instances": [
        {
          "schema_version": 1,
          "attributes": {
            "atomic": false,
            "chart": "eck-operator",
            "cleanup_on_fail": false,
            "create_namespace": true,
            "dependency_update": false,
            "description": null,
            "devel": null,
            "disable_crd_hooks": false,
            "disable_openapi_validation": false,
            "disable_webhooks": false,
            "force_update": false,
            "id": "eck-operator",
            "keyring": null,
            "lint": false,
            "manifest": null,
            "max_history": 0,
            "metadata": [
              {
                "app_version": "2.8.0",
                "chart": "eck-operator",
                "name": "eck-operator",
                "namespace": "elastic",
                "revision": 1,
                "values": "{}",
                "version": "2.8.0"
              }
            ],
            "name": "eck-operator",
            "namespace": "elastic",
            "pass_credentials": false,
            "postrender": [],
            "recreate_pods": false,
            "render_subchart_notes": true,
            "replace": false,
            "repository": "https://helm.elastic.co",
            "repository_ca_file": null,
            "repository_cert_file": null,
            "repository_key_file": null,
            "repository_password": null,
            "repository_username": null,
            "reset_values": false,
            "reuse_values": false,
            "set": [],
            "set_sensitive": [],
            "skip_crds": false,
            "status": "deployed",
            "timeout": 300,
            "values": null,
            "verify": false,
            "version": "2.8.0",
            "wait": true,
            "wait_for_jobs": false
          },
          "sensitive_attributes": [],
          "private": "eyJzY2hlbWFfdmVyc2lvbiI6IjEifQ==",
          "dependencies": [
            "data.aws_eks_cluster.example",
            "data.aws_eks_cluster_auth.cluster"
          ]
        }
      ]
    },
    {
      "mode": "managed",
      "type": "kubectl_manifest",
      "name": "secret-store",
      "provider": "provider[\"registry.terraform.io/gavinbunney/kubectl\"]",
      "instances": [
        {
          "schema_version": 1,
          "attributes": {
            "api_version": "external-secrets.io/v1beta1",
            "apply_only": false,
            "force_conflicts": false,
            "force_new": false,
            "id": "/apis/external-secrets.io/v1beta1/clustersecretstores/secret-store",
            "ignore_fields": null,
            "kind": "ClusterSecretStore",
            "live_manifest_incluster": "7f17a6df51e5749b38e8454b5c2c746410fb6df191365941e3567354f365857d",
            "live_uid": "491839d0-dac5-4060-8cd0-e5c6618d6b59",
            "name": "secret-store",
            "namespace": null,
            "override_namespace": null,
            "sensitive_fields": null,
            "server_side_apply": false,
            "timeouts": null,
            "uid": "491839d0-dac5-4060-8cd0-e5c6618d6b59",
            "validate_schema": true,
            "wait": null,
            "wait_for_rollout": true,
            "yaml_body": "apiVersion: external-secrets.io/v1beta1\nkind: ClusterSecretStore\nmetadata:\n  name: secret-store    \nspec:\n  provider:\n    aws:\n      service: SecretsManager\n      region: ap-south-1\n      auth:\n        jwt:\n         serviceAccountRef:\n           name: external-secrets\n           namespace: external-secrets",
            "yaml_body_parsed": "apiVersion: external-secrets.io/v1beta1\nkind: ClusterSecretStore\nmetadata:\n  name: secret-store\nspec:\n  provider:\n    aws:\n      auth:\n        jwt:\n          serviceAccountRef:\n            name: external-secrets\n            namespace: external-secrets\n      region: ap-south-1\n      service: SecretsManager\n",
            "yaml_incluster": "7f17a6df51e5749b38e8454b5c2c746410fb6df191365941e3567354f365857d"
          },
          "sensitive_attributes": [],
          "private": "eyJlMmJmYjczMC1lY2FhLTExZTYtOGY4OC0zNDM2M2JjN2M0YzAiOnsiY3JlYXRlIjo2MDAwMDAwMDAwMDB9LCJzY2hlbWFfdmVyc2lvbiI6IjEifQ==",
          "dependencies": [
            "data.aws_eks_cluster.example",
            "data.aws_eks_cluster_auth.cluster"
          ]
        }
      ]
    },
    {
      "mode": "managed",
      "type": "kubernetes_storage_class",
      "name": "fast_storage_class",
      "provider": "provider[\"registry.terraform.io/hashicorp/kubernetes\"]",
      "instances": [
        {
          "schema_version": 0,
          "attributes": {
            "allow_volume_expansion": true,
            "allowed_topologies": [],
            "id": "fast",
            "metadata": [
              {
                "annotations": null,
                "generate_name": "",
                "generation": 0,
                "labels": null,
                "name": "fast",
                "resource_version": "213395",
                "uid": "29e12e77-38d2-4b22-bb7d-6ef061c48593"
              }
            ],
            "mount_options": null,
            "parameters": {
              "allowAutoIOPSPerGBIncrease": "true",
              "encrypted": "true",
              "type": "gp3"
            },
            "reclaim_policy": "Retain",
            "storage_provisioner": "ebs.csi.aws.com",
            "volume_binding_mode": "WaitForFirstConsumer"
          },
          "sensitive_attributes": [],
          "private": "bnVsbA==",
          "dependencies": [
            "data.aws_eks_cluster.example",
            "data.aws_eks_cluster_auth.cluster"
          ]
        }
      ]
    },
    {
      "mode": "managed",
      "type": "time_sleep",
      "name": "wait_30_seconds",
      "provider": "provider[\"registry.terraform.io/hashicorp/time\"]",
      "instances": [
        {
          "schema_version": 0,
          "attributes": {
            "create_duration": "30s",
            "destroy_duration": null,
            "id": "2023-06-28T11:29:04Z",
            "triggers": null
          },
          "sensitive_attributes": [],
          "dependencies": [
            "data.aws_eks_cluster.example",
            "data.aws_eks_cluster_auth.cluster",
            "helm_release.eck-operators"
          ]
        }
      ]
    }
  ],
  "check_results": null
}
