{
  "version": 4,
  "terraform_version": "1.4.6",
  "serial": 24,
  "lineage": "920d8952-24b0-5c50-28fe-6c7381705df0",
  "outputs": {
    "nfs-server-private-ip": {
      "value": "10.0.4.49",
      "type": "string"
    },
    "nfs-server-public-ip": {
      "value": "43.205.139.249",
      "type": "string"
    },
    "rds_endpoint": {
      "value": "bitbucket-rds-bitbucket-cluster.cmlkd6hzxk08.ap-south-1.rds.amazonaws.com:5432",
      "type": "string"
    },
    "rds_engine": {
      "value": "postgres",
      "type": "string"
    }
  },
  "resources": [
    {
      "mode": "data",
      "type": "aws_ami",
      "name": "debian11",
      "provider": "provider[\"registry.terraform.io/hashicorp/aws\"]",
      "instances": [
        {
          "schema_version": 0,
          "attributes": {
            "architecture": "x86_64",
            "arn": "arn:aws:ec2:ap-south-1::image/ami-04e81c5c7a4851ebf",
            "block_device_mappings": [
              {
                "device_name": "/dev/xvda",
                "ebs": {
                  "delete_on_termination": "true",
                  "encrypted": "false",
                  "iops": "0",
                  "snapshot_id": "snap-00acf0d19d59f8764",
                  "throughput": "0",
                  "volume_size": "8",
                  "volume_type": "gp2"
                },
                "no_device": "",
                "virtual_name": ""
              }
            ],
            "boot_mode": "",
            "creation_date": "2023-05-15T20:11:41.000Z",
            "deprecation_time": "2025-05-15T20:11:41.000Z",
            "description": "Debian 11 (20230515-1381)",
            "ena_support": true,
            "executable_users": null,
            "filter": [
              {
                "name": "name",
                "values": [
                  "debian-11-amd64-20230515-1381"
                ]
              }
            ],
            "hypervisor": "xen",
            "id": "ami-04e81c5c7a4851ebf",
            "image_id": "ami-04e81c5c7a4851ebf",
            "image_location": "amazon/debian-11-amd64-20230515-1381",
            "image_owner_alias": "amazon",
            "image_type": "machine",
            "imds_support": "",
            "include_deprecated": false,
            "kernel_id": "",
            "most_recent": false,
            "name": "debian-11-amd64-20230515-1381",
            "name_regex": null,
            "owner_id": "136693071363",
            "owners": null,
            "platform": "",
            "platform_details": "Linux/UNIX",
            "product_codes": [],
            "public": true,
            "ramdisk_id": "",
            "root_device_name": "/dev/xvda",
            "root_device_type": "ebs",
            "root_snapshot_id": "snap-00acf0d19d59f8764",
            "sriov_net_support": "simple",
            "state": "available",
            "state_reason": {
              "code": "UNSET",
              "message": "UNSET"
            },
            "tags": {},
            "timeouts": null,
            "tpm_support": "",
            "usage_operation": "RunInstances",
            "virtualization_type": "hvm"
          },
          "sensitive_attributes": []
        }
      ]
    },
    {
      "mode": "data",
      "type": "aws_availability_zones",
      "name": "available",
      "provider": "provider[\"registry.terraform.io/hashicorp/aws\"]",
      "instances": [
        {
          "schema_version": 0,
          "attributes": {
            "all_availability_zones": null,
            "exclude_names": null,
            "exclude_zone_ids": null,
            "filter": null,
            "group_names": [
              "ap-south-1"
            ],
            "id": "ap-south-1",
            "names": [
              "ap-south-1a",
              "ap-south-1b",
              "ap-south-1c"
            ],
            "state": null,
            "timeouts": null,
            "zone_ids": [
              "aps1-az1",
              "aps1-az3",
              "aps1-az2"
            ]
          },
          "sensitive_attributes": []
        }
      ]
    },
    {
      "mode": "data",
      "type": "aws_subnets",
      "name": "private_subnets",
      "provider": "provider[\"registry.terraform.io/hashicorp/aws\"]",
      "instances": [
        {
          "schema_version": 0,
          "attributes": {
            "filter": [
              {
                "name": "tag:Name",
                "values": [
                  "*private*"
                ]
              },
              {
                "name": "vpc-id",
                "values": [
                  "vpc-0f851beb2ba287c51"
                ]
              }
            ],
            "id": "ap-south-1",
            "ids": [
              "subnet-073a5d0b35e22e05d",
              "subnet-03ce94c2a2af0a2aa",
              "subnet-072b3186da6c8e27d"
            ],
            "tags": null,
            "timeouts": null
          },
          "sensitive_attributes": []
        }
      ]
    },
    {
      "mode": "managed",
      "type": "aws_db_instance",
      "name": "default",
      "provider": "provider[\"registry.terraform.io/hashicorp/aws\"]",
      "instances": [
        {
          "schema_version": 2,
          "attributes": {
            "address": "bitbucket-rds-bitbucket-cluster.cmlkd6hzxk08.ap-south-1.rds.amazonaws.com",
            "allocated_storage": 10,
            "allow_major_version_upgrade": null,
            "apply_immediately": false,
            "arn": "arn:aws:rds:ap-south-1:998516096174:db:bitbucket-rds-bitbucket-cluster",
            "auto_minor_version_upgrade": true,
            "availability_zone": "ap-south-1c",
            "backup_retention_period": 0,
            "backup_window": "16:56-17:26",
            "blue_green_update": [],
            "ca_cert_identifier": "rds-ca-2019",
            "character_set_name": "",
            "copy_tags_to_snapshot": false,
            "custom_iam_instance_profile": "",
            "customer_owned_ip_enabled": false,
            "db_name": "bitbucket",
            "db_subnet_group_name": "rds-subnet-group-bitbucket-cluster",
            "delete_automated_backups": true,
            "deletion_protection": false,
            "domain": "",
            "domain_iam_role_name": "",
            "enabled_cloudwatch_logs_exports": [],
            "endpoint": "bitbucket-rds-bitbucket-cluster.cmlkd6hzxk08.ap-south-1.rds.amazonaws.com:5432",
            "engine": "postgres",
            "engine_version": "14",
            "engine_version_actual": "14.7",
            "final_snapshot_identifier": "bitbucket-db",
            "hosted_zone_id": "Z2VFMSZA74J7XZ",
            "iam_database_authentication_enabled": false,
            "id": "db-QR7T7FVUFU3CDBJ6ZTAD5RV7IM",
            "identifier": "bitbucket-rds-bitbucket-cluster",
            "identifier_prefix": "",
            "instance_class": "db.t3.micro",
            "iops": 0,
            "kms_key_id": "",
            "latest_restorable_time": "",
            "license_model": "postgresql-license",
            "listener_endpoint": [],
            "maintenance_window": "fri:12:30-fri:13:00",
            "manage_master_user_password": null,
            "master_user_secret": [],
            "master_user_secret_kms_key_id": null,
            "max_allocated_storage": 0,
            "monitoring_interval": 0,
            "monitoring_role_arn": "",
            "multi_az": false,
            "nchar_character_set_name": "",
            "network_type": "IPV4",
            "option_group_name": "default:postgres-14",
            "parameter_group_name": "default.postgres14",
            "password": "foobarbaz",
            "performance_insights_enabled": false,
            "performance_insights_kms_key_id": "",
            "performance_insights_retention_period": 0,
            "port": 5432,
            "publicly_accessible": false,
            "replica_mode": "",
            "replicas": [],
            "replicate_source_db": "",
            "resource_id": "db-QR7T7FVUFU3CDBJ6ZTAD5RV7IM",
            "restore_to_point_in_time": [],
            "s3_import": [],
            "skip_final_snapshot": true,
            "snapshot_identifier": null,
            "status": "available",
            "storage_encrypted": false,
            "storage_throughput": 0,
            "storage_type": "gp2",
            "tags": {},
            "tags_all": {},
            "timeouts": null,
            "timezone": "",
            "username": "foo",
            "vpc_security_group_ids": [
              "sg-0a33d0990b08fdc32"
            ]
          },
          "sensitive_attributes": [],
          "private": "eyJlMmJmYjczMC1lY2FhLTExZTYtOGY4OC0zNDM2M2JjN2M0YzAiOnsiY3JlYXRlIjoyNDAwMDAwMDAwMDAwLCJkZWxldGUiOjM2MDAwMDAwMDAwMDAsInVwZGF0ZSI6NDgwMDAwMDAwMDAwMH0sInNjaGVtYV92ZXJzaW9uIjoiMiJ9",
          "dependencies": [
            "aws_db_subnet_group.default",
            "aws_security_group.rds-sg",
            "data.aws_subnets.private_subnets",
            "random_string.db_password"
          ]
        }
      ]
    },
    {
      "mode": "managed",
      "type": "aws_db_subnet_group",
      "name": "default",
      "provider": "provider[\"registry.terraform.io/hashicorp/aws\"]",
      "instances": [
        {
          "schema_version": 0,
          "attributes": {
            "arn": "arn:aws:rds:ap-south-1:998516096174:subgrp:rds-subnet-group-bitbucket-cluster",
            "description": "Managed by Terraform",
            "id": "rds-subnet-group-bitbucket-cluster",
            "name": "rds-subnet-group-bitbucket-cluster",
            "name_prefix": "",
            "subnet_ids": [
              "subnet-03ce94c2a2af0a2aa",
              "subnet-072b3186da6c8e27d",
              "subnet-073a5d0b35e22e05d"
            ],
            "supported_network_types": [
              "IPV4"
            ],
            "tags": {},
            "tags_all": {},
            "vpc_id": "vpc-0f851beb2ba287c51"
          },
          "sensitive_attributes": [],
          "private": "bnVsbA==",
          "dependencies": [
            "data.aws_subnets.private_subnets"
          ]
        }
      ]
    },
    {
      "mode": "managed",
      "type": "aws_instance",
      "name": "nfs-server",
      "provider": "provider[\"registry.terraform.io/hashicorp/aws\"]",
      "instances": [
        {
          "schema_version": 1,
          "attributes": {
            "ami": "ami-04e81c5c7a4851ebf",
            "arn": "arn:aws:ec2:ap-south-1:998516096174:instance/i-0fa8fa4f569f65456",
            "associate_public_ip_address": true,
            "availability_zone": "ap-south-1a",
            "capacity_reservation_specification": [
              {
                "capacity_reservation_preference": "open",
                "capacity_reservation_target": []
              }
            ],
            "cpu_core_count": 2,
            "cpu_options": [
              {
                "amd_sev_snp": "",
                "core_count": 2,
                "threads_per_core": 2
              }
            ],
            "cpu_threads_per_core": 2,
            "credit_specification": [
              {
                "cpu_credits": "unlimited"
              }
            ],
            "disable_api_stop": false,
            "disable_api_termination": false,
            "ebs_block_device": [],
            "ebs_optimized": false,
            "enclave_options": [
              {
                "enabled": false
              }
            ],
            "ephemeral_block_device": [],
            "get_password_data": false,
            "hibernation": false,
            "host_id": "",
            "host_resource_group_arn": null,
            "iam_instance_profile": "",
            "id": "i-0fa8fa4f569f65456",
            "instance_initiated_shutdown_behavior": "stop",
            "instance_lifecycle": "",
            "instance_market_options": [],
            "instance_state": "running",
            "instance_type": "t3.xlarge",
            "ipv6_address_count": 0,
            "ipv6_addresses": [],
            "key_name": "nfs-server-ap-south-1",
            "launch_template": [],
            "maintenance_options": [
              {
                "auto_recovery": "default"
              }
            ],
            "metadata_options": [
              {
                "http_endpoint": "enabled",
                "http_put_response_hop_limit": 1,
                "http_tokens": "optional",
                "instance_metadata_tags": "disabled"
              }
            ],
            "monitoring": false,
            "network_interface": [],
            "outpost_arn": "",
            "password_data": "",
            "placement_group": "",
            "placement_partition_number": 0,
            "primary_network_interface_id": "eni-0795e6e189f8b5dd4",
            "private_dns": "ip-10-0-4-49.ap-south-1.compute.internal",
            "private_dns_name_options": [
              {
                "enable_resource_name_dns_a_record": false,
                "enable_resource_name_dns_aaaa_record": false,
                "hostname_type": "ip-name"
              }
            ],
            "private_ip": "10.0.4.49",
            "public_dns": "ec2-43-205-139-249.ap-south-1.compute.amazonaws.com",
            "public_ip": "43.205.139.249",
            "root_block_device": [
              {
                "delete_on_termination": true,
                "device_name": "/dev/xvda",
                "encrypted": false,
                "iops": 150,
                "kms_key_id": "",
                "tags": {},
                "throughput": 0,
                "volume_id": "vol-011153e7d2e322064",
                "volume_size": 50,
                "volume_type": "gp2"
              }
            ],
            "secondary_private_ips": [],
            "security_groups": [],
            "source_dest_check": true,
            "spot_instance_request_id": "",
            "subnet_id": "subnet-03b362bbc29eedb1d",
            "tags": {
              "name": "nfs-server"
            },
            "tags_all": {
              "name": "nfs-server"
            },
            "tenancy": "default",
            "timeouts": null,
            "user_data": "46693e0e5bce9272365f096475f7cf1ef7a73235",
            "user_data_base64": null,
            "user_data_replace_on_change": false,
            "volume_tags": null,
            "vpc_security_group_ids": [
              "sg-09dd5dbd891f763a1"
            ]
          },
          "sensitive_attributes": [],
          "private": "eyJlMmJmYjczMC1lY2FhLTExZTYtOGY4OC0zNDM2M2JjN2M0YzAiOnsiY3JlYXRlIjo2MDAwMDAwMDAwMDAsImRlbGV0ZSI6MTIwMDAwMDAwMDAwMCwidXBkYXRlIjo2MDAwMDAwMDAwMDB9LCJzY2hlbWFfdmVyc2lvbiI6IjEifQ==",
          "dependencies": [
            "aws_key_pair.pem",
            "aws_security_group.nfs-sg",
            "data.aws_ami.debian11",
            "data.aws_availability_zones.available",
            "tls_private_key.pk"
          ]
        }
      ]
    },
    {
      "mode": "managed",
      "type": "aws_key_pair",
      "name": "pem",
      "provider": "provider[\"registry.terraform.io/hashicorp/aws\"]",
      "instances": [
        {
          "schema_version": 1,
          "attributes": {
            "arn": "arn:aws:ec2:ap-south-1:998516096174:key-pair/nfs-server-ap-south-1",
            "fingerprint": "47:43:53:a0:f0:91:e5:c1:18:b7:d6:1b:59:43:21:2f",
            "id": "nfs-server-ap-south-1",
            "key_name": "nfs-server-ap-south-1",
            "key_name_prefix": "",
            "key_pair_id": "key-04a5d4792e8e81fff",
            "key_type": "rsa",
            "public_key": "ssh-rsa AAAAB3NzaC1yc2EAAAADAQABAAACAQDtvdag9g1WL3xWlR9MLiD8jGn6I0uOlOm7BwAwwBrQtNegwj7huH4suIowFukwgyK3ACK6msd+mkEvbVtyquvkHk9SMq4lBHCb5Gk0VbTPRqVsY48sNQ6qt12KBGycC7KApO0j4F4nHLGXJshF8NjzbxbSzLJqYNV4+VGQFTH9RbuwaMyH3kJYduXQuPzvveLz8Wjt0EzmQD9XJMDnfc83uXef44hlJUO0CwSCUEUzcU0x99hyoVVbmd2oiILL23rJu5ISIgZb8gFZ+Fgl/Bxz/kc95zl6++JJz1/NkZqIBpCue6oyAsjlXfFRbtm9NiKVI184S8u5EfbinkCAbgtRM/HQyN1GGItDfw0hNbr6tc+g3qiVDhaH/Old2TYPKwEGXbxS30YmvRvu0tUd42ltVyprqQRtMRNsE+/xiwDps0dKNRf6H9HLtGGJxlINiGneU5mGOI71WoQrDXeiiJasNtqUxLM/VMEIpQcZbpIvl2rO7kfNlpoNoFmgr4R/JImOrsUEiaSQEGFpIlgxL8d83cMA6fU2nEP8RmcR+BDzhuSujB0KWA2lZrfTPhOTRyR9GFn3FUClGASqe4pDbFD3RaS2SjSrO94ye4Z5KAmEQC6oJnrYUhpPJdgWpb+oNDLEP1ke8cCdWEvTBKyysXrtfIijfCcQB0fv+kDAch7auQ==",
            "tags": {},
            "tags_all": {}
          },
          "sensitive_attributes": [],
          "private": "eyJzY2hlbWFfdmVyc2lvbiI6IjEifQ==",
          "dependencies": [
            "tls_private_key.pk"
          ]
        }
      ]
    },
    {
      "mode": "managed",
      "type": "aws_secretsmanager_secret",
      "name": "store",
      "provider": "provider[\"registry.terraform.io/hashicorp/aws\"]",
      "instances": [
        {
          "schema_version": 0,
          "attributes": {
            "arn": "arn:aws:secretsmanager:ap-south-1:998516096174:secret:SecretStore-PzWRCb",
            "description": "",
            "force_overwrite_replica_secret": false,
            "id": "arn:aws:secretsmanager:ap-south-1:998516096174:secret:SecretStore-PzWRCb",
            "kms_key_id": "",
            "name": "SecretStore",
            "name_prefix": "",
            "policy": "",
            "recovery_window_in_days": 30,
            "replica": [],
            "tags": null,
            "tags_all": {}
          },
          "sensitive_attributes": [],
          "private": "bnVsbA=="
        }
      ]
    },
    {
      "mode": "managed",
      "type": "aws_secretsmanager_secret_version",
      "name": "store_values",
      "provider": "provider[\"registry.terraform.io/hashicorp/aws\"]",
      "instances": [
        {
          "schema_version": 0,
          "attributes": {
            "arn": "arn:aws:secretsmanager:ap-south-1:998516096174:secret:SecretStore-PzWRCb",
            "id": "arn:aws:secretsmanager:ap-south-1:998516096174:secret:SecretStore-PzWRCb|2EB03B99-347A-4CF6-B66E-5367F59AB4CE",
            "secret_binary": "",
            "secret_id": "arn:aws:secretsmanager:ap-south-1:998516096174:secret:SecretStore-PzWRCb",
            "secret_string": "   {\n    \"db_username\": \"foo\",\n    \"db_password\": \"w+_8jcup2_\",\n    \"es_username\": \"elastic\",\n    \"es_password\": \"h4kvo$]sc$\"\n    bitbucket_username: \"admin\",\n    bitbucket_password : \"lb-s@j3)y_\"\n    bitbucket_displayNamen: \"Admin\",\n    bitbucket_emailAddress: \"test@gmail.com\"\n   }\n",
            "version_id": "2EB03B99-347A-4CF6-B66E-5367F59AB4CE",
            "version_stages": [
              "AWSCURRENT"
            ]
          },
          "sensitive_attributes": [],
          "private": "bnVsbA==",
          "dependencies": [
            "aws_secretsmanager_secret.store",
            "random_string.bitbucket_password",
            "random_string.db_password",
            "random_string.es_password"
          ]
        }
      ]
    },
    {
      "mode": "managed",
      "type": "aws_security_group",
      "name": "nfs-sg",
      "provider": "provider[\"registry.terraform.io/hashicorp/aws\"]",
      "instances": [
        {
          "schema_version": 1,
          "attributes": {
            "arn": "arn:aws:ec2:ap-south-1:998516096174:security-group/sg-09dd5dbd891f763a1",
            "description": "Managed by Terraform",
            "egress": [
              {
                "cidr_blocks": [
                  "0.0.0.0/0"
                ],
                "description": "",
                "from_port": 0,
                "ipv6_cidr_blocks": [],
                "prefix_list_ids": [],
                "protocol": "-1",
                "security_groups": [],
                "self": false,
                "to_port": 0
              }
            ],
            "id": "sg-09dd5dbd891f763a1",
            "ingress": [
              {
                "cidr_blocks": [
                  "0.0.0.0/0"
                ],
                "description": null,
                "from_port": 22,
                "ipv6_cidr_blocks": [],
                "prefix_list_ids": [],
                "protocol": "tcp",
                "security_groups": [],
                "self": false,
                "to_port": 22
              },
              {
                "cidr_blocks": [
                  "10.0.0.0/8"
                ],
                "description": "",
                "from_port": 0,
                "ipv6_cidr_blocks": [],
                "prefix_list_ids": [],
                "protocol": "-1",
                "security_groups": [],
                "self": false,
                "to_port": 0
              }
            ],
            "name": "sg1-nfs-bitbucket-cluster",
            "name_prefix": "",
            "owner_id": "998516096174",
            "revoke_rules_on_delete": false,
            "tags": {},
            "tags_all": {},
            "timeouts": null,
            "vpc_id": "vpc-0f851beb2ba287c51"
          },
          "sensitive_attributes": [],
          "private": "eyJlMmJmYjczMC1lY2FhLTExZTYtOGY4OC0zNDM2M2JjN2M0YzAiOnsiY3JlYXRlIjo2MDAwMDAwMDAwMDAsImRlbGV0ZSI6OTAwMDAwMDAwMDAwfSwic2NoZW1hX3ZlcnNpb24iOiIxIn0="
        }
      ]
    },
    {
      "mode": "managed",
      "type": "aws_security_group",
      "name": "rds-sg",
      "provider": "provider[\"registry.terraform.io/hashicorp/aws\"]",
      "instances": [
        {
          "schema_version": 1,
          "attributes": {
            "arn": "arn:aws:ec2:ap-south-1:998516096174:security-group/sg-0a33d0990b08fdc32",
            "description": "Managed by Terraform",
            "egress": [
              {
                "cidr_blocks": [
                  "0.0.0.0/0"
                ],
                "description": "",
                "from_port": 0,
                "ipv6_cidr_blocks": [],
                "prefix_list_ids": [],
                "protocol": "-1",
                "security_groups": [],
                "self": false,
                "to_port": 0
              }
            ],
            "id": "sg-0a33d0990b08fdc32",
            "ingress": [
              {
                "cidr_blocks": [
                  "10.0.0.0/16"
                ],
                "description": "",
                "from_port": 5432,
                "ipv6_cidr_blocks": [],
                "prefix_list_ids": [],
                "protocol": "tcp",
                "security_groups": [],
                "self": false,
                "to_port": 5432
              }
            ],
            "name": "sg1-rds-bitbucket-ap-south-1",
            "name_prefix": "",
            "owner_id": "998516096174",
            "revoke_rules_on_delete": false,
            "tags": {},
            "tags_all": {},
            "timeouts": null,
            "vpc_id": "vpc-0f851beb2ba287c51"
          },
          "sensitive_attributes": [],
          "private": "eyJlMmJmYjczMC1lY2FhLTExZTYtOGY4OC0zNDM2M2JjN2M0YzAiOnsiY3JlYXRlIjo2MDAwMDAwMDAwMDAsImRlbGV0ZSI6OTAwMDAwMDAwMDAwfSwic2NoZW1hX3ZlcnNpb24iOiIxIn0="
        }
      ]
    },
    {
      "mode": "managed",
      "type": "local_file",
      "name": "local_key_pair",
      "provider": "provider[\"registry.terraform.io/hashicorp/local\"]",
      "instances": [
        {
          "schema_version": 0,
          "attributes": {
            "content": "-----BEGIN RSA PRIVATE KEY-----\nMIIJKQIBAAKCAgEA7b3WoPYNVi98VpUfTC4g/Ixp+iNLjpTpuwcAMMAa0LTXoMI+\n4bh+LLiKMBbpMIMitwAiuprHfppBL21bcqrr5B5PUjKuJQRwm+RpNFW0z0albGOP\nLDUOqrddigRsnAuygKTtI+BeJxyxlybIRfDY828W0syyamDVePlRkBUx/UW7sGjM\nh95CWHbl0Lj8773i8/Fo7dBM5kA/VyTA533PN7l3n+OIZSVDtAsEglBFM3FNMffY\ncqFVW5ndqIiCy9t6ybuSEiIGW/IBWfhYJfwcc/5HPec5evviSc9fzZGaiAaQrnuq\nMgLI5V3xUW7ZvTYilSNfOEvLuRH24p5AgG4LUTPx0MjdRhiLQ38NITW6+rXPoN6o\nlQ4Wh/zpXdk2DysBBl28Ut9GJr0b7tLVHeNpbVcqa6kEbTETbBPv8YsA6bNHSjUX\n+h/Ry7RhicZSDYhp3lOZhjiO9VqEKw13ooiWrDbalMSzP1TBCKUHGW6SL5dqzu5H\nzZaaDaBZoK+EfySJjq7FBImkkBBhaSJYMS/HfN3DAOn1NpxD/EZnEfgQ84bkrowd\nClgNpWa30z4Tk0ckfRhZ9xVApRgEqnuKQ2xQ90Wktko0qzveMnuGeSgJhEAuqCZ6\n2FIaTyXYFqW/qDQyxD9ZHvHAnVhL0wSssrF67XyIo3wnEAdH7/pAwHIe2rkCAwEA\nAQKCAgBPzppuDisL84TZy9VlzVZlcP1iatbCVlrf3cnCk7pstUhtPse9HiG9AXXi\nDs7Y6iyNIg6Gdc7iQQYA1cUNCTOGsGYQQdMTuhnTOynV16+KpTyC1ikJvgXeaQ+N\ndU7AU2zoonS4xmjU2F0FUI+Kav9pOLGAshZyf28p3Qf0RikxzGblIUkHkyTSbZdY\nKcE++Y9mNHP04SfvY0HgDwZyr1kQa8IsekUfLxM7LTemRyvzyOURERIn6OCuj0hJ\newntRRBDCCRQ0fswglzRxvxQRAGJLqLbtPMmxceA34xZhbdKUmnfKMRJZYXq+U44\n9+1ABxw01Frymv8YcV9fU6BzfH1vb0UGkZptFPJq/VJQVScSnvuIs16VnYdPddbA\nZVAIF/5AIhtxclTG5LUE2ORluccifFnNAgJziH2qhp2UYeJOfztWDS3kEjRPx1Kq\n+0c9NPjzTcuLp1GXT39Erby/kIIM/lmJetQLK6cx6CCcCG0Lv2NjkP+lxYtE+HpA\nEbMpqqrjGObbF2e5bGtajdaAG5fBkl2RVoiZD7TZbSi536DJyE3WtpL7i1Fyt6/U\njhp5TnzC4J4KmI2eC/oouIfZ+9LNaYqX1c5gRHwdzT4kqDhPoDMRuqVSOQGSUnTF\nFpYCTSrgmLkD2k5kSKsRKOUGOV12t9tIxjaWp9gzgWgQU/s7AQKCAQEA/AR+FLGk\nNFWla438O/c6+zzSt+X3fEV1luBbn8tprvHtHx6wtSBSn0O+3g4t42ew97EdbKgr\nq+HBysyfQ/qnjPv5iq9Pl7l8qPRqmjpN3cyp4O1RIQdQBem0NUIZB5R/dyVp319G\nU+tY0K1US3xgASA3wPWgxnLEEuahzVYvy2MdBDitL8J4EEu8sHINDFg81nsgRPpJ\n4Jk3rMJKyL8MIzmyj9pUDcpva/cbP3ng4loDH/qYPwXUpCBz3xlI8zbnryl9VuDe\n+ZcnP25LDdYHQInL0goLpWA0qumX/Ar9E5pr/0HnEEj2Pcvakk6KoC1eHU4Njezo\nv1lxdtq4idV6PQKCAQEA8X+YEo2UTrYVa/bi+vtTrEJJC06FCfCSVrIs590trSMc\nl3nYXpQghuYKL4DDVm6CbgoL0U/nR+0de3+5zP9dgBsIU/mARGnVVSAzrRdHEJHw\nCmycBGKckTjbOz3CsZVJmjWKuoj29XM5nKcsXOHRTeBuuXp/atvC5kRZyZE59mu6\nyqRP7I/Kr8jis/s0IC2PmLLjk10MGeY9aKcd2S4MJcRRBOX4CDP3gJZ/yqq9Ri++\nVFXuTmhaHZgCopQjNEB+OOzHAKj/nJ4mfpvJ3MvhQGdl8d5PlHqreA5uJZLdu1hS\n/tCx+jQVzK71y0pudor/w467hZmzfn8GgBlNxYW2LQKCAQAR3KunAdQ2lV9tGRoo\nkeRPTEdPG3CIEVA9SleUItGxwZnh28YAgHL6sM2FZZHhDUdgtt/0BJNb0ltu6UPc\niJZ5ip5sMvK8OTxZqUEo/zrnnorn00otwhvs31yTbcTiYacLJc60M0eDySl5WN+h\nngYb7lGlToN/rUCyakBLknE+xB6ZXv7/ZJQn64ZLJzo/hr2BIibuXKMB1To592df\nhRLyKDO8uGe+tnthNplqzVOgF2sjSBqkVOB2ZYpw5JTkEB8prhIhJz0Gia0RdNrC\n90l6TInysB2VMhVpi7bm+UxoqEhBRkV/RPyW8qziM8jlg3GpOBAD4Ce68Db3ipcL\nxeKtAoIBAQCo9BVWVYq+jpDqGa2u3YoqZ61mpaZZz97xnHHiPVEpYfks2GfRs1wW\nRHY3yaPfoizKA2lFJNuv7GnF7xP0IWwupbrr1RAxzMEdbwv4OuLS6ua+xEFaqArV\nZquqBIljaAg4ROEro4rzKYvS1vooeSvPigas6NCf1+PA6WzPojSk+7WQ8+eenvK0\njJxeQo6zPGzL7ctdW6mNrRClWNV/DcId4fy0qpceVgz//0qkZVNJ+Tj1E7FHVaZG\nMgUV7QG8Gqqz9KM9CP7beaGAzkkpmdGbFzuxPVD7ld7EfYP98YQC/8YA08zQOQRP\nUNBRS1+Au7o3/HGhBGkZRJEtqYZJfER5AoIBAQDfg8vrZ3oDpdBJxR+ZqBEH47Ce\ncA+qwby4wRZJ++5Qafat9gJzyBp0BGxgNvYxhsr93/rAqUKjwheKJTWaG1K9SfPm\na+fY+YCpsv/5xG4J71+7PgqUWCkT4dWjIinltdO5I/44yItruWZbwdA9dO0zOoLj\nzCFcX+s68pVBIuQ4wUzHi9xUEfgvNO3uyLbnPCPreXPVHrTpxMJiAsYWwQow68ki\nGAEAsWpGFjZ120M/1GxgC8kj4c+fbSs+Ixix7bRxu6K0MHwVhH585oF1HV7H5MKp\nRSMwZUPede1KGAAiW1sqXjnkl5CDNSBt33WUyHi2ozISyNAFwo7h1oyPIIE4\n-----END RSA PRIVATE KEY-----\n",
            "content_base64": null,
            "content_base64sha256": "mEhwJsRebmaXha/oeywIN+oIuRcmm/z53oMyK9l1WlY=",
            "content_base64sha512": "NPADEyWsAUyppIPnB1IsmVq5+fq9uCZJvO74as/QwqxVLw8QBzyZ0bKq8Ff7gVgNj2zx0M8x6NVqW8fu5WNACw==",
            "content_md5": "537351abbe9dce98405ae76893710fa2",
            "content_sha1": "8f2b3d854ba6c816d3a03b3eeedff8b52ed9c6aa",
            "content_sha256": "98487026c45e6e669785afe87b2c0837ea08b917269bfcf9de83322bd9755a56",
            "content_sha512": "34f0031325ac014ca9a483e707522c995ab9f9fabdb82649bceef86acfd0c2ac552f0f10073c99d1b2aaf057fb81580d8f6cf1d0cf31e8d56a5bc7eee563400b",
            "directory_permission": "0777",
            "file_permission": "0400",
            "filename": "../pem/nfs-server-ap-south-1.pem",
            "id": "8f2b3d854ba6c816d3a03b3eeedff8b52ed9c6aa",
            "sensitive_content": null,
            "source": null
          },
          "sensitive_attributes": [
            [
              {
                "type": "get_attr",
                "value": "content"
              }
            ]
          ],
          "dependencies": [
            "aws_key_pair.pem",
            "tls_private_key.pk"
          ]
        }
      ]
    },
    {
      "mode": "managed",
      "type": "random_string",
      "name": "bitbucket_password",
      "provider": "provider[\"registry.terraform.io/hashicorp/random\"]",
      "instances": [
        {
          "schema_version": 2,
          "attributes": {
            "id": "lb-s@j3)y_",
            "keepers": null,
            "length": 10,
            "lower": true,
            "min_lower": 0,
            "min_numeric": 0,
            "min_special": 0,
            "min_upper": 0,
            "number": true,
            "numeric": true,
            "override_special": null,
            "result": "lb-s@j3)y_",
            "special": true,
            "upper": false
          },
          "sensitive_attributes": []
        }
      ]
    },
    {
      "mode": "managed",
      "type": "random_string",
      "name": "db_password",
      "provider": "provider[\"registry.terraform.io/hashicorp/random\"]",
      "instances": [
        {
          "schema_version": 2,
          "attributes": {
            "id": "w+_8jcup2_",
            "keepers": null,
            "length": 10,
            "lower": true,
            "min_lower": 0,
            "min_numeric": 0,
            "min_special": 0,
            "min_upper": 0,
            "number": true,
            "numeric": true,
            "override_special": null,
            "result": "w+_8jcup2_",
            "special": true,
            "upper": false
          },
          "sensitive_attributes": []
        }
      ]
    },
    {
      "mode": "managed",
      "type": "random_string",
      "name": "es_password",
      "provider": "provider[\"registry.terraform.io/hashicorp/random\"]",
      "instances": [
        {
          "schema_version": 2,
          "attributes": {
            "id": "h4kvo$]sc$",
            "keepers": null,
            "length": 10,
            "lower": true,
            "min_lower": 0,
            "min_numeric": 0,
            "min_special": 0,
            "min_upper": 0,
            "number": true,
            "numeric": true,
            "override_special": null,
            "result": "h4kvo$]sc$",
            "special": true,
            "upper": false
          },
          "sensitive_attributes": []
        }
      ]
    },
    {
      "mode": "managed",
      "type": "tls_private_key",
      "name": "pk",
      "provider": "provider[\"registry.terraform.io/hashicorp/tls\"]",
      "instances": [
        {
          "schema_version": 1,
          "attributes": {
            "algorithm": "RSA",
            "ecdsa_curve": "P224",
            "id": "9e1bd3651b57089a7af3e4955925c2b5b06fe7af",
            "private_key_openssh": "-----BEGIN OPENSSH PRIVATE KEY-----\nb3BlbnNzaC1rZXktdjEAAAAABG5vbmUAAAAEbm9uZQAAAAAAAAABAAACFwAAAAdz\nc2gtcnNhAAAAAwEAAQAAAgEA7b3WoPYNVi98VpUfTC4g/Ixp+iNLjpTpuwcAMMAa\n0LTXoMI+4bh+LLiKMBbpMIMitwAiuprHfppBL21bcqrr5B5PUjKuJQRwm+RpNFW0\nz0albGOPLDUOqrddigRsnAuygKTtI+BeJxyxlybIRfDY828W0syyamDVePlRkBUx\n/UW7sGjMh95CWHbl0Lj8773i8/Fo7dBM5kA/VyTA533PN7l3n+OIZSVDtAsEglBF\nM3FNMffYcqFVW5ndqIiCy9t6ybuSEiIGW/IBWfhYJfwcc/5HPec5evviSc9fzZGa\niAaQrnuqMgLI5V3xUW7ZvTYilSNfOEvLuRH24p5AgG4LUTPx0MjdRhiLQ38NITW6\n+rXPoN6olQ4Wh/zpXdk2DysBBl28Ut9GJr0b7tLVHeNpbVcqa6kEbTETbBPv8YsA\n6bNHSjUX+h/Ry7RhicZSDYhp3lOZhjiO9VqEKw13ooiWrDbalMSzP1TBCKUHGW6S\nL5dqzu5HzZaaDaBZoK+EfySJjq7FBImkkBBhaSJYMS/HfN3DAOn1NpxD/EZnEfgQ\n84bkrowdClgNpWa30z4Tk0ckfRhZ9xVApRgEqnuKQ2xQ90Wktko0qzveMnuGeSgJ\nhEAuqCZ62FIaTyXYFqW/qDQyxD9ZHvHAnVhL0wSssrF67XyIo3wnEAdH7/pAwHIe\n2rkAAAc4TYF0KE2BdCgAAAAHc3NoLXJzYQAAAgEA7b3WoPYNVi98VpUfTC4g/Ixp\n+iNLjpTpuwcAMMAa0LTXoMI+4bh+LLiKMBbpMIMitwAiuprHfppBL21bcqrr5B5P\nUjKuJQRwm+RpNFW0z0albGOPLDUOqrddigRsnAuygKTtI+BeJxyxlybIRfDY828W\n0syyamDVePlRkBUx/UW7sGjMh95CWHbl0Lj8773i8/Fo7dBM5kA/VyTA533PN7l3\nn+OIZSVDtAsEglBFM3FNMffYcqFVW5ndqIiCy9t6ybuSEiIGW/IBWfhYJfwcc/5H\nPec5evviSc9fzZGaiAaQrnuqMgLI5V3xUW7ZvTYilSNfOEvLuRH24p5AgG4LUTPx\n0MjdRhiLQ38NITW6+rXPoN6olQ4Wh/zpXdk2DysBBl28Ut9GJr0b7tLVHeNpbVcq\na6kEbTETbBPv8YsA6bNHSjUX+h/Ry7RhicZSDYhp3lOZhjiO9VqEKw13ooiWrDba\nlMSzP1TBCKUHGW6SL5dqzu5HzZaaDaBZoK+EfySJjq7FBImkkBBhaSJYMS/HfN3D\nAOn1NpxD/EZnEfgQ84bkrowdClgNpWa30z4Tk0ckfRhZ9xVApRgEqnuKQ2xQ90Wk\ntko0qzveMnuGeSgJhEAuqCZ62FIaTyXYFqW/qDQyxD9ZHvHAnVhL0wSssrF67XyI\no3wnEAdH7/pAwHIe2rkAAAADAQABAAACAE/Omm4OKwvzhNnL1WXNVmVw/WJq1sJW\nWt/dycKTumy1SG0+x70eIb0BdeIOztjqLI0iDoZ1zuJBBgDVxQ0JM4awZhBB0xO6\nGdM7KdXXr4qlPILWKQm+Bd5pD411TsBTbOiidLjGaNTYXQVQj4pq/2k4sYCyFnJ/\nbyndB/RGKTHMZuUhSQeTJNJtl1gpwT75j2Y0c/ThJ+9jQeAPBnKvWRBrwix6RR8v\nEzstN6ZHK/PI5REREifo4K6PSEl7Ce1FEEMIJFDR+zCCXNHG/FBEAYkuotu08ybF\nx4DfjFmFt0pSad8oxEllher5Tjj37UAHHDTUWvKa/xhxX19ToHN8fW9vRQaRmm0U\n8mr9UlBVJxKe+4izXpWdh0911sBlUAgX/kAiG3FyVMbktQTY5GW5xyJ8Wc0CAnOI\nfaqGnZRh4k5/O1YNLeQSNE/HUqr7Rz00+PNNy4unUZdPf0StvL+Qggz+WYl61Asr\npzHoIJwIbQu/Y2OQ/6XFi0T4ekARsymqquMY5tsXZ7lsa1qN1oAbl8GSXZFWiJkP\ntNltKLnfoMnITda2kvuLUXK3r9SOGnlOfMLgngqYjZ4L+ii4h9n70s1pipfVzmBE\nfB3NPiSoOE+gMxG6pVI5AZJSdMUWlgJNKuCYuQPaTmRIqxEo5QY5XXa320jGNpan\n2DOBaBBT+zsBAAABAQDfg8vrZ3oDpdBJxR+ZqBEH47CecA+qwby4wRZJ++5Qafat\n9gJzyBp0BGxgNvYxhsr93/rAqUKjwheKJTWaG1K9SfPma+fY+YCpsv/5xG4J71+7\nPgqUWCkT4dWjIinltdO5I/44yItruWZbwdA9dO0zOoLjzCFcX+s68pVBIuQ4wUzH\ni9xUEfgvNO3uyLbnPCPreXPVHrTpxMJiAsYWwQow68kiGAEAsWpGFjZ120M/1Gxg\nC8kj4c+fbSs+Ixix7bRxu6K0MHwVhH585oF1HV7H5MKpRSMwZUPede1KGAAiW1sq\nXjnkl5CDNSBt33WUyHi2ozISyNAFwo7h1oyPIIE4AAABAQD8BH4UsaQ0VaVrjfw7\n9zr7PNK35fd8RXWW4Fufy2mu8e0fHrC1IFKfQ77eDi3jZ7D3sR1sqCur4cHKzJ9D\n+qeM+/mKr0+XuXyo9GqaOk3dzKng7VEhB1AF6bQ1QhkHlH93JWnfX0ZT61jQrVRL\nfGABIDfA9aDGcsQS5qHNVi/LYx0EOK0vwngQS7ywcg0MWDzWeyBE+kngmTeswkrI\nvwwjObKP2lQNym9r9xs/eeDiWgMf+pg/BdSkIHPfGUjzNuevKX1W4N75lyc/bksN\n1gdAicvSCgulYDSq6Zf8Cv0Tmmv/QecQSPY9y9qSToqgLV4dTg2N7Oi/WXF22riJ\n1Xo9AAABAQDxf5gSjZROthVr9uL6+1OsQkkLToUJ8JJWsizn3S2tIxyXedhelCCG\n5govgMNWboJuCgvRT+dH7R17f7nM/12AGwhT+YBEadVVIDOtF0cQkfAKbJwEYpyR\nONs7PcKxlUmaNYq6iPb1czmcpyxc4dFN4G65en9q28LmRFnJkTn2a7rKpE/sj8qv\nyOKz+zQgLY+YsuOTXQwZ5j1opx3ZLgwlxFEE5fgIM/eAln/Kqr1GL75UVe5OaFod\nmAKilCM0QH447McAqP+cniZ+m8ncy+FAZ2Xx3k+Ueqt4Dm4lkt27WFL+0LH6NBXM\nrvXLSm52iv/DjruFmbN+fwaAGU3FhbYtAAAAAAEC\n-----END OPENSSH PRIVATE KEY-----\n",
            "private_key_pem": "-----BEGIN RSA PRIVATE KEY-----\nMIIJKQIBAAKCAgEA7b3WoPYNVi98VpUfTC4g/Ixp+iNLjpTpuwcAMMAa0LTXoMI+\n4bh+LLiKMBbpMIMitwAiuprHfppBL21bcqrr5B5PUjKuJQRwm+RpNFW0z0albGOP\nLDUOqrddigRsnAuygKTtI+BeJxyxlybIRfDY828W0syyamDVePlRkBUx/UW7sGjM\nh95CWHbl0Lj8773i8/Fo7dBM5kA/VyTA533PN7l3n+OIZSVDtAsEglBFM3FNMffY\ncqFVW5ndqIiCy9t6ybuSEiIGW/IBWfhYJfwcc/5HPec5evviSc9fzZGaiAaQrnuq\nMgLI5V3xUW7ZvTYilSNfOEvLuRH24p5AgG4LUTPx0MjdRhiLQ38NITW6+rXPoN6o\nlQ4Wh/zpXdk2DysBBl28Ut9GJr0b7tLVHeNpbVcqa6kEbTETbBPv8YsA6bNHSjUX\n+h/Ry7RhicZSDYhp3lOZhjiO9VqEKw13ooiWrDbalMSzP1TBCKUHGW6SL5dqzu5H\nzZaaDaBZoK+EfySJjq7FBImkkBBhaSJYMS/HfN3DAOn1NpxD/EZnEfgQ84bkrowd\nClgNpWa30z4Tk0ckfRhZ9xVApRgEqnuKQ2xQ90Wktko0qzveMnuGeSgJhEAuqCZ6\n2FIaTyXYFqW/qDQyxD9ZHvHAnVhL0wSssrF67XyIo3wnEAdH7/pAwHIe2rkCAwEA\nAQKCAgBPzppuDisL84TZy9VlzVZlcP1iatbCVlrf3cnCk7pstUhtPse9HiG9AXXi\nDs7Y6iyNIg6Gdc7iQQYA1cUNCTOGsGYQQdMTuhnTOynV16+KpTyC1ikJvgXeaQ+N\ndU7AU2zoonS4xmjU2F0FUI+Kav9pOLGAshZyf28p3Qf0RikxzGblIUkHkyTSbZdY\nKcE++Y9mNHP04SfvY0HgDwZyr1kQa8IsekUfLxM7LTemRyvzyOURERIn6OCuj0hJ\newntRRBDCCRQ0fswglzRxvxQRAGJLqLbtPMmxceA34xZhbdKUmnfKMRJZYXq+U44\n9+1ABxw01Frymv8YcV9fU6BzfH1vb0UGkZptFPJq/VJQVScSnvuIs16VnYdPddbA\nZVAIF/5AIhtxclTG5LUE2ORluccifFnNAgJziH2qhp2UYeJOfztWDS3kEjRPx1Kq\n+0c9NPjzTcuLp1GXT39Erby/kIIM/lmJetQLK6cx6CCcCG0Lv2NjkP+lxYtE+HpA\nEbMpqqrjGObbF2e5bGtajdaAG5fBkl2RVoiZD7TZbSi536DJyE3WtpL7i1Fyt6/U\njhp5TnzC4J4KmI2eC/oouIfZ+9LNaYqX1c5gRHwdzT4kqDhPoDMRuqVSOQGSUnTF\nFpYCTSrgmLkD2k5kSKsRKOUGOV12t9tIxjaWp9gzgWgQU/s7AQKCAQEA/AR+FLGk\nNFWla438O/c6+zzSt+X3fEV1luBbn8tprvHtHx6wtSBSn0O+3g4t42ew97EdbKgr\nq+HBysyfQ/qnjPv5iq9Pl7l8qPRqmjpN3cyp4O1RIQdQBem0NUIZB5R/dyVp319G\nU+tY0K1US3xgASA3wPWgxnLEEuahzVYvy2MdBDitL8J4EEu8sHINDFg81nsgRPpJ\n4Jk3rMJKyL8MIzmyj9pUDcpva/cbP3ng4loDH/qYPwXUpCBz3xlI8zbnryl9VuDe\n+ZcnP25LDdYHQInL0goLpWA0qumX/Ar9E5pr/0HnEEj2Pcvakk6KoC1eHU4Njezo\nv1lxdtq4idV6PQKCAQEA8X+YEo2UTrYVa/bi+vtTrEJJC06FCfCSVrIs590trSMc\nl3nYXpQghuYKL4DDVm6CbgoL0U/nR+0de3+5zP9dgBsIU/mARGnVVSAzrRdHEJHw\nCmycBGKckTjbOz3CsZVJmjWKuoj29XM5nKcsXOHRTeBuuXp/atvC5kRZyZE59mu6\nyqRP7I/Kr8jis/s0IC2PmLLjk10MGeY9aKcd2S4MJcRRBOX4CDP3gJZ/yqq9Ri++\nVFXuTmhaHZgCopQjNEB+OOzHAKj/nJ4mfpvJ3MvhQGdl8d5PlHqreA5uJZLdu1hS\n/tCx+jQVzK71y0pudor/w467hZmzfn8GgBlNxYW2LQKCAQAR3KunAdQ2lV9tGRoo\nkeRPTEdPG3CIEVA9SleUItGxwZnh28YAgHL6sM2FZZHhDUdgtt/0BJNb0ltu6UPc\niJZ5ip5sMvK8OTxZqUEo/zrnnorn00otwhvs31yTbcTiYacLJc60M0eDySl5WN+h\nngYb7lGlToN/rUCyakBLknE+xB6ZXv7/ZJQn64ZLJzo/hr2BIibuXKMB1To592df\nhRLyKDO8uGe+tnthNplqzVOgF2sjSBqkVOB2ZYpw5JTkEB8prhIhJz0Gia0RdNrC\n90l6TInysB2VMhVpi7bm+UxoqEhBRkV/RPyW8qziM8jlg3GpOBAD4Ce68Db3ipcL\nxeKtAoIBAQCo9BVWVYq+jpDqGa2u3YoqZ61mpaZZz97xnHHiPVEpYfks2GfRs1wW\nRHY3yaPfoizKA2lFJNuv7GnF7xP0IWwupbrr1RAxzMEdbwv4OuLS6ua+xEFaqArV\nZquqBIljaAg4ROEro4rzKYvS1vooeSvPigas6NCf1+PA6WzPojSk+7WQ8+eenvK0\njJxeQo6zPGzL7ctdW6mNrRClWNV/DcId4fy0qpceVgz//0qkZVNJ+Tj1E7FHVaZG\nMgUV7QG8Gqqz9KM9CP7beaGAzkkpmdGbFzuxPVD7ld7EfYP98YQC/8YA08zQOQRP\nUNBRS1+Au7o3/HGhBGkZRJEtqYZJfER5AoIBAQDfg8vrZ3oDpdBJxR+ZqBEH47Ce\ncA+qwby4wRZJ++5Qafat9gJzyBp0BGxgNvYxhsr93/rAqUKjwheKJTWaG1K9SfPm\na+fY+YCpsv/5xG4J71+7PgqUWCkT4dWjIinltdO5I/44yItruWZbwdA9dO0zOoLj\nzCFcX+s68pVBIuQ4wUzHi9xUEfgvNO3uyLbnPCPreXPVHrTpxMJiAsYWwQow68ki\nGAEAsWpGFjZ120M/1GxgC8kj4c+fbSs+Ixix7bRxu6K0MHwVhH585oF1HV7H5MKp\nRSMwZUPede1KGAAiW1sqXjnkl5CDNSBt33WUyHi2ozISyNAFwo7h1oyPIIE4\n-----END RSA PRIVATE KEY-----\n",
            "private_key_pem_pkcs8": "-----BEGIN PRIVATE KEY-----\nMIIJQwIBADANBgkqhkiG9w0BAQEFAASCCS0wggkpAgEAAoICAQDtvdag9g1WL3xW\nlR9MLiD8jGn6I0uOlOm7BwAwwBrQtNegwj7huH4suIowFukwgyK3ACK6msd+mkEv\nbVtyquvkHk9SMq4lBHCb5Gk0VbTPRqVsY48sNQ6qt12KBGycC7KApO0j4F4nHLGX\nJshF8NjzbxbSzLJqYNV4+VGQFTH9RbuwaMyH3kJYduXQuPzvveLz8Wjt0EzmQD9X\nJMDnfc83uXef44hlJUO0CwSCUEUzcU0x99hyoVVbmd2oiILL23rJu5ISIgZb8gFZ\n+Fgl/Bxz/kc95zl6++JJz1/NkZqIBpCue6oyAsjlXfFRbtm9NiKVI184S8u5Efbi\nnkCAbgtRM/HQyN1GGItDfw0hNbr6tc+g3qiVDhaH/Old2TYPKwEGXbxS30YmvRvu\n0tUd42ltVyprqQRtMRNsE+/xiwDps0dKNRf6H9HLtGGJxlINiGneU5mGOI71WoQr\nDXeiiJasNtqUxLM/VMEIpQcZbpIvl2rO7kfNlpoNoFmgr4R/JImOrsUEiaSQEGFp\nIlgxL8d83cMA6fU2nEP8RmcR+BDzhuSujB0KWA2lZrfTPhOTRyR9GFn3FUClGASq\ne4pDbFD3RaS2SjSrO94ye4Z5KAmEQC6oJnrYUhpPJdgWpb+oNDLEP1ke8cCdWEvT\nBKyysXrtfIijfCcQB0fv+kDAch7auQIDAQABAoICAE/Omm4OKwvzhNnL1WXNVmVw\n/WJq1sJWWt/dycKTumy1SG0+x70eIb0BdeIOztjqLI0iDoZ1zuJBBgDVxQ0JM4aw\nZhBB0xO6GdM7KdXXr4qlPILWKQm+Bd5pD411TsBTbOiidLjGaNTYXQVQj4pq/2k4\nsYCyFnJ/byndB/RGKTHMZuUhSQeTJNJtl1gpwT75j2Y0c/ThJ+9jQeAPBnKvWRBr\nwix6RR8vEzstN6ZHK/PI5REREifo4K6PSEl7Ce1FEEMIJFDR+zCCXNHG/FBEAYku\notu08ybFx4DfjFmFt0pSad8oxEllher5Tjj37UAHHDTUWvKa/xhxX19ToHN8fW9v\nRQaRmm0U8mr9UlBVJxKe+4izXpWdh0911sBlUAgX/kAiG3FyVMbktQTY5GW5xyJ8\nWc0CAnOIfaqGnZRh4k5/O1YNLeQSNE/HUqr7Rz00+PNNy4unUZdPf0StvL+Qggz+\nWYl61AsrpzHoIJwIbQu/Y2OQ/6XFi0T4ekARsymqquMY5tsXZ7lsa1qN1oAbl8GS\nXZFWiJkPtNltKLnfoMnITda2kvuLUXK3r9SOGnlOfMLgngqYjZ4L+ii4h9n70s1p\nipfVzmBEfB3NPiSoOE+gMxG6pVI5AZJSdMUWlgJNKuCYuQPaTmRIqxEo5QY5XXa3\n20jGNpan2DOBaBBT+zsBAoIBAQD8BH4UsaQ0VaVrjfw79zr7PNK35fd8RXWW4Fuf\ny2mu8e0fHrC1IFKfQ77eDi3jZ7D3sR1sqCur4cHKzJ9D+qeM+/mKr0+XuXyo9Gqa\nOk3dzKng7VEhB1AF6bQ1QhkHlH93JWnfX0ZT61jQrVRLfGABIDfA9aDGcsQS5qHN\nVi/LYx0EOK0vwngQS7ywcg0MWDzWeyBE+kngmTeswkrIvwwjObKP2lQNym9r9xs/\neeDiWgMf+pg/BdSkIHPfGUjzNuevKX1W4N75lyc/bksN1gdAicvSCgulYDSq6Zf8\nCv0Tmmv/QecQSPY9y9qSToqgLV4dTg2N7Oi/WXF22riJ1Xo9AoIBAQDxf5gSjZRO\nthVr9uL6+1OsQkkLToUJ8JJWsizn3S2tIxyXedhelCCG5govgMNWboJuCgvRT+dH\n7R17f7nM/12AGwhT+YBEadVVIDOtF0cQkfAKbJwEYpyRONs7PcKxlUmaNYq6iPb1\nczmcpyxc4dFN4G65en9q28LmRFnJkTn2a7rKpE/sj8qvyOKz+zQgLY+YsuOTXQwZ\n5j1opx3ZLgwlxFEE5fgIM/eAln/Kqr1GL75UVe5OaFodmAKilCM0QH447McAqP+c\nniZ+m8ncy+FAZ2Xx3k+Ueqt4Dm4lkt27WFL+0LH6NBXMrvXLSm52iv/DjruFmbN+\nfwaAGU3FhbYtAoIBABHcq6cB1DaVX20ZGiiR5E9MR08bcIgRUD1KV5Qi0bHBmeHb\nxgCAcvqwzYVlkeENR2C23/QEk1vSW27pQ9yIlnmKnmwy8rw5PFmpQSj/OueeiufT\nSi3CG+zfXJNtxOJhpwslzrQzR4PJKXlY36GeBhvuUaVOg3+tQLJqQEuScT7EHple\n/v9klCfrhksnOj+GvYEiJu5cowHVOjn3Z1+FEvIoM7y4Z762e2E2mWrNU6AXayNI\nGqRU4HZlinDklOQQHymuEiEnPQaJrRF02sL3SXpMifKwHZUyFWmLtub5TGioSEFG\nRX9E/JbyrOIzyOWDcak4EAPgJ7rwNveKlwvF4q0CggEBAKj0FVZVir6OkOoZra7d\niipnrWalplnP3vGcceI9USlh+SzYZ9GzXBZEdjfJo9+iLMoDaUUk26/sacXvE/Qh\nbC6luuvVEDHMwR1vC/g64tLq5r7EQVqoCtVmq6oEiWNoCDhE4SujivMpi9LW+ih5\nK8+KBqzo0J/X48DpbM+iNKT7tZDz556e8rSMnF5CjrM8bMvty11bqY2tEKVY1X8N\nwh3h/LSqlx5WDP//SqRlU0n5OPUTsUdVpkYyBRXtAbwaqrP0oz0I/tt5oYDOSSmZ\n0ZsXO7E9UPuV3sR9g/3xhAL/xgDTzNA5BE9Q0FFLX4C7ujf8caEEaRlEkS2phkl8\nRHkCggEBAN+Dy+tnegOl0EnFH5moEQfjsJ5wD6rBvLjBFkn77lBp9q32AnPIGnQE\nbGA29jGGyv3f+sCpQqPCF4olNZobUr1J8+Zr59j5gKmy//nEbgnvX7s+CpRYKRPh\n1aMiKeW107kj/jjIi2u5ZlvB0D107TM6guPMIVxf6zrylUEi5DjBTMeL3FQR+C80\n7e7Ituc8I+t5c9UetOnEwmICxhbBCjDrySIYAQCxakYWNnXbQz/UbGALySPhz59t\nKz4jGLHttHG7orQwfBWEfnzmgXUdXsfkwqlFIzBlQ9517UoYACJbWypeOeSXkIM1\nIG3fdZTIeLajMhLI0AXCjuHWjI8ggTg=\n-----END PRIVATE KEY-----\n",
            "public_key_fingerprint_md5": "3a:06:f2:28:32:ac:04:77:c3:d4:0a:07:94:93:8d:4f",
            "public_key_fingerprint_sha256": "SHA256:deHk4Y/6Eu165XOPgjXrDcv9mqx5yKAK3IwcifetGvc",
            "public_key_openssh": "ssh-rsa AAAAB3NzaC1yc2EAAAADAQABAAACAQDtvdag9g1WL3xWlR9MLiD8jGn6I0uOlOm7BwAwwBrQtNegwj7huH4suIowFukwgyK3ACK6msd+mkEvbVtyquvkHk9SMq4lBHCb5Gk0VbTPRqVsY48sNQ6qt12KBGycC7KApO0j4F4nHLGXJshF8NjzbxbSzLJqYNV4+VGQFTH9RbuwaMyH3kJYduXQuPzvveLz8Wjt0EzmQD9XJMDnfc83uXef44hlJUO0CwSCUEUzcU0x99hyoVVbmd2oiILL23rJu5ISIgZb8gFZ+Fgl/Bxz/kc95zl6++JJz1/NkZqIBpCue6oyAsjlXfFRbtm9NiKVI184S8u5EfbinkCAbgtRM/HQyN1GGItDfw0hNbr6tc+g3qiVDhaH/Old2TYPKwEGXbxS30YmvRvu0tUd42ltVyprqQRtMRNsE+/xiwDps0dKNRf6H9HLtGGJxlINiGneU5mGOI71WoQrDXeiiJasNtqUxLM/VMEIpQcZbpIvl2rO7kfNlpoNoFmgr4R/JImOrsUEiaSQEGFpIlgxL8d83cMA6fU2nEP8RmcR+BDzhuSujB0KWA2lZrfTPhOTRyR9GFn3FUClGASqe4pDbFD3RaS2SjSrO94ye4Z5KAmEQC6oJnrYUhpPJdgWpb+oNDLEP1ke8cCdWEvTBKyysXrtfIijfCcQB0fv+kDAch7auQ==\n",
            "public_key_pem": "-----BEGIN PUBLIC KEY-----\nMIICIjANBgkqhkiG9w0BAQEFAAOCAg8AMIICCgKCAgEA7b3WoPYNVi98VpUfTC4g\n/Ixp+iNLjpTpuwcAMMAa0LTXoMI+4bh+LLiKMBbpMIMitwAiuprHfppBL21bcqrr\n5B5PUjKuJQRwm+RpNFW0z0albGOPLDUOqrddigRsnAuygKTtI+BeJxyxlybIRfDY\n828W0syyamDVePlRkBUx/UW7sGjMh95CWHbl0Lj8773i8/Fo7dBM5kA/VyTA533P\nN7l3n+OIZSVDtAsEglBFM3FNMffYcqFVW5ndqIiCy9t6ybuSEiIGW/IBWfhYJfwc\nc/5HPec5evviSc9fzZGaiAaQrnuqMgLI5V3xUW7ZvTYilSNfOEvLuRH24p5AgG4L\nUTPx0MjdRhiLQ38NITW6+rXPoN6olQ4Wh/zpXdk2DysBBl28Ut9GJr0b7tLVHeNp\nbVcqa6kEbTETbBPv8YsA6bNHSjUX+h/Ry7RhicZSDYhp3lOZhjiO9VqEKw13ooiW\nrDbalMSzP1TBCKUHGW6SL5dqzu5HzZaaDaBZoK+EfySJjq7FBImkkBBhaSJYMS/H\nfN3DAOn1NpxD/EZnEfgQ84bkrowdClgNpWa30z4Tk0ckfRhZ9xVApRgEqnuKQ2xQ\n90Wktko0qzveMnuGeSgJhEAuqCZ62FIaTyXYFqW/qDQyxD9ZHvHAnVhL0wSssrF6\n7XyIo3wnEAdH7/pAwHIe2rkCAwEAAQ==\n-----END PUBLIC KEY-----\n",
            "rsa_bits": 4096
          },
          "sensitive_attributes": []
        }
      ]
    }
  ],
  "check_results": [
    {
      "object_kind": "resource",
      "config_addr": "aws_instance.nfs-server",
      "status": "pass",
      "objects": [
        {
          "object_addr": "aws_instance.nfs-server",
          "status": "pass"
        }
      ]
    }
  ]
}
